// !$*UTF8*$!
{
	archiveVersion = 1;
	classes = {
	};
	objectVersion = 46;
	objects = {

/* Begin PBXBuildFile section */
		0864CA3075E243A6AE9D49E8 /* RobotoCondensed-Light.ttf in Resources */ = {isa = PBXBuildFile; fileRef = A3834C301FD94620BC989186 /* RobotoCondensed-Light.ttf */; };
		08F8165D0DAE48058C830B5B /* Roboto-Black.ttf in Resources */ = {isa = PBXBuildFile; fileRef = 0AB2670E234746E28746B279 /* Roboto-Black.ttf */; };
		0AAC8DEE90A5423EB799817D /* Roboto-Thin.ttf in Resources */ = {isa = PBXBuildFile; fileRef = D87EF319C24D44798AABB90D /* Roboto-Thin.ttf */; };
		13B07FBC1A68108700A75B9A /* AppDelegate.m in Sources */ = {isa = PBXBuildFile; fileRef = 13B07FB01A68108700A75B9A /* AppDelegate.m */; };
		13B07FBD1A68108700A75B9A /* LaunchScreen.xib in Resources */ = {isa = PBXBuildFile; fileRef = 13B07FB11A68108700A75B9A /* LaunchScreen.xib */; };
		13B07FBF1A68108700A75B9A /* Images.xcassets in Resources */ = {isa = PBXBuildFile; fileRef = 13B07FB51A68108700A75B9A /* Images.xcassets */; };
		13B07FC11A68108700A75B9A /* main.m in Sources */ = {isa = PBXBuildFile; fileRef = 13B07FB71A68108700A75B9A /* main.m */; };
		167D49B65D2F4D3B93D91F4A /* OpenSans-SemiBoldItalic.ttf in Resources */ = {isa = PBXBuildFile; fileRef = C34B70A289F24B6BAC695B49 /* OpenSans-SemiBoldItalic.ttf */; };
		179814D6AC094669B77184DA /* OpenSans-Italic.ttf in Resources */ = {isa = PBXBuildFile; fileRef = B78A854349D8450F91C06398 /* OpenSans-Italic.ttf */; };
		1C58693934054FE8A34558E4 /* OpenSans-ExtraBold.ttf in Resources */ = {isa = PBXBuildFile; fileRef = C9DED45BC0EF41D387769A51 /* OpenSans-ExtraBold.ttf */; };
		20FE254E44DA4CADADA964DE /* Roboto-LightItalic.ttf in Resources */ = {isa = PBXBuildFile; fileRef = 8E80503F34D846A19EDD41DB /* Roboto-LightItalic.ttf */; };
		22ED34583B234A308FC1D13D /* Roboto-ThinItalic.ttf in Resources */ = {isa = PBXBuildFile; fileRef = 93BBFDF95D68416A9CBC26B1 /* Roboto-ThinItalic.ttf */; };
		2F4D781FBC4846C9A36B4B16 /* RobotoCondensed-LightItalic.ttf in Resources */ = {isa = PBXBuildFile; fileRef = 2415834FC8C1428E9A7CC3C7 /* RobotoCondensed-LightItalic.ttf */; };
		3EAC2AF9862147C3AF83FF60 /* FontAwesome5_Solid.ttf in Resources */ = {isa = PBXBuildFile; fileRef = BD55B09F36A94FF7AFDE363A /* FontAwesome5_Solid.ttf */; };
		4350D4AE253475E30076F8C6 /* main.jsbundle in Resources */ = {isa = PBXBuildFile; fileRef = 4350D4AD253475E30076F8C6 /* main.jsbundle */; };
		43A49CF72511F2F400AB8390 /* GoogleService-Info.plist in Resources */ = {isa = PBXBuildFile; fileRef = 43A49CF62511F2F400AB8390 /* GoogleService-Info.plist */; };
		43A49CFA25120A3F00AB8390 /* dummy.swift in Sources */ = {isa = PBXBuildFile; fileRef = 43A49CF825120A3F00AB8390 /* dummy.swift */; };
		4595806BD6114DBB83320A18 /* Lora-Regular.ttf in Resources */ = {isa = PBXBuildFile; fileRef = E857FCCEB572482F8392C097 /* Lora-Regular.ttf */; };
		4CB3985B290A4601B542F12F /* Roboto-Italic.ttf in Resources */ = {isa = PBXBuildFile; fileRef = 4CCE343CF4744A02A2B52AAA /* Roboto-Italic.ttf */; };
		4FEE23B3237C7E3900907E72 /* libRNGestureHandler.a in Frameworks */ = {isa = PBXBuildFile; fileRef = 4FEE23B2237C7E3900907E72 /* libRNGestureHandler.a */; };
		53DE15A7EB7E4755AFA07F27 /* OpenSans-ExtraBoldItalic.ttf in Resources */ = {isa = PBXBuildFile; fileRef = FB21BFC129B94865ACBADC59 /* OpenSans-ExtraBoldItalic.ttf */; };
		54FDCF360713473293A4FC95 /* Feather.ttf in Resources */ = {isa = PBXBuildFile; fileRef = 154104835EF845BFBA0732A8 /* Feather.ttf */; };
		5661E144C1564F78BFF93DCE /* Roboto-BoldItalic.ttf in Resources */ = {isa = PBXBuildFile; fileRef = AEFDA6AD1E7A4633B2F0D1F3 /* Roboto-BoldItalic.ttf */; };
		581AA0D6665B47CEB16827FE /* RobotoCondensed-Bold.ttf in Resources */ = {isa = PBXBuildFile; fileRef = 13AA164F2B1B46B6B0CB3F92 /* RobotoCondensed-Bold.ttf */; };
		5F91219C85464895A5F79BD7 /* FontAwesome5_Brands.ttf in Resources */ = {isa = PBXBuildFile; fileRef = 1C30FF5BB0AD44FF9C68A287 /* FontAwesome5_Brands.ttf */; };
		67B6F348D0B546B981C908A9 /* OpenSans.ttf in Resources */ = {isa = PBXBuildFile; fileRef = D024D874DD3E4DD5A4B41118 /* OpenSans.ttf */; };
		69F786BFB78E492FB72D8FDC /* FontAwesome5_Regular.ttf in Resources */ = {isa = PBXBuildFile; fileRef = FCB21802508841EB9A26310C /* FontAwesome5_Regular.ttf */; };
		6B186C34BADD47CBABDFE702 /* Octicons.ttf in Resources */ = {isa = PBXBuildFile; fileRef = BBF726C70479488DA3ABEBD5 /* Octicons.ttf */; };
		7343BE61B448434DA2776641 /* Fontisto.ttf in Resources */ = {isa = PBXBuildFile; fileRef = 44E86350A41047AEBA733003 /* Fontisto.ttf */; };
		74E2BFDF368A4DCEA1EDA732 /* RobotoCondensed-Regular.ttf in Resources */ = {isa = PBXBuildFile; fileRef = A928D11C46A7415D961E7116 /* RobotoCondensed-Regular.ttf */; };
		81B997AF80834A659C0EAE34 /* RobotoCondensed-Italic.ttf in Resources */ = {isa = PBXBuildFile; fileRef = F5CCAB154F16467291C34570 /* RobotoCondensed-Italic.ttf */; };
		836C62D1D47E1A33EF91D945 /* libPods-Pianote2.a in Frameworks */ = {isa = PBXBuildFile; fileRef = 500FBE5186E3D783C0C15DB4 /* libPods-Pianote2.a */; };
		8A335AE1BF6A49739BB5DEFD /* Roboto-BlackItalic.ttf in Resources */ = {isa = PBXBuildFile; fileRef = 8ED42B08560D46F19E74083D /* Roboto-BlackItalic.ttf */; };
		90C2A9C91F1641188E8B4E03 /* SimpleLineIcons.ttf in Resources */ = {isa = PBXBuildFile; fileRef = DD33DBC344A5443396BD3DD1 /* SimpleLineIcons.ttf */; };
		955492BA6C654DC39B5D779B /* MaterialIcons.ttf in Resources */ = {isa = PBXBuildFile; fileRef = 148E52C355294FEB8BAF0A8E /* MaterialIcons.ttf */; };
		9DB1E9AED7614E6EA7B1A467 /* Ionicons.ttf in Resources */ = {isa = PBXBuildFile; fileRef = 530C09C0BB6B4075855629C3 /* Ionicons.ttf */; };
		9DDA6247FF0F4CC5B7745EF7 /* Entypo.ttf in Resources */ = {isa = PBXBuildFile; fileRef = E1DFEDBD5C2D4F63AC874EA9 /* Entypo.ttf */; };
		A3BE181A58694E2AA970454E /* Roboto-Light.ttf in Resources */ = {isa = PBXBuildFile; fileRef = EC98BF0B61534D348170E0A1 /* Roboto-Light.ttf */; };
		A6CDD836B7F8493D90CC455E /* OpenSans-BoldItalic.ttf in Resources */ = {isa = PBXBuildFile; fileRef = 2A9F1D6A2C4B44768407A7B7 /* OpenSans-BoldItalic.ttf */; };
		B55FCB7EB1374C07AE834358 /* EvilIcons.ttf in Resources */ = {isa = PBXBuildFile; fileRef = 69AACCFAE2714B26B81C3CA8 /* EvilIcons.ttf */; };
		C1BE667C7590472C9A74772A /* Roboto-Bold.ttf in Resources */ = {isa = PBXBuildFile; fileRef = 6AA3ED5AEAC443CAAE3F4C50 /* Roboto-Bold.ttf */; };
		C9E92E4423124F5BAC3E31F4 /* Zocial.ttf in Resources */ = {isa = PBXBuildFile; fileRef = 2DE01D1032D5497C800BA3AA /* Zocial.ttf */; };
		D11026D5A1C14D62BD436FC8 /* OpenSans-Light.ttf in Resources */ = {isa = PBXBuildFile; fileRef = A1E2D6D1103141199E2214E5 /* OpenSans-Light.ttf */; };
		D6152BA2748741D085B9C880 /* RobotoCondensed-BoldItalic.ttf in Resources */ = {isa = PBXBuildFile; fileRef = B40EF9AA16F64988BC9EA649 /* RobotoCondensed-BoldItalic.ttf */; };
		D68E286ECF1A4219825B03D9 /* OpenSans-LightItalic.ttf in Resources */ = {isa = PBXBuildFile; fileRef = B343D3AD42E54272B0B71068 /* OpenSans-LightItalic.ttf */; };
		D8FDFACB04C84A67BB06F5C6 /* Roboto-Medium.ttf in Resources */ = {isa = PBXBuildFile; fileRef = 805AE7AC8FCE4E93A889154A /* Roboto-Medium.ttf */; };
		E05A2A8EBD8A42FDA0AADFAF /* OpenSans-Bold.ttf in Resources */ = {isa = PBXBuildFile; fileRef = 6F4E97714069435A9101C91B /* OpenSans-Bold.ttf */; };
		E78D5EECD3004215822F2273 /* MaterialCommunityIcons.ttf in Resources */ = {isa = PBXBuildFile; fileRef = 0072DB25718B4F8AA19F28D2 /* MaterialCommunityIcons.ttf */; };
		EA0346BEE3AC4D35B6F2CD69 /* Foundation.ttf in Resources */ = {isa = PBXBuildFile; fileRef = 1F8389D5250C431A9C83BC70 /* Foundation.ttf */; };
		EA60F0E71396495BB96CCAD0 /* AntDesign.ttf in Resources */ = {isa = PBXBuildFile; fileRef = 72130A6358C64206AA9A99F4 /* AntDesign.ttf */; };
		F69829196EA34B079F1FDC0F /* OpenSans-SemiBold.ttf in Resources */ = {isa = PBXBuildFile; fileRef = 46092E60509149A6A53B2CEE /* OpenSans-SemiBold.ttf */; };
		F918CED7851349C0BB5CF7A0 /* Roboto-MediumItalic.ttf in Resources */ = {isa = PBXBuildFile; fileRef = 581FE1EDBEC345779FBA7B60 /* Roboto-MediumItalic.ttf */; };
		F93DD3EE40ED4105AC51D651 /* NanumPen.ttf in Resources */ = {isa = PBXBuildFile; fileRef = B368377FBA9044718795A68E /* NanumPen.ttf */; };
		FD10BF3AF2CE42B28999466E /* Roboto-Regular.ttf in Resources */ = {isa = PBXBuildFile; fileRef = 57C0C9CC9F5344B5A17616DB /* Roboto-Regular.ttf */; };
/* End PBXBuildFile section */

/* Begin PBXFileReference section */
		00095D5D0B2707A7A4790318 /* Pods-Pianote2.debug.xcconfig */ = {isa = PBXFileReference; includeInIndex = 1; lastKnownFileType = text.xcconfig; name = "Pods-Pianote2.debug.xcconfig"; path = "Target Support Files/Pods-Pianote2/Pods-Pianote2.debug.xcconfig"; sourceTree = "<group>"; };
		0072DB25718B4F8AA19F28D2 /* MaterialCommunityIcons.ttf */ = {isa = PBXFileReference; explicitFileType = undefined; fileEncoding = 9; includeInIndex = 0; lastKnownFileType = unknown; name = MaterialCommunityIcons.ttf; path = ../assets/fonts/MaterialCommunityIcons.ttf; sourceTree = "<group>"; };
		0723447D40C06FCD525FDC6E /* Pods-Pianote2.release.xcconfig */ = {isa = PBXFileReference; includeInIndex = 1; lastKnownFileType = text.xcconfig; name = "Pods-Pianote2.release.xcconfig"; path = "Target Support Files/Pods-Pianote2/Pods-Pianote2.release.xcconfig"; sourceTree = "<group>"; };
		0AB2670E234746E28746B279 /* Roboto-Black.ttf */ = {isa = PBXFileReference; explicitFileType = undefined; fileEncoding = 9; includeInIndex = 0; lastKnownFileType = unknown; name = "Roboto-Black.ttf"; path = "../assets/fonts/Roboto-Black.ttf"; sourceTree = "<group>"; };
		13AA164F2B1B46B6B0CB3F92 /* RobotoCondensed-Bold.ttf */ = {isa = PBXFileReference; explicitFileType = undefined; fileEncoding = 9; includeInIndex = 0; lastKnownFileType = unknown; name = "RobotoCondensed-Bold.ttf"; path = "../assets/fonts/RobotoCondensed-Bold.ttf"; sourceTree = "<group>"; };
		13B07F961A680F5B00A75B9A /* Pianote.app */ = {isa = PBXFileReference; explicitFileType = wrapper.application; includeInIndex = 0; path = Pianote.app; sourceTree = BUILT_PRODUCTS_DIR; };
		13B07FAF1A68108700A75B9A /* AppDelegate.h */ = {isa = PBXFileReference; fileEncoding = 4; lastKnownFileType = sourcecode.c.h; name = AppDelegate.h; path = Pianote2/AppDelegate.h; sourceTree = "<group>"; };
		13B07FB01A68108700A75B9A /* AppDelegate.m */ = {isa = PBXFileReference; fileEncoding = 4; lastKnownFileType = sourcecode.c.objc; name = AppDelegate.m; path = Pianote2/AppDelegate.m; sourceTree = "<group>"; };
		13B07FB21A68108700A75B9A /* Base */ = {isa = PBXFileReference; lastKnownFileType = file.xib; name = Base; path = Base.lproj/LaunchScreen.xib; sourceTree = "<group>"; };
		13B07FB51A68108700A75B9A /* Images.xcassets */ = {isa = PBXFileReference; lastKnownFileType = folder.assetcatalog; name = Images.xcassets; path = Pianote2/Images.xcassets; sourceTree = "<group>"; };
		13B07FB61A68108700A75B9A /* Info.plist */ = {isa = PBXFileReference; fileEncoding = 4; lastKnownFileType = text.plist.xml; name = Info.plist; path = Pianote2/Info.plist; sourceTree = "<group>"; };
		13B07FB71A68108700A75B9A /* main.m */ = {isa = PBXFileReference; fileEncoding = 4; lastKnownFileType = sourcecode.c.objc; name = main.m; path = Pianote2/main.m; sourceTree = "<group>"; };
		148E52C355294FEB8BAF0A8E /* MaterialIcons.ttf */ = {isa = PBXFileReference; explicitFileType = undefined; fileEncoding = 9; includeInIndex = 0; lastKnownFileType = unknown; name = MaterialIcons.ttf; path = ../assets/fonts/MaterialIcons.ttf; sourceTree = "<group>"; };
		154104835EF845BFBA0732A8 /* Feather.ttf */ = {isa = PBXFileReference; explicitFileType = undefined; fileEncoding = 9; includeInIndex = 0; lastKnownFileType = unknown; name = Feather.ttf; path = ../assets/fonts/Feather.ttf; sourceTree = "<group>"; };
		1C30FF5BB0AD44FF9C68A287 /* FontAwesome5_Brands.ttf */ = {isa = PBXFileReference; explicitFileType = undefined; fileEncoding = 9; includeInIndex = 0; lastKnownFileType = unknown; name = FontAwesome5_Brands.ttf; path = ../assets/fonts/FontAwesome5_Brands.ttf; sourceTree = "<group>"; };
		1F8389D5250C431A9C83BC70 /* Foundation.ttf */ = {isa = PBXFileReference; explicitFileType = undefined; fileEncoding = 9; includeInIndex = 0; lastKnownFileType = unknown; name = Foundation.ttf; path = ../assets/fonts/Foundation.ttf; sourceTree = "<group>"; };
		2415834FC8C1428E9A7CC3C7 /* RobotoCondensed-LightItalic.ttf */ = {isa = PBXFileReference; explicitFileType = undefined; fileEncoding = 9; includeInIndex = 0; lastKnownFileType = unknown; name = "RobotoCondensed-LightItalic.ttf"; path = "../assets/fonts/RobotoCondensed-LightItalic.ttf"; sourceTree = "<group>"; };
		2A9F1D6A2C4B44768407A7B7 /* OpenSans-BoldItalic.ttf */ = {isa = PBXFileReference; explicitFileType = undefined; fileEncoding = 9; includeInIndex = 0; lastKnownFileType = unknown; name = "OpenSans-BoldItalic.ttf"; path = "../assets/fonts/OpenSans-BoldItalic.ttf"; sourceTree = "<group>"; };
		2DE01D1032D5497C800BA3AA /* Zocial.ttf */ = {isa = PBXFileReference; explicitFileType = undefined; fileEncoding = 9; includeInIndex = 0; lastKnownFileType = unknown; name = Zocial.ttf; path = ../assets/fonts/Zocial.ttf; sourceTree = "<group>"; };
		4350D4AD253475E30076F8C6 /* main.jsbundle */ = {isa = PBXFileReference; fileEncoding = 4; lastKnownFileType = text; path = main.jsbundle; sourceTree = "<group>"; };
		43A49CF62511F2F400AB8390 /* GoogleService-Info.plist */ = {isa = PBXFileReference; fileEncoding = 4; lastKnownFileType = text.plist.xml; path = "GoogleService-Info.plist"; sourceTree = "<group>"; };
		43A49CF825120A3F00AB8390 /* dummy.swift */ = {isa = PBXFileReference; fileEncoding = 4; lastKnownFileType = sourcecode.swift; path = dummy.swift; sourceTree = "<group>"; };
		43A49CF925120A3F00AB8390 /* Pianote2-Bridging-Header.h */ = {isa = PBXFileReference; fileEncoding = 4; lastKnownFileType = sourcecode.c.h; path = "Pianote2-Bridging-Header.h"; sourceTree = "<group>"; };
		44E86350A41047AEBA733003 /* Fontisto.ttf */ = {isa = PBXFileReference; explicitFileType = undefined; fileEncoding = 9; includeInIndex = 0; lastKnownFileType = unknown; name = Fontisto.ttf; path = ../assets/fonts/Fontisto.ttf; sourceTree = "<group>"; };
		46092E60509149A6A53B2CEE /* OpenSans-SemiBold.ttf */ = {isa = PBXFileReference; explicitFileType = undefined; fileEncoding = 9; includeInIndex = 0; lastKnownFileType = unknown; name = "OpenSans-SemiBold.ttf"; path = "../assets/fonts/OpenSans-SemiBold.ttf"; sourceTree = "<group>"; };
		4CCE343CF4744A02A2B52AAA /* Roboto-Italic.ttf */ = {isa = PBXFileReference; explicitFileType = undefined; fileEncoding = 9; includeInIndex = 0; lastKnownFileType = unknown; name = "Roboto-Italic.ttf"; path = "../assets/fonts/Roboto-Italic.ttf"; sourceTree = "<group>"; };
		4FEE23B2237C7E3900907E72 /* libRNGestureHandler.a */ = {isa = PBXFileReference; explicitFileType = archive.ar; path = libRNGestureHandler.a; sourceTree = BUILT_PRODUCTS_DIR; };
		500FBE5186E3D783C0C15DB4 /* libPods-Pianote2.a */ = {isa = PBXFileReference; explicitFileType = archive.ar; includeInIndex = 0; path = "libPods-Pianote2.a"; sourceTree = BUILT_PRODUCTS_DIR; };
		530C09C0BB6B4075855629C3 /* Ionicons.ttf */ = {isa = PBXFileReference; explicitFileType = undefined; fileEncoding = 9; includeInIndex = 0; lastKnownFileType = unknown; name = Ionicons.ttf; path = ../assets/fonts/Ionicons.ttf; sourceTree = "<group>"; };
		57C0C9CC9F5344B5A17616DB /* Roboto-Regular.ttf */ = {isa = PBXFileReference; explicitFileType = undefined; fileEncoding = 9; includeInIndex = 0; lastKnownFileType = unknown; name = "Roboto-Regular.ttf"; path = "../assets/fonts/Roboto-Regular.ttf"; sourceTree = "<group>"; };
		581FE1EDBEC345779FBA7B60 /* Roboto-MediumItalic.ttf */ = {isa = PBXFileReference; explicitFileType = undefined; fileEncoding = 9; includeInIndex = 0; lastKnownFileType = unknown; name = "Roboto-MediumItalic.ttf"; path = "../assets/fonts/Roboto-MediumItalic.ttf"; sourceTree = "<group>"; };
		69AACCFAE2714B26B81C3CA8 /* EvilIcons.ttf */ = {isa = PBXFileReference; explicitFileType = undefined; fileEncoding = 9; includeInIndex = 0; lastKnownFileType = unknown; name = EvilIcons.ttf; path = ../assets/fonts/EvilIcons.ttf; sourceTree = "<group>"; };
		6AA3ED5AEAC443CAAE3F4C50 /* Roboto-Bold.ttf */ = {isa = PBXFileReference; explicitFileType = undefined; fileEncoding = 9; includeInIndex = 0; lastKnownFileType = unknown; name = "Roboto-Bold.ttf"; path = "../assets/fonts/Roboto-Bold.ttf"; sourceTree = "<group>"; };
		6F4E97714069435A9101C91B /* OpenSans-Bold.ttf */ = {isa = PBXFileReference; explicitFileType = undefined; fileEncoding = 9; includeInIndex = 0; lastKnownFileType = unknown; name = "OpenSans-Bold.ttf"; path = "../assets/fonts/OpenSans-Bold.ttf"; sourceTree = "<group>"; };
		72130A6358C64206AA9A99F4 /* AntDesign.ttf */ = {isa = PBXFileReference; explicitFileType = undefined; fileEncoding = 9; includeInIndex = 0; lastKnownFileType = unknown; name = AntDesign.ttf; path = ../assets/fonts/AntDesign.ttf; sourceTree = "<group>"; };
		805AE7AC8FCE4E93A889154A /* Roboto-Medium.ttf */ = {isa = PBXFileReference; explicitFileType = undefined; fileEncoding = 9; includeInIndex = 0; lastKnownFileType = unknown; name = "Roboto-Medium.ttf"; path = "../assets/fonts/Roboto-Medium.ttf"; sourceTree = "<group>"; };
		8E80503F34D846A19EDD41DB /* Roboto-LightItalic.ttf */ = {isa = PBXFileReference; explicitFileType = undefined; fileEncoding = 9; includeInIndex = 0; lastKnownFileType = unknown; name = "Roboto-LightItalic.ttf"; path = "../assets/fonts/Roboto-LightItalic.ttf"; sourceTree = "<group>"; };
		8ED42B08560D46F19E74083D /* Roboto-BlackItalic.ttf */ = {isa = PBXFileReference; explicitFileType = undefined; fileEncoding = 9; includeInIndex = 0; lastKnownFileType = unknown; name = "Roboto-BlackItalic.ttf"; path = "../assets/fonts/Roboto-BlackItalic.ttf"; sourceTree = "<group>"; };
		93BBFDF95D68416A9CBC26B1 /* Roboto-ThinItalic.ttf */ = {isa = PBXFileReference; explicitFileType = undefined; fileEncoding = 9; includeInIndex = 0; lastKnownFileType = unknown; name = "Roboto-ThinItalic.ttf"; path = "../assets/fonts/Roboto-ThinItalic.ttf"; sourceTree = "<group>"; };
		A1E2D6D1103141199E2214E5 /* OpenSans-Light.ttf */ = {isa = PBXFileReference; explicitFileType = undefined; fileEncoding = 9; includeInIndex = 0; lastKnownFileType = unknown; name = "OpenSans-Light.ttf"; path = "../assets/fonts/OpenSans-Light.ttf"; sourceTree = "<group>"; };
		A3834C301FD94620BC989186 /* RobotoCondensed-Light.ttf */ = {isa = PBXFileReference; explicitFileType = undefined; fileEncoding = 9; includeInIndex = 0; lastKnownFileType = unknown; name = "RobotoCondensed-Light.ttf"; path = "../assets/fonts/RobotoCondensed-Light.ttf"; sourceTree = "<group>"; };
		A82D34716E064115AE4C536B /* FontAwesome.ttf */ = {isa = PBXFileReference; explicitFileType = undefined; fileEncoding = 9; includeInIndex = 0; lastKnownFileType = unknown; name = FontAwesome.ttf; path = ../assets/fonts/FontAwesome.ttf; sourceTree = "<group>"; };
		A928D11C46A7415D961E7116 /* RobotoCondensed-Regular.ttf */ = {isa = PBXFileReference; explicitFileType = undefined; fileEncoding = 9; includeInIndex = 0; lastKnownFileType = unknown; name = "RobotoCondensed-Regular.ttf"; path = "../assets/fonts/RobotoCondensed-Regular.ttf"; sourceTree = "<group>"; };
		AEFDA6AD1E7A4633B2F0D1F3 /* Roboto-BoldItalic.ttf */ = {isa = PBXFileReference; explicitFileType = undefined; fileEncoding = 9; includeInIndex = 0; lastKnownFileType = unknown; name = "Roboto-BoldItalic.ttf"; path = "../assets/fonts/Roboto-BoldItalic.ttf"; sourceTree = "<group>"; };
		B343D3AD42E54272B0B71068 /* OpenSans-LightItalic.ttf */ = {isa = PBXFileReference; explicitFileType = undefined; fileEncoding = 9; includeInIndex = 0; lastKnownFileType = unknown; name = "OpenSans-LightItalic.ttf"; path = "../assets/fonts/OpenSans-LightItalic.ttf"; sourceTree = "<group>"; };
		B368377FBA9044718795A68E /* NanumPen.ttf */ = {isa = PBXFileReference; explicitFileType = undefined; fileEncoding = 9; includeInIndex = 0; lastKnownFileType = unknown; name = NanumPen.ttf; path = ../assets/fonts/NanumPen.ttf; sourceTree = "<group>"; };
		B40EF9AA16F64988BC9EA649 /* RobotoCondensed-BoldItalic.ttf */ = {isa = PBXFileReference; explicitFileType = undefined; fileEncoding = 9; includeInIndex = 0; lastKnownFileType = unknown; name = "RobotoCondensed-BoldItalic.ttf"; path = "../assets/fonts/RobotoCondensed-BoldItalic.ttf"; sourceTree = "<group>"; };
		B78A854349D8450F91C06398 /* OpenSans-Italic.ttf */ = {isa = PBXFileReference; explicitFileType = undefined; fileEncoding = 9; includeInIndex = 0; lastKnownFileType = unknown; name = "OpenSans-Italic.ttf"; path = "../assets/fonts/OpenSans-Italic.ttf"; sourceTree = "<group>"; };
		BBF726C70479488DA3ABEBD5 /* Octicons.ttf */ = {isa = PBXFileReference; explicitFileType = undefined; fileEncoding = 9; includeInIndex = 0; lastKnownFileType = unknown; name = Octicons.ttf; path = ../assets/fonts/Octicons.ttf; sourceTree = "<group>"; };
		BD55B09F36A94FF7AFDE363A /* FontAwesome5_Solid.ttf */ = {isa = PBXFileReference; explicitFileType = undefined; fileEncoding = 9; includeInIndex = 0; lastKnownFileType = unknown; name = FontAwesome5_Solid.ttf; path = ../assets/fonts/FontAwesome5_Solid.ttf; sourceTree = "<group>"; };
		C34B70A289F24B6BAC695B49 /* OpenSans-SemiBoldItalic.ttf */ = {isa = PBXFileReference; explicitFileType = undefined; fileEncoding = 9; includeInIndex = 0; lastKnownFileType = unknown; name = "OpenSans-SemiBoldItalic.ttf"; path = "../assets/fonts/OpenSans-SemiBoldItalic.ttf"; sourceTree = "<group>"; };
		C9DED45BC0EF41D387769A51 /* OpenSans-ExtraBold.ttf */ = {isa = PBXFileReference; explicitFileType = undefined; fileEncoding = 9; includeInIndex = 0; lastKnownFileType = unknown; name = "OpenSans-ExtraBold.ttf"; path = "../assets/fonts/OpenSans-ExtraBold.ttf"; sourceTree = "<group>"; };
		D024D874DD3E4DD5A4B41118 /* OpenSans.ttf */ = {isa = PBXFileReference; explicitFileType = undefined; fileEncoding = 9; includeInIndex = 0; lastKnownFileType = unknown; name = OpenSans.ttf; path = ../assets/fonts/OpenSans.ttf; sourceTree = "<group>"; };
		D87EF319C24D44798AABB90D /* Roboto-Thin.ttf */ = {isa = PBXFileReference; explicitFileType = undefined; fileEncoding = 9; includeInIndex = 0; lastKnownFileType = unknown; name = "Roboto-Thin.ttf"; path = "../assets/fonts/Roboto-Thin.ttf"; sourceTree = "<group>"; };
		DD33DBC344A5443396BD3DD1 /* SimpleLineIcons.ttf */ = {isa = PBXFileReference; explicitFileType = undefined; fileEncoding = 9; includeInIndex = 0; lastKnownFileType = unknown; name = SimpleLineIcons.ttf; path = ../assets/fonts/SimpleLineIcons.ttf; sourceTree = "<group>"; };
		E1DFEDBD5C2D4F63AC874EA9 /* Entypo.ttf */ = {isa = PBXFileReference; explicitFileType = undefined; fileEncoding = 9; includeInIndex = 0; lastKnownFileType = unknown; name = Entypo.ttf; path = ../assets/fonts/Entypo.ttf; sourceTree = "<group>"; };
		E857FCCEB572482F8392C097 /* Lora-Regular.ttf */ = {isa = PBXFileReference; explicitFileType = undefined; fileEncoding = 9; includeInIndex = 0; lastKnownFileType = unknown; name = "Lora-Regular.ttf"; path = "../assets/fonts/Lora-Regular.ttf"; sourceTree = "<group>"; };
		EC98BF0B61534D348170E0A1 /* Roboto-Light.ttf */ = {isa = PBXFileReference; explicitFileType = undefined; fileEncoding = 9; includeInIndex = 0; lastKnownFileType = unknown; name = "Roboto-Light.ttf"; path = "../assets/fonts/Roboto-Light.ttf"; sourceTree = "<group>"; };
		ED297162215061F000B7C4FE /* JavaScriptCore.framework */ = {isa = PBXFileReference; lastKnownFileType = wrapper.framework; name = JavaScriptCore.framework; path = System/Library/Frameworks/JavaScriptCore.framework; sourceTree = SDKROOT; };
		ED2971642150620600B7C4FE /* JavaScriptCore.framework */ = {isa = PBXFileReference; lastKnownFileType = wrapper.framework; name = JavaScriptCore.framework; path = Platforms/AppleTVOS.platform/Developer/SDKs/AppleTVOS12.0.sdk/System/Library/Frameworks/JavaScriptCore.framework; sourceTree = DEVELOPER_DIR; };
		F5CCAB154F16467291C34570 /* RobotoCondensed-Italic.ttf */ = {isa = PBXFileReference; explicitFileType = undefined; fileEncoding = 9; includeInIndex = 0; lastKnownFileType = unknown; name = "RobotoCondensed-Italic.ttf"; path = "../assets/fonts/RobotoCondensed-Italic.ttf"; sourceTree = "<group>"; };
		FB21BFC129B94865ACBADC59 /* OpenSans-ExtraBoldItalic.ttf */ = {isa = PBXFileReference; explicitFileType = undefined; fileEncoding = 9; includeInIndex = 0; lastKnownFileType = unknown; name = "OpenSans-ExtraBoldItalic.ttf"; path = "../assets/fonts/OpenSans-ExtraBoldItalic.ttf"; sourceTree = "<group>"; };
		FCB21802508841EB9A26310C /* FontAwesome5_Regular.ttf */ = {isa = PBXFileReference; explicitFileType = undefined; fileEncoding = 9; includeInIndex = 0; lastKnownFileType = unknown; name = FontAwesome5_Regular.ttf; path = ../assets/fonts/FontAwesome5_Regular.ttf; sourceTree = "<group>"; };
/* End PBXFileReference section */

/* Begin PBXFrameworksBuildPhase section */
		13B07F8C1A680F5B00A75B9A /* Frameworks */ = {
			isa = PBXFrameworksBuildPhase;
			buildActionMask = 2147483647;
			files = (
				4FEE23B3237C7E3900907E72 /* libRNGestureHandler.a in Frameworks */,
				836C62D1D47E1A33EF91D945 /* libPods-Pianote2.a in Frameworks */,
			);
			runOnlyForDeploymentPostprocessing = 0;
		};
/* End PBXFrameworksBuildPhase section */

/* Begin PBXGroup section */
		02B72E92A34ECD634D16FCCD /* Pods */ = {
			isa = PBXGroup;
			children = (
				00095D5D0B2707A7A4790318 /* Pods-Pianote2.debug.xcconfig */,
				0723447D40C06FCD525FDC6E /* Pods-Pianote2.release.xcconfig */,
			);
			path = Pods;
			sourceTree = "<group>";
		};
		13B07FAE1A68108700A75B9A /* Pianote2 */ = {
			isa = PBXGroup;
			children = (
				4350D4AD253475E30076F8C6 /* main.jsbundle */,
				43A49CF825120A3F00AB8390 /* dummy.swift */,
				43A49CF925120A3F00AB8390 /* Pianote2-Bridging-Header.h */,
				13B07FAF1A68108700A75B9A /* AppDelegate.h */,
				13B07FB01A68108700A75B9A /* AppDelegate.m */,
				13B07FB51A68108700A75B9A /* Images.xcassets */,
				13B07FB61A68108700A75B9A /* Info.plist */,
				13B07FB11A68108700A75B9A /* LaunchScreen.xib */,
				13B07FB71A68108700A75B9A /* main.m */,
			);
			name = Pianote2;
			sourceTree = "<group>";
		};
		2D16E6871FA4F8E400B85C8A /* Frameworks */ = {
			isa = PBXGroup;
			children = (
				ED297162215061F000B7C4FE /* JavaScriptCore.framework */,
				4FEE23B2237C7E3900907E72 /* libRNGestureHandler.a */,
				ED2971642150620600B7C4FE /* JavaScriptCore.framework */,
				500FBE5186E3D783C0C15DB4 /* libPods-Pianote2.a */,
			);
			name = Frameworks;
			sourceTree = "<group>";
		};
		832341AE1AAA6A7D00B99B32 /* Libraries */ = {
			isa = PBXGroup;
			children = (
			);
			name = Libraries;
			sourceTree = "<group>";
		};
		83CBB9F61A601CBA00E9B192 = {
			isa = PBXGroup;
			children = (
				43A49CF62511F2F400AB8390 /* GoogleService-Info.plist */,
				13B07FAE1A68108700A75B9A /* Pianote2 */,
				832341AE1AAA6A7D00B99B32 /* Libraries */,
				83CBBA001A601CBA00E9B192 /* Products */,
				2D16E6871FA4F8E400B85C8A /* Frameworks */,
				02B72E92A34ECD634D16FCCD /* Pods */,
				B61C765811CB4A99BDD76AD4 /* Resources */,
			);
			indentWidth = 2;
			sourceTree = "<group>";
			tabWidth = 2;
			usesTabs = 0;
		};
		83CBBA001A601CBA00E9B192 /* Products */ = {
			isa = PBXGroup;
			children = (
				13B07F961A680F5B00A75B9A /* Pianote.app */,
			);
			name = Products;
			sourceTree = "<group>";
		};
		B61C765811CB4A99BDD76AD4 /* Resources */ = {
			isa = PBXGroup;
			children = (
				72130A6358C64206AA9A99F4 /* AntDesign.ttf */,
				E1DFEDBD5C2D4F63AC874EA9 /* Entypo.ttf */,
				69AACCFAE2714B26B81C3CA8 /* EvilIcons.ttf */,
				154104835EF845BFBA0732A8 /* Feather.ttf */,
				A82D34716E064115AE4C536B /* FontAwesome.ttf */,
				1C30FF5BB0AD44FF9C68A287 /* FontAwesome5_Brands.ttf */,
				FCB21802508841EB9A26310C /* FontAwesome5_Regular.ttf */,
				BD55B09F36A94FF7AFDE363A /* FontAwesome5_Solid.ttf */,
				44E86350A41047AEBA733003 /* Fontisto.ttf */,
				1F8389D5250C431A9C83BC70 /* Foundation.ttf */,
				530C09C0BB6B4075855629C3 /* Ionicons.ttf */,
				E857FCCEB572482F8392C097 /* Lora-Regular.ttf */,
				0072DB25718B4F8AA19F28D2 /* MaterialCommunityIcons.ttf */,
				148E52C355294FEB8BAF0A8E /* MaterialIcons.ttf */,
				B368377FBA9044718795A68E /* NanumPen.ttf */,
				BBF726C70479488DA3ABEBD5 /* Octicons.ttf */,
				6F4E97714069435A9101C91B /* OpenSans-Bold.ttf */,
				2A9F1D6A2C4B44768407A7B7 /* OpenSans-BoldItalic.ttf */,
				C9DED45BC0EF41D387769A51 /* OpenSans-ExtraBold.ttf */,
				FB21BFC129B94865ACBADC59 /* OpenSans-ExtraBoldItalic.ttf */,
				B78A854349D8450F91C06398 /* OpenSans-Italic.ttf */,
				A1E2D6D1103141199E2214E5 /* OpenSans-Light.ttf */,
				B343D3AD42E54272B0B71068 /* OpenSans-LightItalic.ttf */,
				46092E60509149A6A53B2CEE /* OpenSans-SemiBold.ttf */,
				C34B70A289F24B6BAC695B49 /* OpenSans-SemiBoldItalic.ttf */,
				D024D874DD3E4DD5A4B41118 /* OpenSans.ttf */,
				0AB2670E234746E28746B279 /* Roboto-Black.ttf */,
				8ED42B08560D46F19E74083D /* Roboto-BlackItalic.ttf */,
				6AA3ED5AEAC443CAAE3F4C50 /* Roboto-Bold.ttf */,
				AEFDA6AD1E7A4633B2F0D1F3 /* Roboto-BoldItalic.ttf */,
				4CCE343CF4744A02A2B52AAA /* Roboto-Italic.ttf */,
				EC98BF0B61534D348170E0A1 /* Roboto-Light.ttf */,
				8E80503F34D846A19EDD41DB /* Roboto-LightItalic.ttf */,
				805AE7AC8FCE4E93A889154A /* Roboto-Medium.ttf */,
				581FE1EDBEC345779FBA7B60 /* Roboto-MediumItalic.ttf */,
				57C0C9CC9F5344B5A17616DB /* Roboto-Regular.ttf */,
				D87EF319C24D44798AABB90D /* Roboto-Thin.ttf */,
				93BBFDF95D68416A9CBC26B1 /* Roboto-ThinItalic.ttf */,
				13AA164F2B1B46B6B0CB3F92 /* RobotoCondensed-Bold.ttf */,
				B40EF9AA16F64988BC9EA649 /* RobotoCondensed-BoldItalic.ttf */,
				F5CCAB154F16467291C34570 /* RobotoCondensed-Italic.ttf */,
				A3834C301FD94620BC989186 /* RobotoCondensed-Light.ttf */,
				2415834FC8C1428E9A7CC3C7 /* RobotoCondensed-LightItalic.ttf */,
				A928D11C46A7415D961E7116 /* RobotoCondensed-Regular.ttf */,
				DD33DBC344A5443396BD3DD1 /* SimpleLineIcons.ttf */,
				2DE01D1032D5497C800BA3AA /* Zocial.ttf */,
			);
			name = Resources;
			sourceTree = "<group>";
		};
/* End PBXGroup section */

/* Begin PBXNativeTarget section */
		13B07F861A680F5B00A75B9A /* Pianote2 */ = {
			isa = PBXNativeTarget;
			buildConfigurationList = 13B07F931A680F5B00A75B9A /* Build configuration list for PBXNativeTarget "Pianote2" */;
			buildPhases = (
				25590D65FB089311A295D2E7 /* [CP] Check Pods Manifest.lock */,
				FD10A7F022414F080027D42C /* Start Packager */,
				13B07F871A680F5B00A75B9A /* Sources */,
				13B07F8C1A680F5B00A75B9A /* Frameworks */,
				13B07F8E1A680F5B00A75B9A /* Resources */,
				00DD1BFF1BD5951E006B06BC /* Bundle React Native code and images */,
				84E3E3A9187B711371F22BC6 /* [CP] Copy Pods Resources */,
			);
			buildRules = (
			);
			dependencies = (
			);
			name = Pianote2;
			productName = Pianote2;
			productReference = 13B07F961A680F5B00A75B9A /* Pianote.app */;
			productType = "com.apple.product-type.application";
		};
/* End PBXNativeTarget section */

/* Begin PBXProject section */
		83CBB9F71A601CBA00E9B192 /* Project object */ = {
			isa = PBXProject;
			attributes = {
				LastUpgradeCheck = 940;
				ORGANIZATIONNAME = Facebook;
				TargetAttributes = {
					13B07F861A680F5B00A75B9A = {
						DevelopmentTeam = 7RM4D35J2P;
						ProvisioningStyle = Automatic;
					};
				};
			};
			buildConfigurationList = 83CBB9FA1A601CBA00E9B192 /* Build configuration list for PBXProject "Pianote2" */;
			compatibilityVersion = "Xcode 3.2";
			developmentRegion = English;
			hasScannedForEncodings = 0;
			knownRegions = (
				English,
				en,
				Base,
			);
			mainGroup = 83CBB9F61A601CBA00E9B192;
			productRefGroup = 83CBBA001A601CBA00E9B192 /* Products */;
			projectDirPath = "";
			projectRoot = "";
			targets = (
				13B07F861A680F5B00A75B9A /* Pianote2 */,
			);
		};
/* End PBXProject section */

/* Begin PBXResourcesBuildPhase section */
		13B07F8E1A680F5B00A75B9A /* Resources */ = {
			isa = PBXResourcesBuildPhase;
			buildActionMask = 2147483647;
			files = (
				13B07FBF1A68108700A75B9A /* Images.xcassets in Resources */,
				13B07FBD1A68108700A75B9A /* LaunchScreen.xib in Resources */,
				43A49CF72511F2F400AB8390 /* GoogleService-Info.plist in Resources */,
				4350D4AE253475E30076F8C6 /* main.jsbundle in Resources */,
				EA60F0E71396495BB96CCAD0 /* AntDesign.ttf in Resources */,
				9DDA6247FF0F4CC5B7745EF7 /* Entypo.ttf in Resources */,
				B55FCB7EB1374C07AE834358 /* EvilIcons.ttf in Resources */,
				54FDCF360713473293A4FC95 /* Feather.ttf in Resources */,
				5F91219C85464895A5F79BD7 /* FontAwesome5_Brands.ttf in Resources */,
				69F786BFB78E492FB72D8FDC /* FontAwesome5_Regular.ttf in Resources */,
				3EAC2AF9862147C3AF83FF60 /* FontAwesome5_Solid.ttf in Resources */,
				7343BE61B448434DA2776641 /* Fontisto.ttf in Resources */,
				EA0346BEE3AC4D35B6F2CD69 /* Foundation.ttf in Resources */,
				9DB1E9AED7614E6EA7B1A467 /* Ionicons.ttf in Resources */,
				4595806BD6114DBB83320A18 /* Lora-Regular.ttf in Resources */,
				E78D5EECD3004215822F2273 /* MaterialCommunityIcons.ttf in Resources */,
				955492BA6C654DC39B5D779B /* MaterialIcons.ttf in Resources */,
				F93DD3EE40ED4105AC51D651 /* NanumPen.ttf in Resources */,
				6B186C34BADD47CBABDFE702 /* Octicons.ttf in Resources */,
				E05A2A8EBD8A42FDA0AADFAF /* OpenSans-Bold.ttf in Resources */,
				A6CDD836B7F8493D90CC455E /* OpenSans-BoldItalic.ttf in Resources */,
				1C58693934054FE8A34558E4 /* OpenSans-ExtraBold.ttf in Resources */,
				53DE15A7EB7E4755AFA07F27 /* OpenSans-ExtraBoldItalic.ttf in Resources */,
				179814D6AC094669B77184DA /* OpenSans-Italic.ttf in Resources */,
				D11026D5A1C14D62BD436FC8 /* OpenSans-Light.ttf in Resources */,
				D68E286ECF1A4219825B03D9 /* OpenSans-LightItalic.ttf in Resources */,
				F69829196EA34B079F1FDC0F /* OpenSans-SemiBold.ttf in Resources */,
				167D49B65D2F4D3B93D91F4A /* OpenSans-SemiBoldItalic.ttf in Resources */,
				67B6F348D0B546B981C908A9 /* OpenSans.ttf in Resources */,
				08F8165D0DAE48058C830B5B /* Roboto-Black.ttf in Resources */,
				8A335AE1BF6A49739BB5DEFD /* Roboto-BlackItalic.ttf in Resources */,
				C1BE667C7590472C9A74772A /* Roboto-Bold.ttf in Resources */,
				5661E144C1564F78BFF93DCE /* Roboto-BoldItalic.ttf in Resources */,
				4CB3985B290A4601B542F12F /* Roboto-Italic.ttf in Resources */,
				A3BE181A58694E2AA970454E /* Roboto-Light.ttf in Resources */,
				20FE254E44DA4CADADA964DE /* Roboto-LightItalic.ttf in Resources */,
				D8FDFACB04C84A67BB06F5C6 /* Roboto-Medium.ttf in Resources */,
				F918CED7851349C0BB5CF7A0 /* Roboto-MediumItalic.ttf in Resources */,
				FD10BF3AF2CE42B28999466E /* Roboto-Regular.ttf in Resources */,
				0AAC8DEE90A5423EB799817D /* Roboto-Thin.ttf in Resources */,
				22ED34583B234A308FC1D13D /* Roboto-ThinItalic.ttf in Resources */,
				581AA0D6665B47CEB16827FE /* RobotoCondensed-Bold.ttf in Resources */,
				D6152BA2748741D085B9C880 /* RobotoCondensed-BoldItalic.ttf in Resources */,
				81B997AF80834A659C0EAE34 /* RobotoCondensed-Italic.ttf in Resources */,
				0864CA3075E243A6AE9D49E8 /* RobotoCondensed-Light.ttf in Resources */,
				2F4D781FBC4846C9A36B4B16 /* RobotoCondensed-LightItalic.ttf in Resources */,
				74E2BFDF368A4DCEA1EDA732 /* RobotoCondensed-Regular.ttf in Resources */,
				90C2A9C91F1641188E8B4E03 /* SimpleLineIcons.ttf in Resources */,
				C9E92E4423124F5BAC3E31F4 /* Zocial.ttf in Resources */,
			);
			runOnlyForDeploymentPostprocessing = 0;
		};
/* End PBXResourcesBuildPhase section */

/* Begin PBXShellScriptBuildPhase section */
		00DD1BFF1BD5951E006B06BC /* Bundle React Native code and images */ = {
			isa = PBXShellScriptBuildPhase;
			buildActionMask = 2147483647;
			files = (
			);
			inputPaths = (
			);
			name = "Bundle React Native code and images";
			outputPaths = (
			);
			runOnlyForDeploymentPostprocessing = 0;
			shellPath = /bin/sh;
			shellScript = "export NODE_BINARY=node\n../node_modules/react-native/scripts/react-native-xcode.sh";
		};
		25590D65FB089311A295D2E7 /* [CP] Check Pods Manifest.lock */ = {
			isa = PBXShellScriptBuildPhase;
			buildActionMask = 2147483647;
			files = (
			);
			inputFileListPaths = (
			);
			inputPaths = (
				"${PODS_PODFILE_DIR_PATH}/Podfile.lock",
				"${PODS_ROOT}/Manifest.lock",
			);
			name = "[CP] Check Pods Manifest.lock";
			outputFileListPaths = (
			);
			outputPaths = (
				"$(DERIVED_FILE_DIR)/Pods-Pianote2-checkManifestLockResult.txt",
			);
			runOnlyForDeploymentPostprocessing = 0;
			shellPath = /bin/sh;
			shellScript = "diff \"${PODS_PODFILE_DIR_PATH}/Podfile.lock\" \"${PODS_ROOT}/Manifest.lock\" > /dev/null\nif [ $? != 0 ] ; then\n    # print error to STDERR\n    echo \"error: The sandbox is not in sync with the Podfile.lock. Run 'pod install' or update your CocoaPods installation.\" >&2\n    exit 1\nfi\n# This output is used by Xcode 'outputs' to avoid re-running this script phase.\necho \"SUCCESS\" > \"${SCRIPT_OUTPUT_FILE_0}\"\n";
			showEnvVarsInLog = 0;
		};
		84E3E3A9187B711371F22BC6 /* [CP] Copy Pods Resources */ = {
			isa = PBXShellScriptBuildPhase;
			buildActionMask = 2147483647;
			files = (
			);
			inputPaths = (
				"${PODS_ROOT}/Target Support Files/Pods-Pianote2/Pods-Pianote2-resources.sh",
				"${PODS_ROOT}/Intercom/Intercom/Intercom.framework/Versions/A/Resources/Intercom.bundle",
				"${PODS_ROOT}/Intercom/Intercom/Intercom.framework/Versions/A/Resources/IntercomTranslations.bundle",
				"${PODS_ROOT}/../../node_modules/react-native-vector-icons/Fonts/FontAwesome.ttf",
				"${PODS_ROOT}/google-cast-sdk-no-bluetooth/GoogleCastSDK-ios-4.5.1_static/GoogleCast.framework/GoogleCastCoreResources.bundle",
				"${PODS_ROOT}/google-cast-sdk-no-bluetooth/GoogleCastSDK-ios-4.5.1_static/GoogleCast.framework/GoogleCastUIResources.bundle",
			);
			name = "[CP] Copy Pods Resources";
			outputPaths = (
				"${TARGET_BUILD_DIR}/${UNLOCALIZED_RESOURCES_FOLDER_PATH}/Intercom.bundle",
				"${TARGET_BUILD_DIR}/${UNLOCALIZED_RESOURCES_FOLDER_PATH}/IntercomTranslations.bundle",
				"${TARGET_BUILD_DIR}/${UNLOCALIZED_RESOURCES_FOLDER_PATH}/FontAwesome.ttf",
				"${TARGET_BUILD_DIR}/${UNLOCALIZED_RESOURCES_FOLDER_PATH}/GoogleCastCoreResources.bundle",
				"${TARGET_BUILD_DIR}/${UNLOCALIZED_RESOURCES_FOLDER_PATH}/GoogleCastUIResources.bundle",
			);
			runOnlyForDeploymentPostprocessing = 0;
			shellPath = /bin/sh;
			shellScript = "\"${PODS_ROOT}/Target Support Files/Pods-Pianote2/Pods-Pianote2-resources.sh\"\n";
			showEnvVarsInLog = 0;
		};
		FD10A7F022414F080027D42C /* Start Packager */ = {
			isa = PBXShellScriptBuildPhase;
			buildActionMask = 2147483647;
			files = (
			);
			inputFileListPaths = (
			);
			inputPaths = (
			);
			name = "Start Packager";
			outputFileListPaths = (
			);
			outputPaths = (
			);
			runOnlyForDeploymentPostprocessing = 0;
			shellPath = /bin/sh;
			shellScript = "export RCT_METRO_PORT=\"${RCT_METRO_PORT:=8081}\"\necho \"export RCT_METRO_PORT=${RCT_METRO_PORT}\" > \"${SRCROOT}/../node_modules/react-native/scripts/.packager.env\"\nif [ -z \"${RCT_NO_LAUNCH_PACKAGER+xxx}\" ] ; then\n  if nc -w 5 -z localhost ${RCT_METRO_PORT} ; then\n    if ! curl -s \"http://localhost:${RCT_METRO_PORT}/status\" | grep -q \"packager-status:running\" ; then\n      echo \"Port ${RCT_METRO_PORT} already in use, packager is either not running or not running correctly\"\n      exit 2\n    fi\n  else\n    open \"$SRCROOT/../node_modules/react-native/scripts/launchPackager.command\" || echo \"Can't start packager automatically\"\n  fi\nfi\n";
			showEnvVarsInLog = 0;
		};
/* End PBXShellScriptBuildPhase section */

/* Begin PBXSourcesBuildPhase section */
		13B07F871A680F5B00A75B9A /* Sources */ = {
			isa = PBXSourcesBuildPhase;
			buildActionMask = 2147483647;
			files = (
				13B07FBC1A68108700A75B9A /* AppDelegate.m in Sources */,
				43A49CFA25120A3F00AB8390 /* dummy.swift in Sources */,
				13B07FC11A68108700A75B9A /* main.m in Sources */,
			);
			runOnlyForDeploymentPostprocessing = 0;
		};
/* End PBXSourcesBuildPhase section */

/* Begin PBXVariantGroup section */
		13B07FB11A68108700A75B9A /* LaunchScreen.xib */ = {
			isa = PBXVariantGroup;
			children = (
				13B07FB21A68108700A75B9A /* Base */,
			);
			name = LaunchScreen.xib;
			path = Pianote2;
			sourceTree = "<group>";
		};
/* End PBXVariantGroup section */

/* Begin XCBuildConfiguration section */
		13B07F941A680F5B00A75B9A /* Debug */ = {
			isa = XCBuildConfiguration;
			baseConfigurationReference = 00095D5D0B2707A7A4790318 /* Pods-Pianote2.debug.xcconfig */;
			buildSettings = {
				ASSETCATALOG_COMPILER_APPICON_NAME = AppIcon;
				ASSETCATALOG_COMPILER_LAUNCHIMAGE_NAME = LaunchImage;
				CODE_SIGN_IDENTITY = "iPhone Developer";
				CODE_SIGN_STYLE = Automatic;
				CURRENT_PROJECT_VERSION = 8;
				DEAD_CODE_STRIPPING = NO;
				DEVELOPMENT_TEAM = 7RM4D35J2P;
				INFOPLIST_FILE = Pianote2/Info.plist;
				LD_RUNPATH_SEARCH_PATHS = "$(inherited) @executable_path/Frameworks";
				MARKETING_VERSION = 1.08;
				OTHER_LDFLAGS = (
					"$(inherited)",
					"-ObjC",
					"-lc++",
				);
				PRODUCT_BUNDLE_IDENTIFIER = com.drumeo.PianoteApp;
				PRODUCT_NAME = Pianote;
				PROVISIONING_PROFILE_SPECIFIER = "";
				SWIFT_OBJC_BRIDGING_HEADER = "Pianote2-Bridging-Header.h";
				SWIFT_OPTIMIZATION_LEVEL = "-Onone";
				SWIFT_VERSION = 5.0;
				SYMROOT = build;
				TARGETED_DEVICE_FAMILY = "1,2";
				VERSIONING_SYSTEM = "apple-generic";
			};
			name = Debug;
		};
		13B07F951A680F5B00A75B9A /* Release */ = {
			isa = XCBuildConfiguration;
			baseConfigurationReference = 0723447D40C06FCD525FDC6E /* Pods-Pianote2.release.xcconfig */;
			buildSettings = {
				ASSETCATALOG_COMPILER_APPICON_NAME = AppIcon;
				ASSETCATALOG_COMPILER_LAUNCHIMAGE_NAME = LaunchImage;
				CODE_SIGN_IDENTITY = "iPhone Developer";
				CODE_SIGN_STYLE = Automatic;
				CURRENT_PROJECT_VERSION = 8;
				DEVELOPMENT_TEAM = 7RM4D35J2P;
				INFOPLIST_FILE = Pianote2/Info.plist;
				LD_RUNPATH_SEARCH_PATHS = "$(inherited) @executable_path/Frameworks";
				MARKETING_VERSION = 1.08;
				OTHER_LDFLAGS = (
					"$(inherited)",
					"-ObjC",
					"-lc++",
				);
				PRODUCT_BUNDLE_IDENTIFIER = com.drumeo.PianoteApp;
				PRODUCT_NAME = Pianote;
				PROVISIONING_PROFILE_SPECIFIER = "";
				SWIFT_OBJC_BRIDGING_HEADER = "Pianote2-Bridging-Header.h";
				SWIFT_VERSION = 5.0;
				TARGETED_DEVICE_FAMILY = "1,2";
				VERSIONING_SYSTEM = "apple-generic";
			};
			name = Release;
		};
		83CBBA201A601CBA00E9B192 /* Debug */ = {
			isa = XCBuildConfiguration;
			buildSettings = {
				ALWAYS_SEARCH_USER_PATHS = NO;
				CLANG_CXX_LANGUAGE_STANDARD = "gnu++0x";
				CLANG_CXX_LIBRARY = "libc++";
				CLANG_ENABLE_MODULES = YES;
				CLANG_ENABLE_OBJC_ARC = YES;
				CLANG_WARN_BLOCK_CAPTURE_AUTORELEASING = YES;
				CLANG_WARN_BOOL_CONVERSION = YES;
				CLANG_WARN_COMMA = YES;
				CLANG_WARN_CONSTANT_CONVERSION = YES;
				CLANG_WARN_DEPRECATED_OBJC_IMPLEMENTATIONS = YES;
				CLANG_WARN_DIRECT_OBJC_ISA_USAGE = YES_ERROR;
				CLANG_WARN_EMPTY_BODY = YES;
				CLANG_WARN_ENUM_CONVERSION = YES;
				CLANG_WARN_INFINITE_RECURSION = YES;
				CLANG_WARN_INT_CONVERSION = YES;
				CLANG_WARN_NON_LITERAL_NULL_CONVERSION = YES;
				CLANG_WARN_OBJC_IMPLICIT_RETAIN_SELF = YES;
				CLANG_WARN_OBJC_LITERAL_CONVERSION = YES;
				CLANG_WARN_OBJC_ROOT_CLASS = YES_ERROR;
				CLANG_WARN_RANGE_LOOP_ANALYSIS = YES;
				CLANG_WARN_STRICT_PROTOTYPES = YES;
				CLANG_WARN_SUSPICIOUS_MOVE = YES;
				CLANG_WARN_UNREACHABLE_CODE = YES;
				CLANG_WARN__DUPLICATE_METHOD_MATCH = YES;
				"CODE_SIGN_IDENTITY[sdk=iphoneos*]" = "iPhone Developer";
				COPY_PHASE_STRIP = NO;
				ENABLE_STRICT_OBJC_MSGSEND = YES;
				ENABLE_TESTABILITY = YES;
				GCC_C_LANGUAGE_STANDARD = gnu99;
				GCC_DYNAMIC_NO_PIC = NO;
				GCC_NO_COMMON_BLOCKS = YES;
				GCC_OPTIMIZATION_LEVEL = 0;
				GCC_PREPROCESSOR_DEFINITIONS = (
					"DEBUG=1",
					"$(inherited)",
				);
				GCC_SYMBOLS_PRIVATE_EXTERN = NO;
				GCC_WARN_64_TO_32_BIT_CONVERSION = YES;
				GCC_WARN_ABOUT_RETURN_TYPE = YES_ERROR;
				GCC_WARN_UNDECLARED_SELECTOR = YES;
				GCC_WARN_UNINITIALIZED_AUTOS = YES_AGGRESSIVE;
				GCC_WARN_UNUSED_FUNCTION = YES;
				GCC_WARN_UNUSED_VARIABLE = YES;
				IPHONEOS_DEPLOYMENT_TARGET = 10.0;
				MTL_ENABLE_DEBUG_INFO = YES;
				ONLY_ACTIVE_ARCH = YES;
				SDKROOT = iphoneos;
			};
			name = Debug;
		};
		83CBBA211A601CBA00E9B192 /* Release */ = {
			isa = XCBuildConfiguration;
			buildSettings = {
				ALWAYS_SEARCH_USER_PATHS = NO;
				CLANG_CXX_LANGUAGE_STANDARD = "gnu++0x";
				CLANG_CXX_LIBRARY = "libc++";
				CLANG_ENABLE_MODULES = YES;
				CLANG_ENABLE_OBJC_ARC = YES;
				CLANG_WARN_BLOCK_CAPTURE_AUTORELEASING = YES;
				CLANG_WARN_BOOL_CONVERSION = YES;
				CLANG_WARN_COMMA = YES;
				CLANG_WARN_CONSTANT_CONVERSION = YES;
				CLANG_WARN_DEPRECATED_OBJC_IMPLEMENTATIONS = YES;
				CLANG_WARN_DIRECT_OBJC_ISA_USAGE = YES_ERROR;
				CLANG_WARN_EMPTY_BODY = YES;
				CLANG_WARN_ENUM_CONVERSION = YES;
				CLANG_WARN_INFINITE_RECURSION = YES;
				CLANG_WARN_INT_CONVERSION = YES;
				CLANG_WARN_NON_LITERAL_NULL_CONVERSION = YES;
				CLANG_WARN_OBJC_IMPLICIT_RETAIN_SELF = YES;
				CLANG_WARN_OBJC_LITERAL_CONVERSION = YES;
				CLANG_WARN_OBJC_ROOT_CLASS = YES_ERROR;
				CLANG_WARN_RANGE_LOOP_ANALYSIS = YES;
				CLANG_WARN_STRICT_PROTOTYPES = YES;
				CLANG_WARN_SUSPICIOUS_MOVE = YES;
				CLANG_WARN_UNREACHABLE_CODE = YES;
				CLANG_WARN__DUPLICATE_METHOD_MATCH = YES;
				"CODE_SIGN_IDENTITY[sdk=iphoneos*]" = "iPhone Developer";
				COPY_PHASE_STRIP = YES;
				ENABLE_NS_ASSERTIONS = NO;
				ENABLE_STRICT_OBJC_MSGSEND = YES;
				GCC_C_LANGUAGE_STANDARD = gnu99;
				GCC_NO_COMMON_BLOCKS = YES;
				GCC_WARN_64_TO_32_BIT_CONVERSION = YES;
				GCC_WARN_ABOUT_RETURN_TYPE = YES_ERROR;
				GCC_WARN_UNDECLARED_SELECTOR = YES;
				GCC_WARN_UNINITIALIZED_AUTOS = YES_AGGRESSIVE;
				GCC_WARN_UNUSED_FUNCTION = YES;
				GCC_WARN_UNUSED_VARIABLE = YES;
				IPHONEOS_DEPLOYMENT_TARGET = 10.0;
				MTL_ENABLE_DEBUG_INFO = NO;
				SDKROOT = iphoneos;
				VALIDATE_PRODUCT = YES;
			};
			name = Release;
		};
/* End XCBuildConfiguration section */

/* Begin XCConfigurationList section */
		13B07F931A680F5B00A75B9A /* Build configuration list for PBXNativeTarget "Pianote2" */ = {
			isa = XCConfigurationList;
			buildConfigurations = (
				13B07F941A680F5B00A75B9A /* Debug */,
				13B07F951A680F5B00A75B9A /* Release */,
			);
			defaultConfigurationIsVisible = 0;
			defaultConfigurationName = Debug;
		};
		83CBB9FA1A601CBA00E9B192 /* Build configuration list for PBXProject "Pianote2" */ = {
			isa = XCConfigurationList;
			buildConfigurations = (
				83CBBA201A601CBA00E9B192 /* Debug */,
				83CBBA211A601CBA00E9B192 /* Release */,
			);
			defaultConfigurationIsVisible = 0;
			defaultConfigurationName = Debug;
		};
/* End XCConfigurationList section */
	};
	rootObject = 83CBB9F71A601CBA00E9B192 /* Project object */;
}
