// !$*UTF8*$!
{
	archiveVersion = 1;
	classes = {
	};
	objectVersion = 46;
	objects = {

/* Begin PBXBuildFile section */
		13B07FBC1A68108700A75B9A /* AppDelegate.m in Sources */ = {isa = PBXBuildFile; fileRef = 13B07FB01A68108700A75B9A /* AppDelegate.m */; };
		13B07FBD1A68108700A75B9A /* LaunchScreen.xib in Resources */ = {isa = PBXBuildFile; fileRef = 13B07FB11A68108700A75B9A /* LaunchScreen.xib */; };
		13B07FBF1A68108700A75B9A /* Images.xcassets in Resources */ = {isa = PBXBuildFile; fileRef = 13B07FB51A68108700A75B9A /* Images.xcassets */; };
		13B07FC11A68108700A75B9A /* main.m in Sources */ = {isa = PBXBuildFile; fileRef = 13B07FB71A68108700A75B9A /* main.m */; };
		1D9C8ABD253109DB00B6F36D /* Roboto-Black.ttf in Resources */ = {isa = PBXBuildFile; fileRef = 1D9C8AAB253109DB00B6F36D /* Roboto-Black.ttf */; };
		1D9C8ABE253109DB00B6F36D /* Roboto-LightItalic.ttf in Resources */ = {isa = PBXBuildFile; fileRef = 1D9C8AAC253109DB00B6F36D /* Roboto-LightItalic.ttf */; };
		1D9C8ABF253109DB00B6F36D /* Roboto-Italic.ttf in Resources */ = {isa = PBXBuildFile; fileRef = 1D9C8AAD253109DB00B6F36D /* Roboto-Italic.ttf */; };
		1D9C8AC0253109DB00B6F36D /* Roboto-ThinItalic.ttf in Resources */ = {isa = PBXBuildFile; fileRef = 1D9C8AAE253109DB00B6F36D /* Roboto-ThinItalic.ttf */; };
		1D9C8AC1253109DB00B6F36D /* Roboto-Bold.ttf in Resources */ = {isa = PBXBuildFile; fileRef = 1D9C8AAF253109DB00B6F36D /* Roboto-Bold.ttf */; };
		1D9C8AC2253109DB00B6F36D /* Roboto-BoldItalic.ttf in Resources */ = {isa = PBXBuildFile; fileRef = 1D9C8AB0253109DB00B6F36D /* Roboto-BoldItalic.ttf */; };
		1D9C8AC3253109DB00B6F36D /* Roboto-Regular.ttf in Resources */ = {isa = PBXBuildFile; fileRef = 1D9C8AB1253109DB00B6F36D /* Roboto-Regular.ttf */; };
		1D9C8AC4253109DB00B6F36D /* Roboto-Thin.ttf in Resources */ = {isa = PBXBuildFile; fileRef = 1D9C8AB2253109DB00B6F36D /* Roboto-Thin.ttf */; };
		1D9C8AC5253109DB00B6F36D /* Roboto-BlackItalic.ttf in Resources */ = {isa = PBXBuildFile; fileRef = 1D9C8AB3253109DB00B6F36D /* Roboto-BlackItalic.ttf */; };
		1D9C8AC6253109DB00B6F36D /* RobotoCondensed-BoldItalic.ttf in Resources */ = {isa = PBXBuildFile; fileRef = 1D9C8AB4253109DB00B6F36D /* RobotoCondensed-BoldItalic.ttf */; };
		1D9C8AC7253109DB00B6F36D /* RobotoCondensed-Light.ttf in Resources */ = {isa = PBXBuildFile; fileRef = 1D9C8AB5253109DB00B6F36D /* RobotoCondensed-Light.ttf */; };
		1D9C8AC8253109DB00B6F36D /* RobotoCondensed-LightItalic.ttf in Resources */ = {isa = PBXBuildFile; fileRef = 1D9C8AB6253109DB00B6F36D /* RobotoCondensed-LightItalic.ttf */; };
		1D9C8AC9253109DB00B6F36D /* RobotoCondensed-Bold.ttf in Resources */ = {isa = PBXBuildFile; fileRef = 1D9C8AB7253109DB00B6F36D /* RobotoCondensed-Bold.ttf */; };
		1D9C8ACA253109DB00B6F36D /* Roboto-Medium.ttf in Resources */ = {isa = PBXBuildFile; fileRef = 1D9C8AB8253109DB00B6F36D /* Roboto-Medium.ttf */; };
		1D9C8ACB253109DB00B6F36D /* RobotoCondensed-Regular.ttf in Resources */ = {isa = PBXBuildFile; fileRef = 1D9C8AB9253109DB00B6F36D /* RobotoCondensed-Regular.ttf */; };
		1D9C8ACC253109DB00B6F36D /* RobotoCondensed-Italic.ttf in Resources */ = {isa = PBXBuildFile; fileRef = 1D9C8ABA253109DB00B6F36D /* RobotoCondensed-Italic.ttf */; };
		1D9C8ACD253109DB00B6F36D /* Roboto-Light.ttf in Resources */ = {isa = PBXBuildFile; fileRef = 1D9C8ABB253109DB00B6F36D /* Roboto-Light.ttf */; };
		1D9C8ACE253109DB00B6F36D /* Roboto-MediumItalic.ttf in Resources */ = {isa = PBXBuildFile; fileRef = 1D9C8ABC253109DB00B6F36D /* Roboto-MediumItalic.ttf */; };
		1D9C8AD1253109ED00B6F36D /* OpenSans.ttf in Resources */ = {isa = PBXBuildFile; fileRef = 1D9C8AD0253109ED00B6F36D /* OpenSans.ttf */; };
		1D9C8AD825310A3600B6F36D /* OpenSans-Bold.ttf in Resources */ = {isa = PBXBuildFile; fileRef = 1D9C8AD725310A3600B6F36D /* OpenSans-Bold.ttf */; };
		1DB96FBA25314BE00002607D /* OpenSans-Regular.ttf in Resources */ = {isa = PBXBuildFile; fileRef = 1DB96FB925314BE00002607D /* OpenSans-Regular.ttf */; };
		43A49CF72511F2F400AB8390 /* GoogleService-Info.plist in Resources */ = {isa = PBXBuildFile; fileRef = 43A49CF62511F2F400AB8390 /* GoogleService-Info.plist */; };
		43A49CFA25120A3F00AB8390 /* dummy.swift in Sources */ = {isa = PBXBuildFile; fileRef = 43A49CF825120A3F00AB8390 /* dummy.swift */; };
		4FEE23B3237C7E3900907E72 /* libRNGestureHandler.a in Frameworks */ = {isa = PBXBuildFile; fileRef = 4FEE23B2237C7E3900907E72 /* libRNGestureHandler.a */; };
		7BDF023755EE73CB842A1E81 /* libPods-Pianote2.a in Frameworks */ = {isa = PBXBuildFile; fileRef = 9BB2F1D7880DA6D4F0D68E99 /* libPods-Pianote2.a */; };
/* End PBXBuildFile section */

/* Begin PBXFileReference section */
		008F07F21AC5B25A0029DE68 /* main.jsbundle */ = {isa = PBXFileReference; fileEncoding = 4; lastKnownFileType = text; path = main.jsbundle; sourceTree = "<group>"; };
		00E356F11AD99517003FC87E /* Info.plist */ = {isa = PBXFileReference; lastKnownFileType = text.plist.xml; path = Info.plist; sourceTree = "<group>"; };
		00E356F21AD99517003FC87E /* Pianote2Tests.m */ = {isa = PBXFileReference; lastKnownFileType = sourcecode.c.objc; path = Pianote2Tests.m; sourceTree = "<group>"; };
		01558C2C0248C67EA24FBB20 /* libPods-Pianote2Tests.a */ = {isa = PBXFileReference; explicitFileType = archive.ar; includeInIndex = 0; path = "libPods-Pianote2Tests.a"; sourceTree = BUILT_PRODUCTS_DIR; };
		04C7D85AF7E74604A0425F62 /* OpenSans-Italic.ttf */ = {isa = PBXFileReference; explicitFileType = undefined; fileEncoding = 9; includeInIndex = 0; lastKnownFileType = unknown; name = "OpenSans-Italic.ttf"; path = "../assets/fonts/OpenSans-Italic.ttf"; sourceTree = "<group>"; };
		052598B0861D447497BDAEC2 /* FontAwesome.ttf */ = {isa = PBXFileReference; explicitFileType = undefined; fileEncoding = 9; includeInIndex = 0; lastKnownFileType = unknown; name = FontAwesome.ttf; path = ../assets/fonts/FontAwesome.ttf; sourceTree = "<group>"; };
		05B124E7D57C4AB68FAAD32F /* OpenSans-Light.ttf */ = {isa = PBXFileReference; explicitFileType = undefined; fileEncoding = 9; includeInIndex = 0; lastKnownFileType = unknown; name = "OpenSans-Light.ttf"; path = "../assets/fonts/OpenSans-Light.ttf"; sourceTree = "<group>"; };
		07FF047FA49B4045B2476C31 /* RobotoCondensed-LightItalic.ttf */ = {isa = PBXFileReference; explicitFileType = undefined; fileEncoding = 9; includeInIndex = 0; lastKnownFileType = unknown; name = "RobotoCondensed-LightItalic.ttf"; path = "../assets/fonts/RobotoCondensed-LightItalic.ttf"; sourceTree = "<group>"; };
		0FF9BCA63A55AEF7DC1984FF /* Pods-Pianote2-tvOSTests.debug.xcconfig */ = {isa = PBXFileReference; includeInIndex = 1; lastKnownFileType = text.xcconfig; name = "Pods-Pianote2-tvOSTests.debug.xcconfig"; path = "Target Support Files/Pods-Pianote2-tvOSTests/Pods-Pianote2-tvOSTests.debug.xcconfig"; sourceTree = "<group>"; };
		13B07F961A680F5B00A75B9A /* Pianote.app */ = {isa = PBXFileReference; explicitFileType = wrapper.application; includeInIndex = 0; path = Pianote.app; sourceTree = BUILT_PRODUCTS_DIR; };
		13B07FAF1A68108700A75B9A /* AppDelegate.h */ = {isa = PBXFileReference; fileEncoding = 4; lastKnownFileType = sourcecode.c.h; name = AppDelegate.h; path = Pianote2/AppDelegate.h; sourceTree = "<group>"; };
		13B07FB01A68108700A75B9A /* AppDelegate.m */ = {isa = PBXFileReference; fileEncoding = 4; lastKnownFileType = sourcecode.c.objc; name = AppDelegate.m; path = Pianote2/AppDelegate.m; sourceTree = "<group>"; };
		13B07FB21A68108700A75B9A /* Base */ = {isa = PBXFileReference; lastKnownFileType = file.xib; name = Base; path = Base.lproj/LaunchScreen.xib; sourceTree = "<group>"; };
		13B07FB51A68108700A75B9A /* Images.xcassets */ = {isa = PBXFileReference; lastKnownFileType = folder.assetcatalog; name = Images.xcassets; path = Pianote2/Images.xcassets; sourceTree = "<group>"; };
		13B07FB61A68108700A75B9A /* Info.plist */ = {isa = PBXFileReference; fileEncoding = 4; lastKnownFileType = text.plist.xml; name = Info.plist; path = Pianote2/Info.plist; sourceTree = "<group>"; };
		13B07FB71A68108700A75B9A /* main.m */ = {isa = PBXFileReference; fileEncoding = 4; lastKnownFileType = sourcecode.c.objc; name = main.m; path = Pianote2/main.m; sourceTree = "<group>"; };
		183CD71B26A9B1AFA687DC5A /* Pods-Pianote2-tvOSTests.release.xcconfig */ = {isa = PBXFileReference; includeInIndex = 1; lastKnownFileType = text.xcconfig; name = "Pods-Pianote2-tvOSTests.release.xcconfig"; path = "Target Support Files/Pods-Pianote2-tvOSTests/Pods-Pianote2-tvOSTests.release.xcconfig"; sourceTree = "<group>"; };
		1D9C89EB2531092300B6F36D /* RobotoCondensed-LightItalic.ttf */ = {isa = PBXFileReference; lastKnownFileType = file; name = "RobotoCondensed-LightItalic.ttf"; path = "../assets/fonts/RobotoCondensed-LightItalic.ttf"; sourceTree = "<group>"; };
		1D9C89EC2531092300B6F36D /* Roboto-Black.ttf */ = {isa = PBXFileReference; lastKnownFileType = file; name = "Roboto-Black.ttf"; path = "../assets/fonts/Roboto-Black.ttf"; sourceTree = "<group>"; };
		1D9C89ED2531092300B6F36D /* Roboto-Light.ttf */ = {isa = PBXFileReference; lastKnownFileType = file; name = "Roboto-Light.ttf"; path = "../assets/fonts/Roboto-Light.ttf"; sourceTree = "<group>"; };
		1D9C89EE2531092300B6F36D /* Fontisto.ttf */ = {isa = PBXFileReference; lastKnownFileType = file; name = Fontisto.ttf; path = ../assets/fonts/Fontisto.ttf; sourceTree = "<group>"; };
		1D9C89EF2531092300B6F36D /* MaterialCommunityIcons.ttf */ = {isa = PBXFileReference; lastKnownFileType = file; name = MaterialCommunityIcons.ttf; path = ../assets/fonts/MaterialCommunityIcons.ttf; sourceTree = "<group>"; };
		1D9C89F02531092300B6F36D /* OpenSans-ExtraBoldItalic.ttf */ = {isa = PBXFileReference; lastKnownFileType = file; name = "OpenSans-ExtraBoldItalic.ttf"; path = "../assets/fonts/OpenSans-ExtraBoldItalic.ttf"; sourceTree = "<group>"; };
		1D9C89F12531092300B6F36D /* NanumPen.ttf */ = {isa = PBXFileReference; lastKnownFileType = file; name = NanumPen.ttf; path = ../assets/fonts/NanumPen.ttf; sourceTree = "<group>"; };
		1D9C89F22531092300B6F36D /* OpenSans-Italic.ttf */ = {isa = PBXFileReference; lastKnownFileType = file; name = "OpenSans-Italic.ttf"; path = "../assets/fonts/OpenSans-Italic.ttf"; sourceTree = "<group>"; };
		1D9C89F32531092300B6F36D /* Roboto-BoldItalic.ttf */ = {isa = PBXFileReference; lastKnownFileType = file; name = "Roboto-BoldItalic.ttf"; path = "../assets/fonts/Roboto-BoldItalic.ttf"; sourceTree = "<group>"; };
		1D9C89F42531092300B6F36D /* EvilIcons.ttf */ = {isa = PBXFileReference; lastKnownFileType = file; name = EvilIcons.ttf; path = ../assets/fonts/EvilIcons.ttf; sourceTree = "<group>"; };
		1D9C89F52531092300B6F36D /* Roboto-MediumItalic.ttf */ = {isa = PBXFileReference; lastKnownFileType = file; name = "Roboto-MediumItalic.ttf"; path = "../assets/fonts/Roboto-MediumItalic.ttf"; sourceTree = "<group>"; };
		1D9C89F62531092300B6F36D /* SimpleLineIcons.ttf */ = {isa = PBXFileReference; lastKnownFileType = file; name = SimpleLineIcons.ttf; path = ../assets/fonts/SimpleLineIcons.ttf; sourceTree = "<group>"; };
		1D9C89F72531092300B6F36D /* RobotoCondensed-Bold.ttf */ = {isa = PBXFileReference; lastKnownFileType = file; name = "RobotoCondensed-Bold.ttf"; path = "../assets/fonts/RobotoCondensed-Bold.ttf"; sourceTree = "<group>"; };
		1D9C89F82531092300B6F36D /* FontAwesome5_Regular.ttf */ = {isa = PBXFileReference; lastKnownFileType = file; name = FontAwesome5_Regular.ttf; path = ../assets/fonts/FontAwesome5_Regular.ttf; sourceTree = "<group>"; };
		1D9C89F92531092300B6F36D /* Octicons.ttf */ = {isa = PBXFileReference; lastKnownFileType = file; name = Octicons.ttf; path = ../assets/fonts/Octicons.ttf; sourceTree = "<group>"; };
		1D9C89FA2531092300B6F36D /* Roboto-Italic.ttf */ = {isa = PBXFileReference; lastKnownFileType = file; name = "Roboto-Italic.ttf"; path = "../assets/fonts/Roboto-Italic.ttf"; sourceTree = "<group>"; };
		1D9C89FB2531092300B6F36D /* Roboto-Thin.ttf */ = {isa = PBXFileReference; lastKnownFileType = file; name = "Roboto-Thin.ttf"; path = "../assets/fonts/Roboto-Thin.ttf"; sourceTree = "<group>"; };
		1D9C89FC2531092300B6F36D /* AntDesign.ttf */ = {isa = PBXFileReference; lastKnownFileType = file; name = AntDesign.ttf; path = ../assets/fonts/AntDesign.ttf; sourceTree = "<group>"; };
		1D9C89FD2531092300B6F36D /* RobotoCondensed-Light.ttf */ = {isa = PBXFileReference; lastKnownFileType = file; name = "RobotoCondensed-Light.ttf"; path = "../assets/fonts/RobotoCondensed-Light.ttf"; sourceTree = "<group>"; };
		1D9C89FE2531092300B6F36D /* OpenSans-SemiBoldItalic.ttf */ = {isa = PBXFileReference; lastKnownFileType = file; name = "OpenSans-SemiBoldItalic.ttf"; path = "../assets/fonts/OpenSans-SemiBoldItalic.ttf"; sourceTree = "<group>"; };
		1D9C89FF2531092300B6F36D /* RobotoCondensed-Regular.ttf */ = {isa = PBXFileReference; lastKnownFileType = file; name = "RobotoCondensed-Regular.ttf"; path = "../assets/fonts/RobotoCondensed-Regular.ttf"; sourceTree = "<group>"; };
		1D9C8A002531092300B6F36D /* MaterialIcons.ttf */ = {isa = PBXFileReference; lastKnownFileType = file; name = MaterialIcons.ttf; path = ../assets/fonts/MaterialIcons.ttf; sourceTree = "<group>"; };
		1D9C8A012531092300B6F36D /* Zocial.ttf */ = {isa = PBXFileReference; lastKnownFileType = file; name = Zocial.ttf; path = ../assets/fonts/Zocial.ttf; sourceTree = "<group>"; };
		1D9C8A022531092300B6F36D /* Roboto-LightItalic.ttf */ = {isa = PBXFileReference; lastKnownFileType = file; name = "Roboto-LightItalic.ttf"; path = "../assets/fonts/Roboto-LightItalic.ttf"; sourceTree = "<group>"; };
		1D9C8A032531092300B6F36D /* FontAwesome.ttf */ = {isa = PBXFileReference; lastKnownFileType = file; name = FontAwesome.ttf; path = ../assets/fonts/FontAwesome.ttf; sourceTree = "<group>"; };
		1D9C8A042531092300B6F36D /* Roboto-BlackItalic.ttf */ = {isa = PBXFileReference; lastKnownFileType = file; name = "Roboto-BlackItalic.ttf"; path = "../assets/fonts/Roboto-BlackItalic.ttf"; sourceTree = "<group>"; };
		1D9C8A052531092300B6F36D /* Roboto-Regular.ttf */ = {isa = PBXFileReference; lastKnownFileType = file; name = "Roboto-Regular.ttf"; path = "../assets/fonts/Roboto-Regular.ttf"; sourceTree = "<group>"; };
		1D9C8A062531092300B6F36D /* RobotoCondensed-BoldItalic.ttf */ = {isa = PBXFileReference; lastKnownFileType = file; name = "RobotoCondensed-BoldItalic.ttf"; path = "../assets/fonts/RobotoCondensed-BoldItalic.ttf"; sourceTree = "<group>"; };
		1D9C8A072531092300B6F36D /* OpenSans.ttf */ = {isa = PBXFileReference; lastKnownFileType = file; name = OpenSans.ttf; path = ../assets/fonts/OpenSans.ttf; sourceTree = "<group>"; };
		1D9C8A082531092300B6F36D /* Ionicons.ttf */ = {isa = PBXFileReference; lastKnownFileType = file; name = Ionicons.ttf; path = ../assets/fonts/Ionicons.ttf; sourceTree = "<group>"; };
		1D9C8A092531092300B6F36D /* Feather.ttf */ = {isa = PBXFileReference; lastKnownFileType = file; name = Feather.ttf; path = ../assets/fonts/Feather.ttf; sourceTree = "<group>"; };
		1D9C8A0A2531092400B6F36D /* FontAwesome5_Solid.ttf */ = {isa = PBXFileReference; lastKnownFileType = file; name = FontAwesome5_Solid.ttf; path = ../assets/fonts/FontAwesome5_Solid.ttf; sourceTree = "<group>"; };
		1D9C8A0B2531092400B6F36D /* OpenSans-Light.ttf */ = {isa = PBXFileReference; lastKnownFileType = file; name = "OpenSans-Light.ttf"; path = "../assets/fonts/OpenSans-Light.ttf"; sourceTree = "<group>"; };
		1D9C8A0C2531092400B6F36D /* OpenSans-ExtraBold.ttf */ = {isa = PBXFileReference; lastKnownFileType = file; name = "OpenSans-ExtraBold.ttf"; path = "../assets/fonts/OpenSans-ExtraBold.ttf"; sourceTree = "<group>"; };
		1D9C8A0D2531092400B6F36D /* Roboto-Bold.ttf */ = {isa = PBXFileReference; lastKnownFileType = file; name = "Roboto-Bold.ttf"; path = "../assets/fonts/Roboto-Bold.ttf"; sourceTree = "<group>"; };
		1D9C8A0E2531092400B6F36D /* OpenSans-SemiBold.ttf */ = {isa = PBXFileReference; lastKnownFileType = file; name = "OpenSans-SemiBold.ttf"; path = "../assets/fonts/OpenSans-SemiBold.ttf"; sourceTree = "<group>"; };
		1D9C8A0F2531092400B6F36D /* Roboto-ThinItalic.ttf */ = {isa = PBXFileReference; lastKnownFileType = file; name = "Roboto-ThinItalic.ttf"; path = "../assets/fonts/Roboto-ThinItalic.ttf"; sourceTree = "<group>"; };
		1D9C8A102531092400B6F36D /* Entypo.ttf */ = {isa = PBXFileReference; lastKnownFileType = file; name = Entypo.ttf; path = ../assets/fonts/Entypo.ttf; sourceTree = "<group>"; };
		1D9C8A112531092400B6F36D /* OpenSans-Bold.ttf */ = {isa = PBXFileReference; lastKnownFileType = file; name = "OpenSans-Bold.ttf"; path = "../assets/fonts/OpenSans-Bold.ttf"; sourceTree = "<group>"; };
		1D9C8A122531092400B6F36D /* FontAwesome5_Brands.ttf */ = {isa = PBXFileReference; lastKnownFileType = file; name = FontAwesome5_Brands.ttf; path = ../assets/fonts/FontAwesome5_Brands.ttf; sourceTree = "<group>"; };
		1D9C8A132531092400B6F36D /* Foundation.ttf */ = {isa = PBXFileReference; lastKnownFileType = file; name = Foundation.ttf; path = ../assets/fonts/Foundation.ttf; sourceTree = "<group>"; };
		1D9C8A142531092400B6F36D /* Roboto-Medium.ttf */ = {isa = PBXFileReference; lastKnownFileType = file; name = "Roboto-Medium.ttf"; path = "../assets/fonts/Roboto-Medium.ttf"; sourceTree = "<group>"; };
		1D9C8A152531092400B6F36D /* OpenSans-LightItalic.ttf */ = {isa = PBXFileReference; lastKnownFileType = file; name = "OpenSans-LightItalic.ttf"; path = "../assets/fonts/OpenSans-LightItalic.ttf"; sourceTree = "<group>"; };
		1D9C8A162531092400B6F36D /* RobotoCondensed-Italic.ttf */ = {isa = PBXFileReference; lastKnownFileType = file; name = "RobotoCondensed-Italic.ttf"; path = "../assets/fonts/RobotoCondensed-Italic.ttf"; sourceTree = "<group>"; };
		1D9C8A172531092400B6F36D /* Lora-Regular.ttf */ = {isa = PBXFileReference; lastKnownFileType = file; name = "Lora-Regular.ttf"; path = "../assets/fonts/Lora-Regular.ttf"; sourceTree = "<group>"; };
		1D9C8A182531092400B6F36D /* OpenSans-BoldItalic.ttf */ = {isa = PBXFileReference; lastKnownFileType = file; name = "OpenSans-BoldItalic.ttf"; path = "../assets/fonts/OpenSans-BoldItalic.ttf"; sourceTree = "<group>"; };
		1D9C8A4B2531097900B6F36D /* Roboto-ThinItalic.ttf */ = {isa = PBXFileReference; lastKnownFileType = file; name = "Roboto-ThinItalic.ttf"; path = "../assets/fonts/Roboto-ThinItalic.ttf"; sourceTree = "<group>"; };
		1D9C8A4C2531097900B6F36D /* Roboto-BoldItalic.ttf */ = {isa = PBXFileReference; lastKnownFileType = file; name = "Roboto-BoldItalic.ttf"; path = "../assets/fonts/Roboto-BoldItalic.ttf"; sourceTree = "<group>"; };
		1D9C8A4D2531097900B6F36D /* Roboto-LightItalic.ttf */ = {isa = PBXFileReference; lastKnownFileType = file; name = "Roboto-LightItalic.ttf"; path = "../assets/fonts/Roboto-LightItalic.ttf"; sourceTree = "<group>"; };
		1D9C8A4E2531097900B6F36D /* Roboto-Italic.ttf */ = {isa = PBXFileReference; lastKnownFileType = file; name = "Roboto-Italic.ttf"; path = "../assets/fonts/Roboto-Italic.ttf"; sourceTree = "<group>"; };
		1D9C8A4F2531097900B6F36D /* Roboto-Bold.ttf */ = {isa = PBXFileReference; lastKnownFileType = file; name = "Roboto-Bold.ttf"; path = "../assets/fonts/Roboto-Bold.ttf"; sourceTree = "<group>"; };
		1D9C8A502531097900B6F36D /* Roboto-Light.ttf */ = {isa = PBXFileReference; lastKnownFileType = file; name = "Roboto-Light.ttf"; path = "../assets/fonts/Roboto-Light.ttf"; sourceTree = "<group>"; };
		1D9C8A512531097900B6F36D /* RobotoCondensed-Italic.ttf */ = {isa = PBXFileReference; lastKnownFileType = file; name = "RobotoCondensed-Italic.ttf"; path = "../assets/fonts/RobotoCondensed-Italic.ttf"; sourceTree = "<group>"; };
		1D9C8A522531097900B6F36D /* Roboto-MediumItalic.ttf */ = {isa = PBXFileReference; lastKnownFileType = file; name = "Roboto-MediumItalic.ttf"; path = "../assets/fonts/Roboto-MediumItalic.ttf"; sourceTree = "<group>"; };
		1D9C8A532531097900B6F36D /* Roboto-Thin.ttf */ = {isa = PBXFileReference; lastKnownFileType = file; name = "Roboto-Thin.ttf"; path = "../assets/fonts/Roboto-Thin.ttf"; sourceTree = "<group>"; };
		1D9C8A542531097900B6F36D /* RobotoCondensed-Light.ttf */ = {isa = PBXFileReference; lastKnownFileType = file; name = "RobotoCondensed-Light.ttf"; path = "../assets/fonts/RobotoCondensed-Light.ttf"; sourceTree = "<group>"; };
		1D9C8A552531097900B6F36D /* Roboto-Black.ttf */ = {isa = PBXFileReference; lastKnownFileType = file; name = "Roboto-Black.ttf"; path = "../assets/fonts/Roboto-Black.ttf"; sourceTree = "<group>"; };
		1D9C8A562531097900B6F36D /* RobotoCondensed-Regular.ttf */ = {isa = PBXFileReference; lastKnownFileType = file; name = "RobotoCondensed-Regular.ttf"; path = "../assets/fonts/RobotoCondensed-Regular.ttf"; sourceTree = "<group>"; };
		1D9C8A572531097900B6F36D /* RobotoCondensed-BoldItalic.ttf */ = {isa = PBXFileReference; lastKnownFileType = file; name = "RobotoCondensed-BoldItalic.ttf"; path = "../assets/fonts/RobotoCondensed-BoldItalic.ttf"; sourceTree = "<group>"; };
		1D9C8A582531097900B6F36D /* Roboto-BlackItalic.ttf */ = {isa = PBXFileReference; lastKnownFileType = file; name = "Roboto-BlackItalic.ttf"; path = "../assets/fonts/Roboto-BlackItalic.ttf"; sourceTree = "<group>"; };
		1D9C8A592531097900B6F36D /* RobotoCondensed-Bold.ttf */ = {isa = PBXFileReference; lastKnownFileType = file; name = "RobotoCondensed-Bold.ttf"; path = "../assets/fonts/RobotoCondensed-Bold.ttf"; sourceTree = "<group>"; };
		1D9C8A5A2531097900B6F36D /* Roboto-Regular.ttf */ = {isa = PBXFileReference; lastKnownFileType = file; name = "Roboto-Regular.ttf"; path = "../assets/fonts/Roboto-Regular.ttf"; sourceTree = "<group>"; };
		1D9C8A5B2531097900B6F36D /* RobotoCondensed-LightItalic.ttf */ = {isa = PBXFileReference; lastKnownFileType = file; name = "RobotoCondensed-LightItalic.ttf"; path = "../assets/fonts/RobotoCondensed-LightItalic.ttf"; sourceTree = "<group>"; };
		1D9C8A5C2531097900B6F36D /* Roboto-Medium.ttf */ = {isa = PBXFileReference; lastKnownFileType = file; name = "Roboto-Medium.ttf"; path = "../assets/fonts/Roboto-Medium.ttf"; sourceTree = "<group>"; };
		1D9C8A702531098F00B6F36D /* OpenSans.ttf */ = {isa = PBXFileReference; lastKnownFileType = file; name = OpenSans.ttf; path = ../assets/fonts/OpenSans.ttf; sourceTree = "<group>"; };
		1D9C8A73253109A800B6F36D /* OpenSans-BoldItalic.ttf */ = {isa = PBXFileReference; lastKnownFileType = file; name = "OpenSans-BoldItalic.ttf"; path = "../assets/fonts/OpenSans-BoldItalic.ttf"; sourceTree = "<group>"; };
		1D9C8A74253109A800B6F36D /* FontAwesome.ttf */ = {isa = PBXFileReference; lastKnownFileType = file; name = FontAwesome.ttf; path = ../assets/fonts/FontAwesome.ttf; sourceTree = "<group>"; };
		1D9C8A75253109A800B6F36D /* OpenSans-Italic.ttf */ = {isa = PBXFileReference; lastKnownFileType = file; name = "OpenSans-Italic.ttf"; path = "../assets/fonts/OpenSans-Italic.ttf"; sourceTree = "<group>"; };
		1D9C8A76253109A800B6F36D /* OpenSans-SemiBoldItalic.ttf */ = {isa = PBXFileReference; lastKnownFileType = file; name = "OpenSans-SemiBoldItalic.ttf"; path = "../assets/fonts/OpenSans-SemiBoldItalic.ttf"; sourceTree = "<group>"; };
		1D9C8A77253109A800B6F36D /* OpenSans-LightItalic.ttf */ = {isa = PBXFileReference; lastKnownFileType = file; name = "OpenSans-LightItalic.ttf"; path = "../assets/fonts/OpenSans-LightItalic.ttf"; sourceTree = "<group>"; };
		1D9C8A78253109A800B6F36D /* Ionicons.ttf */ = {isa = PBXFileReference; lastKnownFileType = file; name = Ionicons.ttf; path = ../assets/fonts/Ionicons.ttf; sourceTree = "<group>"; };
		1D9C8A79253109A800B6F36D /* EvilIcons.ttf */ = {isa = PBXFileReference; lastKnownFileType = file; name = EvilIcons.ttf; path = ../assets/fonts/EvilIcons.ttf; sourceTree = "<group>"; };
		1D9C8A7A253109A800B6F36D /* Entypo.ttf */ = {isa = PBXFileReference; lastKnownFileType = file; name = Entypo.ttf; path = ../assets/fonts/Entypo.ttf; sourceTree = "<group>"; };
		1D9C8A7B253109A800B6F36D /* Octicons.ttf */ = {isa = PBXFileReference; lastKnownFileType = file; name = Octicons.ttf; path = ../assets/fonts/Octicons.ttf; sourceTree = "<group>"; };
		1D9C8A7C253109A800B6F36D /* MaterialIcons.ttf */ = {isa = PBXFileReference; lastKnownFileType = file; name = MaterialIcons.ttf; path = ../assets/fonts/MaterialIcons.ttf; sourceTree = "<group>"; };
		1D9C8A7D253109A800B6F36D /* Feather.ttf */ = {isa = PBXFileReference; lastKnownFileType = file; name = Feather.ttf; path = ../assets/fonts/Feather.ttf; sourceTree = "<group>"; };
		1D9C8A7E253109A800B6F36D /* FontAwesome5_Regular.ttf */ = {isa = PBXFileReference; lastKnownFileType = file; name = FontAwesome5_Regular.ttf; path = ../assets/fonts/FontAwesome5_Regular.ttf; sourceTree = "<group>"; };
		1D9C8A7F253109A800B6F36D /* AntDesign.ttf */ = {isa = PBXFileReference; lastKnownFileType = file; name = AntDesign.ttf; path = ../assets/fonts/AntDesign.ttf; sourceTree = "<group>"; };
		1D9C8A80253109A800B6F36D /* MaterialCommunityIcons.ttf */ = {isa = PBXFileReference; lastKnownFileType = file; name = MaterialCommunityIcons.ttf; path = ../assets/fonts/MaterialCommunityIcons.ttf; sourceTree = "<group>"; };
		1D9C8A81253109A800B6F36D /* Lora-Regular.ttf */ = {isa = PBXFileReference; lastKnownFileType = file; name = "Lora-Regular.ttf"; path = "../assets/fonts/Lora-Regular.ttf"; sourceTree = "<group>"; };
		1D9C8A82253109A800B6F36D /* OpenSans-ExtraBoldItalic.ttf */ = {isa = PBXFileReference; lastKnownFileType = file; name = "OpenSans-ExtraBoldItalic.ttf"; path = "../assets/fonts/OpenSans-ExtraBoldItalic.ttf"; sourceTree = "<group>"; };
		1D9C8A83253109A800B6F36D /* OpenSans-ExtraBold.ttf */ = {isa = PBXFileReference; lastKnownFileType = file; name = "OpenSans-ExtraBold.ttf"; path = "../assets/fonts/OpenSans-ExtraBold.ttf"; sourceTree = "<group>"; };
		1D9C8A84253109A800B6F36D /* FontAwesome5_Solid.ttf */ = {isa = PBXFileReference; lastKnownFileType = file; name = FontAwesome5_Solid.ttf; path = ../assets/fonts/FontAwesome5_Solid.ttf; sourceTree = "<group>"; };
		1D9C8A85253109A800B6F36D /* OpenSans-Light.ttf */ = {isa = PBXFileReference; lastKnownFileType = file; name = "OpenSans-Light.ttf"; path = "../assets/fonts/OpenSans-Light.ttf"; sourceTree = "<group>"; };
		1D9C8A86253109A800B6F36D /* FontAwesome5_Brands.ttf */ = {isa = PBXFileReference; lastKnownFileType = file; name = FontAwesome5_Brands.ttf; path = ../assets/fonts/FontAwesome5_Brands.ttf; sourceTree = "<group>"; };
		1D9C8A87253109A800B6F36D /* OpenSans-Bold.ttf */ = {isa = PBXFileReference; lastKnownFileType = file; name = "OpenSans-Bold.ttf"; path = "../assets/fonts/OpenSans-Bold.ttf"; sourceTree = "<group>"; };
		1D9C8A88253109A800B6F36D /* OpenSans-SemiBold.ttf */ = {isa = PBXFileReference; lastKnownFileType = file; name = "OpenSans-SemiBold.ttf"; path = "../assets/fonts/OpenSans-SemiBold.ttf"; sourceTree = "<group>"; };
		1D9C8A89253109A800B6F36D /* NanumPen.ttf */ = {isa = PBXFileReference; lastKnownFileType = file; name = NanumPen.ttf; path = ../assets/fonts/NanumPen.ttf; sourceTree = "<group>"; };
		1D9C8A8A253109A800B6F36D /* Fontisto.ttf */ = {isa = PBXFileReference; lastKnownFileType = file; name = Fontisto.ttf; path = ../assets/fonts/Fontisto.ttf; sourceTree = "<group>"; };
		1D9C8A8B253109A800B6F36D /* Foundation.ttf */ = {isa = PBXFileReference; lastKnownFileType = file; name = Foundation.ttf; path = ../assets/fonts/Foundation.ttf; sourceTree = "<group>"; };
		1D9C8AAB253109DB00B6F36D /* Roboto-Black.ttf */ = {isa = PBXFileReference; lastKnownFileType = file; name = "Roboto-Black.ttf"; path = "../assets/fonts/Roboto-Black.ttf"; sourceTree = "<group>"; };
		1D9C8AAC253109DB00B6F36D /* Roboto-LightItalic.ttf */ = {isa = PBXFileReference; lastKnownFileType = file; name = "Roboto-LightItalic.ttf"; path = "../assets/fonts/Roboto-LightItalic.ttf"; sourceTree = "<group>"; };
		1D9C8AAD253109DB00B6F36D /* Roboto-Italic.ttf */ = {isa = PBXFileReference; lastKnownFileType = file; name = "Roboto-Italic.ttf"; path = "../assets/fonts/Roboto-Italic.ttf"; sourceTree = "<group>"; };
		1D9C8AAE253109DB00B6F36D /* Roboto-ThinItalic.ttf */ = {isa = PBXFileReference; lastKnownFileType = file; name = "Roboto-ThinItalic.ttf"; path = "../assets/fonts/Roboto-ThinItalic.ttf"; sourceTree = "<group>"; };
		1D9C8AAF253109DB00B6F36D /* Roboto-Bold.ttf */ = {isa = PBXFileReference; lastKnownFileType = file; name = "Roboto-Bold.ttf"; path = "../assets/fonts/Roboto-Bold.ttf"; sourceTree = "<group>"; };
		1D9C8AB0253109DB00B6F36D /* Roboto-BoldItalic.ttf */ = {isa = PBXFileReference; lastKnownFileType = file; name = "Roboto-BoldItalic.ttf"; path = "../assets/fonts/Roboto-BoldItalic.ttf"; sourceTree = "<group>"; };
		1D9C8AB1253109DB00B6F36D /* Roboto-Regular.ttf */ = {isa = PBXFileReference; lastKnownFileType = file; name = "Roboto-Regular.ttf"; path = "../assets/fonts/Roboto-Regular.ttf"; sourceTree = "<group>"; };
		1D9C8AB2253109DB00B6F36D /* Roboto-Thin.ttf */ = {isa = PBXFileReference; lastKnownFileType = file; name = "Roboto-Thin.ttf"; path = "../assets/fonts/Roboto-Thin.ttf"; sourceTree = "<group>"; };
		1D9C8AB3253109DB00B6F36D /* Roboto-BlackItalic.ttf */ = {isa = PBXFileReference; lastKnownFileType = file; name = "Roboto-BlackItalic.ttf"; path = "../assets/fonts/Roboto-BlackItalic.ttf"; sourceTree = "<group>"; };
		1D9C8AB4253109DB00B6F36D /* RobotoCondensed-BoldItalic.ttf */ = {isa = PBXFileReference; lastKnownFileType = file; name = "RobotoCondensed-BoldItalic.ttf"; path = "../assets/fonts/RobotoCondensed-BoldItalic.ttf"; sourceTree = "<group>"; };
		1D9C8AB5253109DB00B6F36D /* RobotoCondensed-Light.ttf */ = {isa = PBXFileReference; lastKnownFileType = file; name = "RobotoCondensed-Light.ttf"; path = "../assets/fonts/RobotoCondensed-Light.ttf"; sourceTree = "<group>"; };
		1D9C8AB6253109DB00B6F36D /* RobotoCondensed-LightItalic.ttf */ = {isa = PBXFileReference; lastKnownFileType = file; name = "RobotoCondensed-LightItalic.ttf"; path = "../assets/fonts/RobotoCondensed-LightItalic.ttf"; sourceTree = "<group>"; };
		1D9C8AB7253109DB00B6F36D /* RobotoCondensed-Bold.ttf */ = {isa = PBXFileReference; lastKnownFileType = file; name = "RobotoCondensed-Bold.ttf"; path = "../assets/fonts/RobotoCondensed-Bold.ttf"; sourceTree = "<group>"; };
		1D9C8AB8253109DB00B6F36D /* Roboto-Medium.ttf */ = {isa = PBXFileReference; lastKnownFileType = file; name = "Roboto-Medium.ttf"; path = "../assets/fonts/Roboto-Medium.ttf"; sourceTree = "<group>"; };
		1D9C8AB9253109DB00B6F36D /* RobotoCondensed-Regular.ttf */ = {isa = PBXFileReference; lastKnownFileType = file; name = "RobotoCondensed-Regular.ttf"; path = "../assets/fonts/RobotoCondensed-Regular.ttf"; sourceTree = "<group>"; };
		1D9C8ABA253109DB00B6F36D /* RobotoCondensed-Italic.ttf */ = {isa = PBXFileReference; lastKnownFileType = file; name = "RobotoCondensed-Italic.ttf"; path = "../assets/fonts/RobotoCondensed-Italic.ttf"; sourceTree = "<group>"; };
		1D9C8ABB253109DB00B6F36D /* Roboto-Light.ttf */ = {isa = PBXFileReference; lastKnownFileType = file; name = "Roboto-Light.ttf"; path = "../assets/fonts/Roboto-Light.ttf"; sourceTree = "<group>"; };
		1D9C8ABC253109DB00B6F36D /* Roboto-MediumItalic.ttf */ = {isa = PBXFileReference; lastKnownFileType = file; name = "Roboto-MediumItalic.ttf"; path = "../assets/fonts/Roboto-MediumItalic.ttf"; sourceTree = "<group>"; };
		1D9C8AD0253109ED00B6F36D /* OpenSans.ttf */ = {isa = PBXFileReference; lastKnownFileType = file; name = OpenSans.ttf; path = ../assets/fonts/OpenSans.ttf; sourceTree = "<group>"; };
		1D9C8AD3253109F300B6F36D /* Zocial.ttf */ = {isa = PBXFileReference; lastKnownFileType = file; name = Zocial.ttf; path = ../assets/fonts/Zocial.ttf; sourceTree = "<group>"; };
		1D9C8AD725310A3600B6F36D /* OpenSans-Bold.ttf */ = {isa = PBXFileReference; lastKnownFileType = file; name = "OpenSans-Bold.ttf"; path = "../assets/fonts/OpenSans-Bold.ttf"; sourceTree = "<group>"; };
		1DB96FB925314BE00002607D /* OpenSans-Regular.ttf */ = {isa = PBXFileReference; lastKnownFileType = file; name = "OpenSans-Regular.ttf"; path = "../assets/fonts/OpenSans-Regular.ttf"; sourceTree = "<group>"; };
		1DB96FBC25314C140002607D /* OpenSans-Regular.ttf */ = {isa = PBXFileReference; lastKnownFileType = file; name = "OpenSans-Regular.ttf"; path = "../assets/fonts/OpenSans-Regular.ttf"; sourceTree = "<group>"; };
		21B46AEF176F43F89E22A0B6 /* OpenSans-ExtraBold.ttf */ = {isa = PBXFileReference; explicitFileType = undefined; fileEncoding = 9; includeInIndex = 0; lastKnownFileType = unknown; name = "OpenSans-ExtraBold.ttf"; path = "../assets/fonts/OpenSans-ExtraBold.ttf"; sourceTree = "<group>"; };
		2241E7ED44FC4E39AD21B2F5 /* Roboto-Regular.ttf */ = {isa = PBXFileReference; explicitFileType = undefined; fileEncoding = 9; includeInIndex = 0; lastKnownFileType = unknown; name = "Roboto-Regular.ttf"; path = "../assets/fonts/Roboto-Regular.ttf"; sourceTree = "<group>"; };
		2337BCBA20B0496F8B706AEA /* SimpleLineIcons.ttf */ = {isa = PBXFileReference; explicitFileType = undefined; fileEncoding = 9; includeInIndex = 0; lastKnownFileType = unknown; name = SimpleLineIcons.ttf; path = ../assets/fonts/SimpleLineIcons.ttf; sourceTree = "<group>"; };
		260D068A569A4B32AA2D8607 /* RobotoCondensed-Bold.ttf */ = {isa = PBXFileReference; explicitFileType = undefined; fileEncoding = 9; includeInIndex = 0; lastKnownFileType = unknown; name = "RobotoCondensed-Bold.ttf"; path = "../assets/fonts/RobotoCondensed-Bold.ttf"; sourceTree = "<group>"; };
		2BE59999B4684C23B5DED88B /* Lora-Regular.ttf */ = {isa = PBXFileReference; explicitFileType = undefined; fileEncoding = 9; includeInIndex = 0; lastKnownFileType = unknown; name = "Lora-Regular.ttf"; path = "../assets/fonts/Lora-Regular.ttf"; sourceTree = "<group>"; };
		2F2FDBCC8CC544B6B818A40B /* RobotoCondensed-Italic.ttf */ = {isa = PBXFileReference; explicitFileType = undefined; fileEncoding = 9; includeInIndex = 0; lastKnownFileType = unknown; name = "RobotoCondensed-Italic.ttf"; path = "../assets/fonts/RobotoCondensed-Italic.ttf"; sourceTree = "<group>"; };
		3B3197DB633C42A69ABB9E13 /* OpenSans-Bold.ttf */ = {isa = PBXFileReference; explicitFileType = undefined; fileEncoding = 9; includeInIndex = 0; lastKnownFileType = unknown; name = "OpenSans-Bold.ttf"; path = "../assets/fonts/OpenSans-Bold.ttf"; sourceTree = "<group>"; };
		3B9E7B3E2314F58ED5ECF4EE /* Pods-Pianote2-tvOS.release.xcconfig */ = {isa = PBXFileReference; includeInIndex = 1; lastKnownFileType = text.xcconfig; name = "Pods-Pianote2-tvOS.release.xcconfig"; path = "Target Support Files/Pods-Pianote2-tvOS/Pods-Pianote2-tvOS.release.xcconfig"; sourceTree = "<group>"; };
		4248F136BB9848609FD744BF /* Foundation.ttf */ = {isa = PBXFileReference; explicitFileType = undefined; fileEncoding = 9; includeInIndex = 0; lastKnownFileType = unknown; name = Foundation.ttf; path = ../assets/fonts/Foundation.ttf; sourceTree = "<group>"; };
		42E4A549B10642159C2829A3 /* OpenSans-SemiboldItalic.ttf */ = {isa = PBXFileReference; explicitFileType = undefined; fileEncoding = 9; includeInIndex = 0; lastKnownFileType = unknown; name = "OpenSans-SemiboldItalic.ttf"; path = "../assets/fonts/OpenSans-SemiboldItalic.ttf"; sourceTree = "<group>"; };
		43A49CF62511F2F400AB8390 /* GoogleService-Info.plist */ = {isa = PBXFileReference; fileEncoding = 4; lastKnownFileType = text.plist.xml; path = "GoogleService-Info.plist"; sourceTree = "<group>"; };
		43A49CF825120A3F00AB8390 /* dummy.swift */ = {isa = PBXFileReference; fileEncoding = 4; lastKnownFileType = sourcecode.swift; path = dummy.swift; sourceTree = "<group>"; };
		43A49CF925120A3F00AB8390 /* Pianote2-Bridging-Header.h */ = {isa = PBXFileReference; fileEncoding = 4; lastKnownFileType = sourcecode.c.h; path = "Pianote2-Bridging-Header.h"; sourceTree = "<group>"; };
		43B8703E938DA7FE4B92548E /* Pods-Pianote2.release.xcconfig */ = {isa = PBXFileReference; includeInIndex = 1; lastKnownFileType = text.xcconfig; name = "Pods-Pianote2.release.xcconfig"; path = "Target Support Files/Pods-Pianote2/Pods-Pianote2.release.xcconfig"; sourceTree = "<group>"; };
		47BF4B6298D94DE7A27D9E25 /* FontAwesome5_Brands.ttf */ = {isa = PBXFileReference; explicitFileType = undefined; fileEncoding = 9; includeInIndex = 0; lastKnownFileType = unknown; name = FontAwesome5_Brands.ttf; path = ../assets/fonts/FontAwesome5_Brands.ttf; sourceTree = "<group>"; };
		4BCCB580AC594394AC37EED5 /* Octicons.ttf */ = {isa = PBXFileReference; explicitFileType = undefined; fileEncoding = 9; includeInIndex = 0; lastKnownFileType = unknown; name = Octicons.ttf; path = ../assets/fonts/Octicons.ttf; sourceTree = "<group>"; };
		4C264DAE01BB6969328BC940 /* Pods-Pianote2-tvOS.debug.xcconfig */ = {isa = PBXFileReference; includeInIndex = 1; lastKnownFileType = text.xcconfig; name = "Pods-Pianote2-tvOS.debug.xcconfig"; path = "Target Support Files/Pods-Pianote2-tvOS/Pods-Pianote2-tvOS.debug.xcconfig"; sourceTree = "<group>"; };
		4C851460BB8505E3363FBECE /* Pods-Pianote2Tests.debug.xcconfig */ = {isa = PBXFileReference; includeInIndex = 1; lastKnownFileType = text.xcconfig; name = "Pods-Pianote2Tests.debug.xcconfig"; path = "Target Support Files/Pods-Pianote2Tests/Pods-Pianote2Tests.debug.xcconfig"; sourceTree = "<group>"; };
		4CA90068FB4E4AEA9311F955 /* Roboto-LightItalic.ttf */ = {isa = PBXFileReference; explicitFileType = undefined; fileEncoding = 9; includeInIndex = 0; lastKnownFileType = unknown; name = "Roboto-LightItalic.ttf"; path = "../assets/fonts/Roboto-LightItalic.ttf"; sourceTree = "<group>"; };
		4FEE23B2237C7E3900907E72 /* libRNGestureHandler.a */ = {isa = PBXFileReference; explicitFileType = archive.ar; path = libRNGestureHandler.a; sourceTree = BUILT_PRODUCTS_DIR; };
		51034C2C24B948E5BA489724 /* EvilIcons.ttf */ = {isa = PBXFileReference; explicitFileType = undefined; fileEncoding = 9; includeInIndex = 0; lastKnownFileType = unknown; name = EvilIcons.ttf; path = ../assets/fonts/EvilIcons.ttf; sourceTree = "<group>"; };
		51EDC5F3837449F480045CA9 /* MaterialCommunityIcons.ttf */ = {isa = PBXFileReference; explicitFileType = undefined; fileEncoding = 9; includeInIndex = 0; lastKnownFileType = unknown; name = MaterialCommunityIcons.ttf; path = ../assets/fonts/MaterialCommunityIcons.ttf; sourceTree = "<group>"; };
		5E834D651A1E49979FB84CCB /* OpenSans-SemiBoldItalic.ttf */ = {isa = PBXFileReference; explicitFileType = undefined; fileEncoding = 9; includeInIndex = 0; lastKnownFileType = unknown; name = "OpenSans-SemiBoldItalic.ttf"; path = "../assets/fonts/OpenSans-SemiBoldItalic.ttf"; sourceTree = "<group>"; };
		630C7D4B14F34546992571C1 /* Feather.ttf */ = {isa = PBXFileReference; explicitFileType = undefined; fileEncoding = 9; includeInIndex = 0; lastKnownFileType = unknown; name = Feather.ttf; path = ../assets/fonts/Feather.ttf; sourceTree = "<group>"; };
		63884ED4FDF2CCAEA6F88C7E /* Pods-Pianote2Tests.release.xcconfig */ = {isa = PBXFileReference; includeInIndex = 1; lastKnownFileType = text.xcconfig; name = "Pods-Pianote2Tests.release.xcconfig"; path = "Target Support Files/Pods-Pianote2Tests/Pods-Pianote2Tests.release.xcconfig"; sourceTree = "<group>"; };
		6613AD836E37420F8EAC907B /* Roboto-Thin.ttf */ = {isa = PBXFileReference; explicitFileType = undefined; fileEncoding = 9; includeInIndex = 0; lastKnownFileType = unknown; name = "Roboto-Thin.ttf"; path = "../assets/fonts/Roboto-Thin.ttf"; sourceTree = "<group>"; };
		66227BB2BEC04A8D87E70EA5 /* Roboto-Medium.ttf */ = {isa = PBXFileReference; explicitFileType = undefined; fileEncoding = 9; includeInIndex = 0; lastKnownFileType = unknown; name = "Roboto-Medium.ttf"; path = "../assets/fonts/Roboto-Medium.ttf"; sourceTree = "<group>"; };
		67CA287758A347039B7051DE /* Roboto-MediumItalic.ttf */ = {isa = PBXFileReference; explicitFileType = undefined; fileEncoding = 9; includeInIndex = 0; lastKnownFileType = unknown; name = "Roboto-MediumItalic.ttf"; path = "../assets/fonts/Roboto-MediumItalic.ttf"; sourceTree = "<group>"; };
		6BFDFDAA03A34669BBA915F4 /* Fontisto.ttf */ = {isa = PBXFileReference; explicitFileType = undefined; fileEncoding = 9; includeInIndex = 0; lastKnownFileType = unknown; name = Fontisto.ttf; path = ../assets/fonts/Fontisto.ttf; sourceTree = "<group>"; };
		7417E36D6C360D05886BB698 /* libPods-Pianote2-tvOSTests.a */ = {isa = PBXFileReference; explicitFileType = archive.ar; includeInIndex = 0; path = "libPods-Pianote2-tvOSTests.a"; sourceTree = BUILT_PRODUCTS_DIR; };
		75507E5A680C4542817597F8 /* RobotoCondensed-Regular.ttf */ = {isa = PBXFileReference; explicitFileType = undefined; fileEncoding = 9; includeInIndex = 0; lastKnownFileType = unknown; name = "RobotoCondensed-Regular.ttf"; path = "../assets/fonts/RobotoCondensed-Regular.ttf"; sourceTree = "<group>"; };
		792EFAAEFFC82DEE93D0B533 /* Pods-Pianote2.debug.xcconfig */ = {isa = PBXFileReference; includeInIndex = 1; lastKnownFileType = text.xcconfig; name = "Pods-Pianote2.debug.xcconfig"; path = "Target Support Files/Pods-Pianote2/Pods-Pianote2.debug.xcconfig"; sourceTree = "<group>"; };
		8A01E0429783458784FF4F4C /* AntDesign.ttf */ = {isa = PBXFileReference; explicitFileType = undefined; fileEncoding = 9; includeInIndex = 0; lastKnownFileType = unknown; name = AntDesign.ttf; path = ../assets/fonts/AntDesign.ttf; sourceTree = "<group>"; };
		8DA6ECE70B934673A14C14A1 /* RobotoCondensed-BoldItalic.ttf */ = {isa = PBXFileReference; explicitFileType = undefined; fileEncoding = 9; includeInIndex = 0; lastKnownFileType = unknown; name = "RobotoCondensed-BoldItalic.ttf"; path = "../assets/fonts/RobotoCondensed-BoldItalic.ttf"; sourceTree = "<group>"; };
		9B16E81B52B54CC6959601F5 /* MaterialIcons.ttf */ = {isa = PBXFileReference; explicitFileType = undefined; fileEncoding = 9; includeInIndex = 0; lastKnownFileType = unknown; name = MaterialIcons.ttf; path = ../assets/fonts/MaterialIcons.ttf; sourceTree = "<group>"; };
		9BB2F1D7880DA6D4F0D68E99 /* libPods-Pianote2.a */ = {isa = PBXFileReference; explicitFileType = archive.ar; includeInIndex = 0; path = "libPods-Pianote2.a"; sourceTree = BUILT_PRODUCTS_DIR; };
		9D43621367A64AC589C756B1 /* RobotoCondensed-Light.ttf */ = {isa = PBXFileReference; explicitFileType = undefined; fileEncoding = 9; includeInIndex = 0; lastKnownFileType = unknown; name = "RobotoCondensed-Light.ttf"; path = "../assets/fonts/RobotoCondensed-Light.ttf"; sourceTree = "<group>"; };
		9E67E8C027ED47C5A60675F9 /* OpenSans-LightItalic.ttf */ = {isa = PBXFileReference; explicitFileType = undefined; fileEncoding = 9; includeInIndex = 0; lastKnownFileType = unknown; name = "OpenSans-LightItalic.ttf"; path = "../assets/fonts/OpenSans-LightItalic.ttf"; sourceTree = "<group>"; };
		AC7344FFB50A4DBE9E45E075 /* OpenSans-ExtraBoldItalic.ttf */ = {isa = PBXFileReference; explicitFileType = undefined; fileEncoding = 9; includeInIndex = 0; lastKnownFileType = unknown; name = "OpenSans-ExtraBoldItalic.ttf"; path = "../assets/fonts/OpenSans-ExtraBoldItalic.ttf"; sourceTree = "<group>"; };
		ADFF347C776AA68A32695D6B /* libPods-Pianote2-tvOS.a */ = {isa = PBXFileReference; explicitFileType = archive.ar; includeInIndex = 0; path = "libPods-Pianote2-tvOS.a"; sourceTree = BUILT_PRODUCTS_DIR; };
		AF3DB94E800D497FB5ECE68F /* Roboto-Italic.ttf */ = {isa = PBXFileReference; explicitFileType = undefined; fileEncoding = 9; includeInIndex = 0; lastKnownFileType = unknown; name = "Roboto-Italic.ttf"; path = "../assets/fonts/Roboto-Italic.ttf"; sourceTree = "<group>"; };
		AFA3DBCB361C4BE99118FC71 /* Roboto-ThinItalic.ttf */ = {isa = PBXFileReference; explicitFileType = undefined; fileEncoding = 9; includeInIndex = 0; lastKnownFileType = unknown; name = "Roboto-ThinItalic.ttf"; path = "../assets/fonts/Roboto-ThinItalic.ttf"; sourceTree = "<group>"; };
		B309B4EFA24541F58D19EC8D /* Ionicons.ttf */ = {isa = PBXFileReference; explicitFileType = undefined; fileEncoding = 9; includeInIndex = 0; lastKnownFileType = unknown; name = Ionicons.ttf; path = ../assets/fonts/Ionicons.ttf; sourceTree = "<group>"; };
		BAB0DF4BA41444D0B9773BDF /* OpenSans.ttf */ = {isa = PBXFileReference; explicitFileType = undefined; fileEncoding = 9; includeInIndex = 0; lastKnownFileType = unknown; name = OpenSans.ttf; path = ../assets/fonts/OpenSans.ttf; sourceTree = "<group>"; };
		C09E565ABF71447C80FFA1B5 /* Entypo.ttf */ = {isa = PBXFileReference; explicitFileType = undefined; fileEncoding = 9; includeInIndex = 0; lastKnownFileType = unknown; name = Entypo.ttf; path = ../assets/fonts/Entypo.ttf; sourceTree = "<group>"; };
		C4F437C481AD4F04A2124435 /* Roboto-BoldItalic.ttf */ = {isa = PBXFileReference; explicitFileType = undefined; fileEncoding = 9; includeInIndex = 0; lastKnownFileType = unknown; name = "Roboto-BoldItalic.ttf"; path = "../assets/fonts/Roboto-BoldItalic.ttf"; sourceTree = "<group>"; };
		C8B0A77146534DD3AE952303 /* NanumPen.ttf */ = {isa = PBXFileReference; explicitFileType = undefined; fileEncoding = 9; includeInIndex = 0; lastKnownFileType = unknown; name = NanumPen.ttf; path = ../assets/fonts/NanumPen.ttf; sourceTree = "<group>"; };
		CAF6EA305C0942538EF17CA0 /* Roboto-BlackItalic.ttf */ = {isa = PBXFileReference; explicitFileType = undefined; fileEncoding = 9; includeInIndex = 0; lastKnownFileType = unknown; name = "Roboto-BlackItalic.ttf"; path = "../assets/fonts/Roboto-BlackItalic.ttf"; sourceTree = "<group>"; };
		D346D474E4F64FF1B67FF994 /* Roboto-Bold.ttf */ = {isa = PBXFileReference; explicitFileType = undefined; fileEncoding = 9; includeInIndex = 0; lastKnownFileType = unknown; name = "Roboto-Bold.ttf"; path = "../assets/fonts/Roboto-Bold.ttf"; sourceTree = "<group>"; };
		D91B6956FDE14E9EBE607E73 /* Roboto-Light.ttf */ = {isa = PBXFileReference; explicitFileType = undefined; fileEncoding = 9; includeInIndex = 0; lastKnownFileType = unknown; name = "Roboto-Light.ttf"; path = "../assets/fonts/Roboto-Light.ttf"; sourceTree = "<group>"; };
		DAC1556EC5C443818B45B407 /* OpenSans-Semibold.ttf */ = {isa = PBXFileReference; explicitFileType = undefined; fileEncoding = 9; includeInIndex = 0; lastKnownFileType = unknown; name = "OpenSans-Semibold.ttf"; path = "../assets/fonts/OpenSans-Semibold.ttf"; sourceTree = "<group>"; };
		DDBE1689B6FE4A668FF62030 /* FontAwesome5_Regular.ttf */ = {isa = PBXFileReference; explicitFileType = undefined; fileEncoding = 9; includeInIndex = 0; lastKnownFileType = unknown; name = FontAwesome5_Regular.ttf; path = ../assets/fonts/FontAwesome5_Regular.ttf; sourceTree = "<group>"; };
		E0E0B842F34D477784F3E386 /* Roboto-Black.ttf */ = {isa = PBXFileReference; explicitFileType = undefined; fileEncoding = 9; includeInIndex = 0; lastKnownFileType = unknown; name = "Roboto-Black.ttf"; path = "../assets/fonts/Roboto-Black.ttf"; sourceTree = "<group>"; };
		ECCA03BA060441AC9A7567BE /* Zocial.ttf */ = {isa = PBXFileReference; explicitFileType = undefined; fileEncoding = 9; includeInIndex = 0; lastKnownFileType = unknown; name = Zocial.ttf; path = ../assets/fonts/Zocial.ttf; sourceTree = "<group>"; };
		ED297162215061F000B7C4FE /* JavaScriptCore.framework */ = {isa = PBXFileReference; lastKnownFileType = wrapper.framework; name = JavaScriptCore.framework; path = System/Library/Frameworks/JavaScriptCore.framework; sourceTree = SDKROOT; };
		ED2971642150620600B7C4FE /* JavaScriptCore.framework */ = {isa = PBXFileReference; lastKnownFileType = wrapper.framework; name = JavaScriptCore.framework; path = Platforms/AppleTVOS.platform/Developer/SDKs/AppleTVOS12.0.sdk/System/Library/Frameworks/JavaScriptCore.framework; sourceTree = DEVELOPER_DIR; };
		ED73B8FC49404FCA9B5AFB0C /* OpenSans-BoldItalic.ttf */ = {isa = PBXFileReference; explicitFileType = undefined; fileEncoding = 9; includeInIndex = 0; lastKnownFileType = unknown; name = "OpenSans-BoldItalic.ttf"; path = "../assets/fonts/OpenSans-BoldItalic.ttf"; sourceTree = "<group>"; };
		F1035EB079504CAC83E71C4D /* FontAwesome5_Solid.ttf */ = {isa = PBXFileReference; explicitFileType = undefined; fileEncoding = 9; includeInIndex = 0; lastKnownFileType = unknown; name = FontAwesome5_Solid.ttf; path = ../assets/fonts/FontAwesome5_Solid.ttf; sourceTree = "<group>"; };
		F5CA0AC117AA49AABB0EEA6C /* OpenSans-SemiBold.ttf */ = {isa = PBXFileReference; explicitFileType = undefined; fileEncoding = 9; includeInIndex = 0; lastKnownFileType = unknown; name = "OpenSans-SemiBold.ttf"; path = "../assets/fonts/OpenSans-SemiBold.ttf"; sourceTree = "<group>"; };
/* End PBXFileReference section */

/* Begin PBXFrameworksBuildPhase section */
		13B07F8C1A680F5B00A75B9A /* Frameworks */ = {
			isa = PBXFrameworksBuildPhase;
			buildActionMask = 2147483647;
			files = (
				4FEE23B3237C7E3900907E72 /* libRNGestureHandler.a in Frameworks */,
				7BDF023755EE73CB842A1E81 /* libPods-Pianote2.a in Frameworks */,
			);
			runOnlyForDeploymentPostprocessing = 0;
		};
/* End PBXFrameworksBuildPhase section */

/* Begin PBXGroup section */
		00E356EF1AD99517003FC87E /* Pianote2Tests */ = {
			isa = PBXGroup;
			children = (
				00E356F21AD99517003FC87E /* Pianote2Tests.m */,
				00E356F01AD99517003FC87E /* Supporting Files */,
			);
			path = Pianote2Tests;
			sourceTree = "<group>";
		};
		00E356F01AD99517003FC87E /* Supporting Files */ = {
			isa = PBXGroup;
			children = (
				00E356F11AD99517003FC87E /* Info.plist */,
			);
			name = "Supporting Files";
			sourceTree = "<group>";
		};
		02B72E92A34ECD634D16FCCD /* Pods */ = {
			isa = PBXGroup;
			children = (
				792EFAAEFFC82DEE93D0B533 /* Pods-Pianote2.debug.xcconfig */,
				43B8703E938DA7FE4B92548E /* Pods-Pianote2.release.xcconfig */,
				4C264DAE01BB6969328BC940 /* Pods-Pianote2-tvOS.debug.xcconfig */,
				3B9E7B3E2314F58ED5ECF4EE /* Pods-Pianote2-tvOS.release.xcconfig */,
				0FF9BCA63A55AEF7DC1984FF /* Pods-Pianote2-tvOSTests.debug.xcconfig */,
				183CD71B26A9B1AFA687DC5A /* Pods-Pianote2-tvOSTests.release.xcconfig */,
				4C851460BB8505E3363FBECE /* Pods-Pianote2Tests.debug.xcconfig */,
				63884ED4FDF2CCAEA6F88C7E /* Pods-Pianote2Tests.release.xcconfig */,
			);
			path = Pods;
			sourceTree = "<group>";
		};
		13B07FAE1A68108700A75B9A /* Pianote2 */ = {
			isa = PBXGroup;
			children = (
				43A49CF825120A3F00AB8390 /* dummy.swift */,
				43A49CF925120A3F00AB8390 /* Pianote2-Bridging-Header.h */,
				008F07F21AC5B25A0029DE68 /* main.jsbundle */,
				13B07FAF1A68108700A75B9A /* AppDelegate.h */,
				13B07FB01A68108700A75B9A /* AppDelegate.m */,
				13B07FB51A68108700A75B9A /* Images.xcassets */,
				13B07FB61A68108700A75B9A /* Info.plist */,
				13B07FB11A68108700A75B9A /* LaunchScreen.xib */,
				13B07FB71A68108700A75B9A /* main.m */,
			);
			name = Pianote2;
			sourceTree = "<group>";
		};
		2D16E6871FA4F8E400B85C8A /* Frameworks */ = {
			isa = PBXGroup;
			children = (
				ED297162215061F000B7C4FE /* JavaScriptCore.framework */,
				4FEE23B2237C7E3900907E72 /* libRNGestureHandler.a */,
				ED2971642150620600B7C4FE /* JavaScriptCore.framework */,
				9BB2F1D7880DA6D4F0D68E99 /* libPods-Pianote2.a */,
				ADFF347C776AA68A32695D6B /* libPods-Pianote2-tvOS.a */,
				7417E36D6C360D05886BB698 /* libPods-Pianote2-tvOSTests.a */,
				01558C2C0248C67EA24FBB20 /* libPods-Pianote2Tests.a */,
			);
			name = Frameworks;
			sourceTree = "<group>";
		};
		832341AE1AAA6A7D00B99B32 /* Libraries */ = {
			isa = PBXGroup;
			children = (
			);
			name = Libraries;
			sourceTree = "<group>";
		};
		83CBB9F61A601CBA00E9B192 = {
			isa = PBXGroup;
			children = (
				1D9C8AD725310A3600B6F36D /* OpenSans-Bold.ttf */,
				1D9C8AD3253109F300B6F36D /* Zocial.ttf */,
				1D9C8AD0253109ED00B6F36D /* OpenSans.ttf */,
				1D9C8AAB253109DB00B6F36D /* Roboto-Black.ttf */,
				1D9C8AB3253109DB00B6F36D /* Roboto-BlackItalic.ttf */,
				1D9C8AAF253109DB00B6F36D /* Roboto-Bold.ttf */,
				1D9C8AB0253109DB00B6F36D /* Roboto-BoldItalic.ttf */,
				1D9C8AAD253109DB00B6F36D /* Roboto-Italic.ttf */,
				1D9C8ABB253109DB00B6F36D /* Roboto-Light.ttf */,
				1D9C8AAC253109DB00B6F36D /* Roboto-LightItalic.ttf */,
				1D9C8AB8253109DB00B6F36D /* Roboto-Medium.ttf */,
				1DB96FBC25314C140002607D /* OpenSans-Regular.ttf */,
				1D9C8ABC253109DB00B6F36D /* Roboto-MediumItalic.ttf */,
				1D9C8AB1253109DB00B6F36D /* Roboto-Regular.ttf */,
				1D9C8AB2253109DB00B6F36D /* Roboto-Thin.ttf */,
				1D9C8AAE253109DB00B6F36D /* Roboto-ThinItalic.ttf */,
				1D9C8AB7253109DB00B6F36D /* RobotoCondensed-Bold.ttf */,
				1D9C8AB4253109DB00B6F36D /* RobotoCondensed-BoldItalic.ttf */,
				1D9C8ABA253109DB00B6F36D /* RobotoCondensed-Italic.ttf */,
				1D9C8AB5253109DB00B6F36D /* RobotoCondensed-Light.ttf */,
				1D9C8AB6253109DB00B6F36D /* RobotoCondensed-LightItalic.ttf */,
				1D9C8AB9253109DB00B6F36D /* RobotoCondensed-Regular.ttf */,
				1D9C8A7F253109A800B6F36D /* AntDesign.ttf */,
				1D9C8A7A253109A800B6F36D /* Entypo.ttf */,
				1D9C8A79253109A800B6F36D /* EvilIcons.ttf */,
				1D9C8A7D253109A800B6F36D /* Feather.ttf */,
				1DB96FB925314BE00002607D /* OpenSans-Regular.ttf */,
				1D9C8A74253109A800B6F36D /* FontAwesome.ttf */,
				1D9C8A86253109A800B6F36D /* FontAwesome5_Brands.ttf */,
				1D9C8A7E253109A800B6F36D /* FontAwesome5_Regular.ttf */,
				1D9C8A84253109A800B6F36D /* FontAwesome5_Solid.ttf */,
				1D9C8A8A253109A800B6F36D /* Fontisto.ttf */,
				1D9C8A8B253109A800B6F36D /* Foundation.ttf */,
				1D9C8A78253109A800B6F36D /* Ionicons.ttf */,
				1D9C8A81253109A800B6F36D /* Lora-Regular.ttf */,
				1D9C8A80253109A800B6F36D /* MaterialCommunityIcons.ttf */,
				1D9C8A7C253109A800B6F36D /* MaterialIcons.ttf */,
				1D9C8A89253109A800B6F36D /* NanumPen.ttf */,
				1D9C8A7B253109A800B6F36D /* Octicons.ttf */,
				1D9C8A87253109A800B6F36D /* OpenSans-Bold.ttf */,
				1D9C8A73253109A800B6F36D /* OpenSans-BoldItalic.ttf */,
				1D9C8A83253109A800B6F36D /* OpenSans-ExtraBold.ttf */,
				1D9C8A82253109A800B6F36D /* OpenSans-ExtraBoldItalic.ttf */,
				1D9C8A75253109A800B6F36D /* OpenSans-Italic.ttf */,
				1D9C8A85253109A800B6F36D /* OpenSans-Light.ttf */,
				1D9C8A77253109A800B6F36D /* OpenSans-LightItalic.ttf */,
				1D9C8A88253109A800B6F36D /* OpenSans-SemiBold.ttf */,
				1D9C8A76253109A800B6F36D /* OpenSans-SemiBoldItalic.ttf */,
				1D9C8A702531098F00B6F36D /* OpenSans.ttf */,
				1D9C8A552531097900B6F36D /* Roboto-Black.ttf */,
				1D9C8A582531097900B6F36D /* Roboto-BlackItalic.ttf */,
				1D9C8A4F2531097900B6F36D /* Roboto-Bold.ttf */,
				1D9C8A4C2531097900B6F36D /* Roboto-BoldItalic.ttf */,
				1D9C8A4E2531097900B6F36D /* Roboto-Italic.ttf */,
				1D9C8A502531097900B6F36D /* Roboto-Light.ttf */,
				1D9C8A4D2531097900B6F36D /* Roboto-LightItalic.ttf */,
				1D9C8A5C2531097900B6F36D /* Roboto-Medium.ttf */,
				1D9C8A522531097900B6F36D /* Roboto-MediumItalic.ttf */,
				1D9C8A5A2531097900B6F36D /* Roboto-Regular.ttf */,
				1D9C8A532531097900B6F36D /* Roboto-Thin.ttf */,
				1D9C8A4B2531097900B6F36D /* Roboto-ThinItalic.ttf */,
				1D9C8A592531097900B6F36D /* RobotoCondensed-Bold.ttf */,
				1D9C8A572531097900B6F36D /* RobotoCondensed-BoldItalic.ttf */,
				1D9C8A512531097900B6F36D /* RobotoCondensed-Italic.ttf */,
				1D9C8A542531097900B6F36D /* RobotoCondensed-Light.ttf */,
				1D9C8A5B2531097900B6F36D /* RobotoCondensed-LightItalic.ttf */,
				1D9C8A562531097900B6F36D /* RobotoCondensed-Regular.ttf */,
				1D9C89FC2531092300B6F36D /* AntDesign.ttf */,
				1D9C8A102531092400B6F36D /* Entypo.ttf */,
				1D9C89F42531092300B6F36D /* EvilIcons.ttf */,
				1D9C8A092531092300B6F36D /* Feather.ttf */,
				1D9C8A032531092300B6F36D /* FontAwesome.ttf */,
				1D9C8A122531092400B6F36D /* FontAwesome5_Brands.ttf */,
				1D9C89F82531092300B6F36D /* FontAwesome5_Regular.ttf */,
				1D9C8A0A2531092400B6F36D /* FontAwesome5_Solid.ttf */,
				1D9C89EE2531092300B6F36D /* Fontisto.ttf */,
				1D9C8A132531092400B6F36D /* Foundation.ttf */,
				1D9C8A082531092300B6F36D /* Ionicons.ttf */,
				1D9C8A172531092400B6F36D /* Lora-Regular.ttf */,
				1D9C89EF2531092300B6F36D /* MaterialCommunityIcons.ttf */,
				1D9C8A002531092300B6F36D /* MaterialIcons.ttf */,
				1D9C89F12531092300B6F36D /* NanumPen.ttf */,
				1D9C89F92531092300B6F36D /* Octicons.ttf */,
				1D9C8A112531092400B6F36D /* OpenSans-Bold.ttf */,
				1D9C8A182531092400B6F36D /* OpenSans-BoldItalic.ttf */,
				1D9C8A0C2531092400B6F36D /* OpenSans-ExtraBold.ttf */,
				1D9C89F02531092300B6F36D /* OpenSans-ExtraBoldItalic.ttf */,
				1D9C89F22531092300B6F36D /* OpenSans-Italic.ttf */,
				1D9C8A0B2531092400B6F36D /* OpenSans-Light.ttf */,
				1D9C8A152531092400B6F36D /* OpenSans-LightItalic.ttf */,
				1D9C8A0E2531092400B6F36D /* OpenSans-SemiBold.ttf */,
				1D9C89FE2531092300B6F36D /* OpenSans-SemiBoldItalic.ttf */,
				1D9C8A072531092300B6F36D /* OpenSans.ttf */,
				1D9C89EC2531092300B6F36D /* Roboto-Black.ttf */,
				1D9C8A042531092300B6F36D /* Roboto-BlackItalic.ttf */,
				1D9C8A0D2531092400B6F36D /* Roboto-Bold.ttf */,
				1D9C89F32531092300B6F36D /* Roboto-BoldItalic.ttf */,
				1D9C89FA2531092300B6F36D /* Roboto-Italic.ttf */,
				1D9C89ED2531092300B6F36D /* Roboto-Light.ttf */,
				1D9C8A022531092300B6F36D /* Roboto-LightItalic.ttf */,
				1D9C8A142531092400B6F36D /* Roboto-Medium.ttf */,
				1D9C89F52531092300B6F36D /* Roboto-MediumItalic.ttf */,
				1D9C8A052531092300B6F36D /* Roboto-Regular.ttf */,
				1D9C89FB2531092300B6F36D /* Roboto-Thin.ttf */,
				1D9C8A0F2531092400B6F36D /* Roboto-ThinItalic.ttf */,
				1D9C89F72531092300B6F36D /* RobotoCondensed-Bold.ttf */,
				1D9C8A062531092300B6F36D /* RobotoCondensed-BoldItalic.ttf */,
				1D9C8A162531092400B6F36D /* RobotoCondensed-Italic.ttf */,
				1D9C89FD2531092300B6F36D /* RobotoCondensed-Light.ttf */,
				1D9C89EB2531092300B6F36D /* RobotoCondensed-LightItalic.ttf */,
				1D9C89FF2531092300B6F36D /* RobotoCondensed-Regular.ttf */,
				1D9C89F62531092300B6F36D /* SimpleLineIcons.ttf */,
				1D9C8A012531092300B6F36D /* Zocial.ttf */,
				43A49CF62511F2F400AB8390 /* GoogleService-Info.plist */,
				13B07FAE1A68108700A75B9A /* Pianote2 */,
				832341AE1AAA6A7D00B99B32 /* Libraries */,
				00E356EF1AD99517003FC87E /* Pianote2Tests */,
				83CBBA001A601CBA00E9B192 /* Products */,
				2D16E6871FA4F8E400B85C8A /* Frameworks */,
				02B72E92A34ECD634D16FCCD /* Pods */,
				84E8A70D10874D9EAF408ECF /* Resources */,
			);
			indentWidth = 2;
			sourceTree = "<group>";
			tabWidth = 2;
			usesTabs = 0;
		};
		83CBBA001A601CBA00E9B192 /* Products */ = {
			isa = PBXGroup;
			children = (
				13B07F961A680F5B00A75B9A /* Pianote.app */,
			);
			name = Products;
			sourceTree = "<group>";
		};
		84E8A70D10874D9EAF408ECF /* Resources */ = {
			isa = PBXGroup;
			children = (
				8A01E0429783458784FF4F4C /* AntDesign.ttf */,
				C09E565ABF71447C80FFA1B5 /* Entypo.ttf */,
				51034C2C24B948E5BA489724 /* EvilIcons.ttf */,
				630C7D4B14F34546992571C1 /* Feather.ttf */,
				052598B0861D447497BDAEC2 /* FontAwesome.ttf */,
				47BF4B6298D94DE7A27D9E25 /* FontAwesome5_Brands.ttf */,
				DDBE1689B6FE4A668FF62030 /* FontAwesome5_Regular.ttf */,
				F1035EB079504CAC83E71C4D /* FontAwesome5_Solid.ttf */,
				6BFDFDAA03A34669BBA915F4 /* Fontisto.ttf */,
				4248F136BB9848609FD744BF /* Foundation.ttf */,
				B309B4EFA24541F58D19EC8D /* Ionicons.ttf */,
				2BE59999B4684C23B5DED88B /* Lora-Regular.ttf */,
				51EDC5F3837449F480045CA9 /* MaterialCommunityIcons.ttf */,
				9B16E81B52B54CC6959601F5 /* MaterialIcons.ttf */,
				C8B0A77146534DD3AE952303 /* NanumPen.ttf */,
				4BCCB580AC594394AC37EED5 /* Octicons.ttf */,
				3B3197DB633C42A69ABB9E13 /* OpenSans-Bold.ttf */,
				ED73B8FC49404FCA9B5AFB0C /* OpenSans-BoldItalic.ttf */,
				21B46AEF176F43F89E22A0B6 /* OpenSans-ExtraBold.ttf */,
				AC7344FFB50A4DBE9E45E075 /* OpenSans-ExtraBoldItalic.ttf */,
				04C7D85AF7E74604A0425F62 /* OpenSans-Italic.ttf */,
				05B124E7D57C4AB68FAAD32F /* OpenSans-Light.ttf */,
				9E67E8C027ED47C5A60675F9 /* OpenSans-LightItalic.ttf */,
				DAC1556EC5C443818B45B407 /* OpenSans-Semibold.ttf */,
				42E4A549B10642159C2829A3 /* OpenSans-SemiboldItalic.ttf */,
				BAB0DF4BA41444D0B9773BDF /* OpenSans.ttf */,
				E0E0B842F34D477784F3E386 /* Roboto-Black.ttf */,
				CAF6EA305C0942538EF17CA0 /* Roboto-BlackItalic.ttf */,
				D346D474E4F64FF1B67FF994 /* Roboto-Bold.ttf */,
				C4F437C481AD4F04A2124435 /* Roboto-BoldItalic.ttf */,
				AF3DB94E800D497FB5ECE68F /* Roboto-Italic.ttf */,
				D91B6956FDE14E9EBE607E73 /* Roboto-Light.ttf */,
				4CA90068FB4E4AEA9311F955 /* Roboto-LightItalic.ttf */,
				66227BB2BEC04A8D87E70EA5 /* Roboto-Medium.ttf */,
				67CA287758A347039B7051DE /* Roboto-MediumItalic.ttf */,
				2241E7ED44FC4E39AD21B2F5 /* Roboto-Regular.ttf */,
				6613AD836E37420F8EAC907B /* Roboto-Thin.ttf */,
				AFA3DBCB361C4BE99118FC71 /* Roboto-ThinItalic.ttf */,
				260D068A569A4B32AA2D8607 /* RobotoCondensed-Bold.ttf */,
				8DA6ECE70B934673A14C14A1 /* RobotoCondensed-BoldItalic.ttf */,
				2F2FDBCC8CC544B6B818A40B /* RobotoCondensed-Italic.ttf */,
				9D43621367A64AC589C756B1 /* RobotoCondensed-Light.ttf */,
				07FF047FA49B4045B2476C31 /* RobotoCondensed-LightItalic.ttf */,
				75507E5A680C4542817597F8 /* RobotoCondensed-Regular.ttf */,
				2337BCBA20B0496F8B706AEA /* SimpleLineIcons.ttf */,
				ECCA03BA060441AC9A7567BE /* Zocial.ttf */,
				F5CA0AC117AA49AABB0EEA6C /* OpenSans-SemiBold.ttf */,
				5E834D651A1E49979FB84CCB /* OpenSans-SemiBoldItalic.ttf */,
			);
			name = Resources;
			sourceTree = "<group>";
		};
/* End PBXGroup section */

/* Begin PBXNativeTarget section */
		13B07F861A680F5B00A75B9A /* Pianote2 */ = {
			isa = PBXNativeTarget;
			buildConfigurationList = 13B07F931A680F5B00A75B9A /* Build configuration list for PBXNativeTarget "Pianote2" */;
			buildPhases = (
				2C8DA190630192BD7BFB485D /* [CP] Check Pods Manifest.lock */,
				FD10A7F022414F080027D42C /* Start Packager */,
				13B07F871A680F5B00A75B9A /* Sources */,
				13B07F8C1A680F5B00A75B9A /* Frameworks */,
				13B07F8E1A680F5B00A75B9A /* Resources */,
				00DD1BFF1BD5951E006B06BC /* Bundle React Native code and images */,
				61B0C96805C84A9C82673663 /* [CP] Copy Pods Resources */,
			);
			buildRules = (
			);
			dependencies = (
			);
			name = Pianote2;
			productName = Pianote2;
			productReference = 13B07F961A680F5B00A75B9A /* Pianote.app */;
			productType = "com.apple.product-type.application";
		};
/* End PBXNativeTarget section */

/* Begin PBXProject section */
		83CBB9F71A601CBA00E9B192 /* Project object */ = {
			isa = PBXProject;
			attributes = {
				LastUpgradeCheck = 940;
				ORGANIZATIONNAME = Facebook;
				TargetAttributes = {
					13B07F861A680F5B00A75B9A = {
						DevelopmentTeam = 7RM4D35J2P;
						ProvisioningStyle = Automatic;
					};
				};
			};
			buildConfigurationList = 83CBB9FA1A601CBA00E9B192 /* Build configuration list for PBXProject "Pianote2" */;
			compatibilityVersion = "Xcode 3.2";
			developmentRegion = English;
			hasScannedForEncodings = 0;
			knownRegions = (
				English,
				en,
				Base,
			);
			mainGroup = 83CBB9F61A601CBA00E9B192;
			productRefGroup = 83CBBA001A601CBA00E9B192 /* Products */;
			projectDirPath = "";
			projectRoot = "";
			targets = (
				13B07F861A680F5B00A75B9A /* Pianote2 */,
			);
		};
/* End PBXProject section */

/* Begin PBXResourcesBuildPhase section */
		13B07F8E1A680F5B00A75B9A /* Resources */ = {
			isa = PBXResourcesBuildPhase;
			buildActionMask = 2147483647;
			files = (
				1D9C8AD825310A3600B6F36D /* OpenSans-Bold.ttf in Resources */,
				1D9C8ABD253109DB00B6F36D /* Roboto-Black.ttf in Resources */,
				1D9C8ABE253109DB00B6F36D /* Roboto-LightItalic.ttf in Resources */,
				1D9C8ABF253109DB00B6F36D /* Roboto-Italic.ttf in Resources */,
				1D9C8AC0253109DB00B6F36D /* Roboto-ThinItalic.ttf in Resources */,
				1D9C8AC1253109DB00B6F36D /* Roboto-Bold.ttf in Resources */,
				1D9C8AC2253109DB00B6F36D /* Roboto-BoldItalic.ttf in Resources */,
				1D9C8AC3253109DB00B6F36D /* Roboto-Regular.ttf in Resources */,
				1D9C8AC4253109DB00B6F36D /* Roboto-Thin.ttf in Resources */,
				1D9C8AC5253109DB00B6F36D /* Roboto-BlackItalic.ttf in Resources */,
				1D9C8AC6253109DB00B6F36D /* RobotoCondensed-BoldItalic.ttf in Resources */,
				1D9C8AD1253109ED00B6F36D /* OpenSans.ttf in Resources */,
				1D9C8AC7253109DB00B6F36D /* RobotoCondensed-Light.ttf in Resources */,
				1D9C8AC8253109DB00B6F36D /* RobotoCondensed-LightItalic.ttf in Resources */,
				1D9C8AC9253109DB00B6F36D /* RobotoCondensed-Bold.ttf in Resources */,
				1D9C8ACA253109DB00B6F36D /* Roboto-Medium.ttf in Resources */,
				1D9C8ACB253109DB00B6F36D /* RobotoCondensed-Regular.ttf in Resources */,
				1D9C8ACC253109DB00B6F36D /* RobotoCondensed-Italic.ttf in Resources */,
				1D9C8ACD253109DB00B6F36D /* Roboto-Light.ttf in Resources */,
				1D9C8ACE253109DB00B6F36D /* Roboto-MediumItalic.ttf in Resources */,
				13B07FBF1A68108700A75B9A /* Images.xcassets in Resources */,
				13B07FBD1A68108700A75B9A /* LaunchScreen.xib in Resources */,
				1DB96FBA25314BE00002607D /* OpenSans-Regular.ttf in Resources */,
				43A49CF72511F2F400AB8390 /* GoogleService-Info.plist in Resources */,
			);
			runOnlyForDeploymentPostprocessing = 0;
		};
/* End PBXResourcesBuildPhase section */

/* Begin PBXShellScriptBuildPhase section */
		00DD1BFF1BD5951E006B06BC /* Bundle React Native code and images */ = {
			isa = PBXShellScriptBuildPhase;
			buildActionMask = 2147483647;
			files = (
			);
			inputPaths = (
			);
			name = "Bundle React Native code and images";
			outputPaths = (
			);
			runOnlyForDeploymentPostprocessing = 0;
			shellPath = /bin/sh;
			shellScript = "export NODE_BINARY=node\n../node_modules/react-native/scripts/react-native-xcode.sh";
		};
		2C8DA190630192BD7BFB485D /* [CP] Check Pods Manifest.lock */ = {
			isa = PBXShellScriptBuildPhase;
			buildActionMask = 2147483647;
			files = (
			);
			inputFileListPaths = (
			);
			inputPaths = (
				"${PODS_PODFILE_DIR_PATH}/Podfile.lock",
				"${PODS_ROOT}/Manifest.lock",
			);
			name = "[CP] Check Pods Manifest.lock";
			outputFileListPaths = (
			);
			outputPaths = (
				"$(DERIVED_FILE_DIR)/Pods-Pianote2-checkManifestLockResult.txt",
			);
			runOnlyForDeploymentPostprocessing = 0;
			shellPath = /bin/sh;
			shellScript = "diff \"${PODS_PODFILE_DIR_PATH}/Podfile.lock\" \"${PODS_ROOT}/Manifest.lock\" > /dev/null\nif [ $? != 0 ] ; then\n    # print error to STDERR\n    echo \"error: The sandbox is not in sync with the Podfile.lock. Run 'pod install' or update your CocoaPods installation.\" >&2\n    exit 1\nfi\n# This output is used by Xcode 'outputs' to avoid re-running this script phase.\necho \"SUCCESS\" > \"${SCRIPT_OUTPUT_FILE_0}\"\n";
			showEnvVarsInLog = 0;
		};
		61B0C96805C84A9C82673663 /* [CP] Copy Pods Resources */ = {
			isa = PBXShellScriptBuildPhase;
			buildActionMask = 2147483647;
			files = (
			);
			inputPaths = (
				"${PODS_ROOT}/Target Support Files/Pods-Pianote2/Pods-Pianote2-resources.sh",
				"${PODS_ROOT}/Intercom/Intercom/Intercom.framework/Versions/A/Resources/Intercom.bundle",
				"${PODS_ROOT}/Intercom/Intercom/Intercom.framework/Versions/A/Resources/IntercomTranslations.bundle",
				"${PODS_ROOT}/../../node_modules/react-native-vector-icons/Fonts/AntDesign.ttf",
				"${PODS_ROOT}/../../node_modules/react-native-vector-icons/Fonts/Entypo.ttf",
				"${PODS_ROOT}/../../node_modules/react-native-vector-icons/Fonts/EvilIcons.ttf",
				"${PODS_ROOT}/../../node_modules/react-native-vector-icons/Fonts/Feather.ttf",
				"${PODS_ROOT}/../../node_modules/react-native-vector-icons/Fonts/FontAwesome.ttf",
				"${PODS_ROOT}/../../node_modules/react-native-vector-icons/Fonts/FontAwesome5_Brands.ttf",
				"${PODS_ROOT}/../../node_modules/react-native-vector-icons/Fonts/FontAwesome5_Regular.ttf",
				"${PODS_ROOT}/../../node_modules/react-native-vector-icons/Fonts/FontAwesome5_Solid.ttf",
				"${PODS_ROOT}/../../node_modules/react-native-vector-icons/Fonts/Fontisto.ttf",
				"${PODS_ROOT}/../../node_modules/react-native-vector-icons/Fonts/Foundation.ttf",
				"${PODS_ROOT}/../../node_modules/react-native-vector-icons/Fonts/Ionicons.ttf",
				"${PODS_ROOT}/../../node_modules/react-native-vector-icons/Fonts/MaterialCommunityIcons.ttf",
				"${PODS_ROOT}/../../node_modules/react-native-vector-icons/Fonts/MaterialIcons.ttf",
				"${PODS_ROOT}/../../node_modules/react-native-vector-icons/Fonts/Octicons.ttf",
				"${PODS_ROOT}/../../node_modules/react-native-vector-icons/Fonts/SimpleLineIcons.ttf",
				"${PODS_ROOT}/../../node_modules/react-native-vector-icons/Fonts/Zocial.ttf",
				"${PODS_ROOT}/google-cast-sdk-no-bluetooth/GoogleCastSDK-ios-4.5.0_static/GoogleCast.framework/GoogleCastCoreResources.bundle",
				"${PODS_ROOT}/google-cast-sdk-no-bluetooth/GoogleCastSDK-ios-4.5.0_static/GoogleCast.framework/GoogleCastUIResources.bundle",
			);
			name = "[CP] Copy Pods Resources";
			outputPaths = (
				"${TARGET_BUILD_DIR}/${UNLOCALIZED_RESOURCES_FOLDER_PATH}/Intercom.bundle",
				"${TARGET_BUILD_DIR}/${UNLOCALIZED_RESOURCES_FOLDER_PATH}/IntercomTranslations.bundle",
				"${TARGET_BUILD_DIR}/${UNLOCALIZED_RESOURCES_FOLDER_PATH}/AntDesign.ttf",
				"${TARGET_BUILD_DIR}/${UNLOCALIZED_RESOURCES_FOLDER_PATH}/Entypo.ttf",
				"${TARGET_BUILD_DIR}/${UNLOCALIZED_RESOURCES_FOLDER_PATH}/EvilIcons.ttf",
				"${TARGET_BUILD_DIR}/${UNLOCALIZED_RESOURCES_FOLDER_PATH}/Feather.ttf",
				"${TARGET_BUILD_DIR}/${UNLOCALIZED_RESOURCES_FOLDER_PATH}/FontAwesome.ttf",
				"${TARGET_BUILD_DIR}/${UNLOCALIZED_RESOURCES_FOLDER_PATH}/FontAwesome5_Brands.ttf",
				"${TARGET_BUILD_DIR}/${UNLOCALIZED_RESOURCES_FOLDER_PATH}/FontAwesome5_Regular.ttf",
				"${TARGET_BUILD_DIR}/${UNLOCALIZED_RESOURCES_FOLDER_PATH}/FontAwesome5_Solid.ttf",
				"${TARGET_BUILD_DIR}/${UNLOCALIZED_RESOURCES_FOLDER_PATH}/Fontisto.ttf",
				"${TARGET_BUILD_DIR}/${UNLOCALIZED_RESOURCES_FOLDER_PATH}/Foundation.ttf",
				"${TARGET_BUILD_DIR}/${UNLOCALIZED_RESOURCES_FOLDER_PATH}/Ionicons.ttf",
				"${TARGET_BUILD_DIR}/${UNLOCALIZED_RESOURCES_FOLDER_PATH}/MaterialCommunityIcons.ttf",
				"${TARGET_BUILD_DIR}/${UNLOCALIZED_RESOURCES_FOLDER_PATH}/MaterialIcons.ttf",
				"${TARGET_BUILD_DIR}/${UNLOCALIZED_RESOURCES_FOLDER_PATH}/Octicons.ttf",
				"${TARGET_BUILD_DIR}/${UNLOCALIZED_RESOURCES_FOLDER_PATH}/SimpleLineIcons.ttf",
				"${TARGET_BUILD_DIR}/${UNLOCALIZED_RESOURCES_FOLDER_PATH}/Zocial.ttf",
				"${TARGET_BUILD_DIR}/${UNLOCALIZED_RESOURCES_FOLDER_PATH}/GoogleCastCoreResources.bundle",
				"${TARGET_BUILD_DIR}/${UNLOCALIZED_RESOURCES_FOLDER_PATH}/GoogleCastUIResources.bundle",
			);
			runOnlyForDeploymentPostprocessing = 0;
			shellPath = /bin/sh;
			shellScript = "\"${PODS_ROOT}/Target Support Files/Pods-Pianote2/Pods-Pianote2-resources.sh\"\n";
			showEnvVarsInLog = 0;
		};
		FD10A7F022414F080027D42C /* Start Packager */ = {
			isa = PBXShellScriptBuildPhase;
			buildActionMask = 2147483647;
			files = (
			);
			inputFileListPaths = (
			);
			inputPaths = (
			);
			name = "Start Packager";
			outputFileListPaths = (
			);
			outputPaths = (
			);
			runOnlyForDeploymentPostprocessing = 0;
			shellPath = /bin/sh;
			shellScript = "export RCT_METRO_PORT=\"${RCT_METRO_PORT:=8081}\"\necho \"export RCT_METRO_PORT=${RCT_METRO_PORT}\" > \"${SRCROOT}/../node_modules/react-native/scripts/.packager.env\"\nif [ -z \"${RCT_NO_LAUNCH_PACKAGER+xxx}\" ] ; then\n  if nc -w 5 -z localhost ${RCT_METRO_PORT} ; then\n    if ! curl -s \"http://localhost:${RCT_METRO_PORT}/status\" | grep -q \"packager-status:running\" ; then\n      echo \"Port ${RCT_METRO_PORT} already in use, packager is either not running or not running correctly\"\n      exit 2\n    fi\n  else\n    open \"$SRCROOT/../node_modules/react-native/scripts/launchPackager.command\" || echo \"Can't start packager automatically\"\n  fi\nfi\n";
			showEnvVarsInLog = 0;
		};
/* End PBXShellScriptBuildPhase section */

/* Begin PBXSourcesBuildPhase section */
		13B07F871A680F5B00A75B9A /* Sources */ = {
			isa = PBXSourcesBuildPhase;
			buildActionMask = 2147483647;
			files = (
				13B07FBC1A68108700A75B9A /* AppDelegate.m in Sources */,
				43A49CFA25120A3F00AB8390 /* dummy.swift in Sources */,
				13B07FC11A68108700A75B9A /* main.m in Sources */,
			);
			runOnlyForDeploymentPostprocessing = 0;
		};
/* End PBXSourcesBuildPhase section */

/* Begin PBXVariantGroup section */
		13B07FB11A68108700A75B9A /* LaunchScreen.xib */ = {
			isa = PBXVariantGroup;
			children = (
				13B07FB21A68108700A75B9A /* Base */,
			);
			name = LaunchScreen.xib;
			path = Pianote2;
			sourceTree = "<group>";
		};
/* End PBXVariantGroup section */

/* Begin XCBuildConfiguration section */
		13B07F941A680F5B00A75B9A /* Debug */ = {
			isa = XCBuildConfiguration;
			baseConfigurationReference = 792EFAAEFFC82DEE93D0B533 /* Pods-Pianote2.debug.xcconfig */;
			buildSettings = {
				ASSETCATALOG_COMPILER_APPICON_NAME = AppIcon;
				ASSETCATALOG_COMPILER_LAUNCHIMAGE_NAME = LaunchImage;
				CODE_SIGN_IDENTITY = "iPhone Developer";
				CODE_SIGN_STYLE = Automatic;
				CURRENT_PROJECT_VERSION = 7;
				DEAD_CODE_STRIPPING = NO;
				DEVELOPMENT_TEAM = 7RM4D35J2P;
				INFOPLIST_FILE = Pianote2/Info.plist;
				LD_RUNPATH_SEARCH_PATHS = "$(inherited) @executable_path/Frameworks";
				MARKETING_VERSION = 1.07;
				OTHER_LDFLAGS = (
					"$(inherited)",
					"-ObjC",
					"-lc++",
				);
				PRODUCT_BUNDLE_IDENTIFIER = com.drumeo.PianoteApp;
				PRODUCT_NAME = Pianote;
				PROVISIONING_PROFILE_SPECIFIER = "";
				SWIFT_OBJC_BRIDGING_HEADER = "Pianote2-Bridging-Header.h";
				SWIFT_OPTIMIZATION_LEVEL = "-Onone";
				SWIFT_VERSION = 5.0;
				TARGETED_DEVICE_FAMILY = "1,2";
				VERSIONING_SYSTEM = "apple-generic";
			};
			name = Debug;
		};
		13B07F951A680F5B00A75B9A /* Release */ = {
			isa = XCBuildConfiguration;
			baseConfigurationReference = 43B8703E938DA7FE4B92548E /* Pods-Pianote2.release.xcconfig */;
			buildSettings = {
				ASSETCATALOG_COMPILER_APPICON_NAME = AppIcon;
				ASSETCATALOG_COMPILER_LAUNCHIMAGE_NAME = LaunchImage;
				CODE_SIGN_IDENTITY = "iPhone Developer";
				CODE_SIGN_STYLE = Automatic;
				CURRENT_PROJECT_VERSION = 7;
				DEVELOPMENT_TEAM = 7RM4D35J2P;
				INFOPLIST_FILE = Pianote2/Info.plist;
				LD_RUNPATH_SEARCH_PATHS = "$(inherited) @executable_path/Frameworks";
				MARKETING_VERSION = 1.07;
				OTHER_LDFLAGS = (
					"$(inherited)",
					"-ObjC",
					"-lc++",
				);
				PRODUCT_BUNDLE_IDENTIFIER = com.drumeo.PianoteApp;
				PRODUCT_NAME = Pianote;
				PROVISIONING_PROFILE_SPECIFIER = "";
				SWIFT_OBJC_BRIDGING_HEADER = "Pianote2-Bridging-Header.h";
				SWIFT_VERSION = 5.0;
				TARGETED_DEVICE_FAMILY = "1,2";
				VERSIONING_SYSTEM = "apple-generic";
			};
			name = Release;
		};
		83CBBA201A601CBA00E9B192 /* Debug */ = {
			isa = XCBuildConfiguration;
			buildSettings = {
				ALWAYS_SEARCH_USER_PATHS = NO;
				CLANG_CXX_LANGUAGE_STANDARD = "gnu++0x";
				CLANG_CXX_LIBRARY = "libc++";
				CLANG_ENABLE_MODULES = YES;
				CLANG_ENABLE_OBJC_ARC = YES;
				CLANG_WARN_BLOCK_CAPTURE_AUTORELEASING = YES;
				CLANG_WARN_BOOL_CONVERSION = YES;
				CLANG_WARN_COMMA = YES;
				CLANG_WARN_CONSTANT_CONVERSION = YES;
				CLANG_WARN_DEPRECATED_OBJC_IMPLEMENTATIONS = YES;
				CLANG_WARN_DIRECT_OBJC_ISA_USAGE = YES_ERROR;
				CLANG_WARN_EMPTY_BODY = YES;
				CLANG_WARN_ENUM_CONVERSION = YES;
				CLANG_WARN_INFINITE_RECURSION = YES;
				CLANG_WARN_INT_CONVERSION = YES;
				CLANG_WARN_NON_LITERAL_NULL_CONVERSION = YES;
				CLANG_WARN_OBJC_IMPLICIT_RETAIN_SELF = YES;
				CLANG_WARN_OBJC_LITERAL_CONVERSION = YES;
				CLANG_WARN_OBJC_ROOT_CLASS = YES_ERROR;
				CLANG_WARN_RANGE_LOOP_ANALYSIS = YES;
				CLANG_WARN_STRICT_PROTOTYPES = YES;
				CLANG_WARN_SUSPICIOUS_MOVE = YES;
				CLANG_WARN_UNREACHABLE_CODE = YES;
				CLANG_WARN__DUPLICATE_METHOD_MATCH = YES;
				"CODE_SIGN_IDENTITY[sdk=iphoneos*]" = "iPhone Developer";
				COPY_PHASE_STRIP = NO;
				ENABLE_STRICT_OBJC_MSGSEND = YES;
				ENABLE_TESTABILITY = YES;
				GCC_C_LANGUAGE_STANDARD = gnu99;
				GCC_DYNAMIC_NO_PIC = NO;
				GCC_NO_COMMON_BLOCKS = YES;
				GCC_OPTIMIZATION_LEVEL = 0;
				GCC_PREPROCESSOR_DEFINITIONS = (
					"DEBUG=1",
					"$(inherited)",
				);
				GCC_SYMBOLS_PRIVATE_EXTERN = NO;
				GCC_WARN_64_TO_32_BIT_CONVERSION = YES;
				GCC_WARN_ABOUT_RETURN_TYPE = YES_ERROR;
				GCC_WARN_UNDECLARED_SELECTOR = YES;
				GCC_WARN_UNINITIALIZED_AUTOS = YES_AGGRESSIVE;
				GCC_WARN_UNUSED_FUNCTION = YES;
				GCC_WARN_UNUSED_VARIABLE = YES;
				IPHONEOS_DEPLOYMENT_TARGET = 10.0;
				MTL_ENABLE_DEBUG_INFO = YES;
				ONLY_ACTIVE_ARCH = YES;
				SDKROOT = iphoneos;
			};
			name = Debug;
		};
		83CBBA211A601CBA00E9B192 /* Release */ = {
			isa = XCBuildConfiguration;
			buildSettings = {
				ALWAYS_SEARCH_USER_PATHS = NO;
				CLANG_CXX_LANGUAGE_STANDARD = "gnu++0x";
				CLANG_CXX_LIBRARY = "libc++";
				CLANG_ENABLE_MODULES = YES;
				CLANG_ENABLE_OBJC_ARC = YES;
				CLANG_WARN_BLOCK_CAPTURE_AUTORELEASING = YES;
				CLANG_WARN_BOOL_CONVERSION = YES;
				CLANG_WARN_COMMA = YES;
				CLANG_WARN_CONSTANT_CONVERSION = YES;
				CLANG_WARN_DEPRECATED_OBJC_IMPLEMENTATIONS = YES;
				CLANG_WARN_DIRECT_OBJC_ISA_USAGE = YES_ERROR;
				CLANG_WARN_EMPTY_BODY = YES;
				CLANG_WARN_ENUM_CONVERSION = YES;
				CLANG_WARN_INFINITE_RECURSION = YES;
				CLANG_WARN_INT_CONVERSION = YES;
				CLANG_WARN_NON_LITERAL_NULL_CONVERSION = YES;
				CLANG_WARN_OBJC_IMPLICIT_RETAIN_SELF = YES;
				CLANG_WARN_OBJC_LITERAL_CONVERSION = YES;
				CLANG_WARN_OBJC_ROOT_CLASS = YES_ERROR;
				CLANG_WARN_RANGE_LOOP_ANALYSIS = YES;
				CLANG_WARN_STRICT_PROTOTYPES = YES;
				CLANG_WARN_SUSPICIOUS_MOVE = YES;
				CLANG_WARN_UNREACHABLE_CODE = YES;
				CLANG_WARN__DUPLICATE_METHOD_MATCH = YES;
				"CODE_SIGN_IDENTITY[sdk=iphoneos*]" = "iPhone Developer";
				COPY_PHASE_STRIP = YES;
				ENABLE_NS_ASSERTIONS = NO;
				ENABLE_STRICT_OBJC_MSGSEND = YES;
				GCC_C_LANGUAGE_STANDARD = gnu99;
				GCC_NO_COMMON_BLOCKS = YES;
				GCC_WARN_64_TO_32_BIT_CONVERSION = YES;
				GCC_WARN_ABOUT_RETURN_TYPE = YES_ERROR;
				GCC_WARN_UNDECLARED_SELECTOR = YES;
				GCC_WARN_UNINITIALIZED_AUTOS = YES_AGGRESSIVE;
				GCC_WARN_UNUSED_FUNCTION = YES;
				GCC_WARN_UNUSED_VARIABLE = YES;
				IPHONEOS_DEPLOYMENT_TARGET = 10.0;
				MTL_ENABLE_DEBUG_INFO = NO;
				SDKROOT = iphoneos;
				VALIDATE_PRODUCT = YES;
			};
			name = Release;
		};
/* End XCBuildConfiguration section */

/* Begin XCConfigurationList section */
		13B07F931A680F5B00A75B9A /* Build configuration list for PBXNativeTarget "Pianote2" */ = {
			isa = XCConfigurationList;
			buildConfigurations = (
				13B07F941A680F5B00A75B9A /* Debug */,
				13B07F951A680F5B00A75B9A /* Release */,
			);
			defaultConfigurationIsVisible = 0;
			defaultConfigurationName = Debug;
		};
		83CBB9FA1A601CBA00E9B192 /* Build configuration list for PBXProject "Pianote2" */ = {
			isa = XCConfigurationList;
			buildConfigurations = (
				83CBBA201A601CBA00E9B192 /* Debug */,
				83CBBA211A601CBA00E9B192 /* Release */,
			);
			defaultConfigurationIsVisible = 0;
			defaultConfigurationName = Debug;
		};
/* End XCConfigurationList section */
	};
	rootObject = 83CBB9F71A601CBA00E9B192 /* Project object */;
}
