// !$*UTF8*$!
{
	archiveVersion = 1;
	classes = {
	};
	objectVersion = 46;
	objects = {

/* Begin PBXBuildFile section */
		020BA6868D1447CC90FCA7C1 /* Roboto-Bold.ttf in Resources */ = {isa = PBXBuildFile; fileRef = F1BF526A85E642F58C515E65 /* Roboto-Bold.ttf */; };
		034FF9FB2AAF409396A9D857 /* OpenSans.ttf in Resources */ = {isa = PBXBuildFile; fileRef = E8B024077DA34E8BAF6EA9C9 /* OpenSans.ttf */; };
		0D235C13FF89402D9ACC3280 /* Zocial.ttf in Resources */ = {isa = PBXBuildFile; fileRef = 30A56064B59A42B6B16F9ECB /* Zocial.ttf */; };
		0EFC9263F3724E8F87DB3A38 /* Roboto-Regular.ttf in Resources */ = {isa = PBXBuildFile; fileRef = A7E73B11B6854C779B85996B /* Roboto-Regular.ttf */; };
		13B07FBC1A68108700A75B9A /* AppDelegate.m in Sources */ = {isa = PBXBuildFile; fileRef = 13B07FB01A68108700A75B9A /* AppDelegate.m */; };
		13B07FBD1A68108700A75B9A /* LaunchScreen.xib in Resources */ = {isa = PBXBuildFile; fileRef = 13B07FB11A68108700A75B9A /* LaunchScreen.xib */; };
		13B07FBF1A68108700A75B9A /* Images.xcassets in Resources */ = {isa = PBXBuildFile; fileRef = 13B07FB51A68108700A75B9A /* Images.xcassets */; };
		13B07FC11A68108700A75B9A /* main.m in Sources */ = {isa = PBXBuildFile; fileRef = 13B07FB71A68108700A75B9A /* main.m */; };
		1F11138CBAE14FCC9777D510 /* Roboto-Thin.ttf in Resources */ = {isa = PBXBuildFile; fileRef = ACD1F75C894042009437536C /* Roboto-Thin.ttf */; };
		1FB75E8694914B589CF3658B /* OpenSans-SemiBold.ttf in Resources */ = {isa = PBXBuildFile; fileRef = A56AA2AA5F2D44CB8FC215BC /* OpenSans-SemiBold.ttf */; };
		26578E49F3684DD396853A3C /* Octicons.ttf in Resources */ = {isa = PBXBuildFile; fileRef = 1DEE2A7E2F2144B89521794D /* Octicons.ttf */; };
		328A6B3AB0CB447A9AE5C92F /* EvilIcons.ttf in Resources */ = {isa = PBXBuildFile; fileRef = 962F12083CBF4690BD47F9C2 /* EvilIcons.ttf */; };
		352070A9F48F499D86DA6F46 /* Fontisto.ttf in Resources */ = {isa = PBXBuildFile; fileRef = 9111F983D3454AD59820616A /* Fontisto.ttf */; };
		38A1CD8860664674A0B8D3CD /* RobotoCondensed-Regular.ttf in Resources */ = {isa = PBXBuildFile; fileRef = 6642575C11844C038CE15211 /* RobotoCondensed-Regular.ttf */; };
		3F1C9608559742AC877B6A00 /* MaterialIcons.ttf in Resources */ = {isa = PBXBuildFile; fileRef = ACCDD68A1F2F49D387BC6CFC /* MaterialIcons.ttf */; };
		3F27200F02174512805FCA92 /* FontAwesome.ttf in Resources */ = {isa = PBXBuildFile; fileRef = 4EE2DE0FEA684247886A44AD /* FontAwesome.ttf */; };
		4350D4AE253475E30076F8C6 /* main.jsbundle in Resources */ = {isa = PBXBuildFile; fileRef = 4350D4AD253475E30076F8C6 /* main.jsbundle */; };
		436173E3961C4A5B8A42938C /* MaterialCommunityIcons.ttf in Resources */ = {isa = PBXBuildFile; fileRef = 19D7EBD21C524444B103B64A /* MaterialCommunityIcons.ttf */; };
		43A49CF72511F2F400AB8390 /* GoogleService-Info.plist in Resources */ = {isa = PBXBuildFile; fileRef = 43A49CF62511F2F400AB8390 /* GoogleService-Info.plist */; };
		43A49CFA25120A3F00AB8390 /* dummy.swift in Sources */ = {isa = PBXBuildFile; fileRef = 43A49CF825120A3F00AB8390 /* dummy.swift */; };
		4D43D3652CF0441F82D1ABA9 /* Roboto-BoldItalic.ttf in Resources */ = {isa = PBXBuildFile; fileRef = 13B0543C6F124F2FAEBBFF89 /* Roboto-BoldItalic.ttf */; };
		4FEE23B3237C7E3900907E72 /* libRNGestureHandler.a in Frameworks */ = {isa = PBXBuildFile; fileRef = 4FEE23B2237C7E3900907E72 /* libRNGestureHandler.a */; };
		50981FFFF7E14DD1BC45DA08 /* Lora-Regular.ttf in Resources */ = {isa = PBXBuildFile; fileRef = AB8AF8CAC9D342B98353CC23 /* Lora-Regular.ttf */; };
		5663D71A72F34B14AAC03D76 /* RobotoCondensed-LightItalic.ttf in Resources */ = {isa = PBXBuildFile; fileRef = 23D66A552A734F16B6D5B83D /* RobotoCondensed-LightItalic.ttf */; };
		585F20BEFC37415DBD63F24B /* Roboto-Light.ttf in Resources */ = {isa = PBXBuildFile; fileRef = 7ED060B4929642909EE511D8 /* Roboto-Light.ttf */; };
		596D6F0FDA0741368FD25D89 /* OpenSans-LightItalic.ttf in Resources */ = {isa = PBXBuildFile; fileRef = EA8A7EAE44F14049BA6574FC /* OpenSans-LightItalic.ttf */; };
		5A86B9D14A954EBCA0C52FCB /* OpenSans-Bold.ttf in Resources */ = {isa = PBXBuildFile; fileRef = E2E5E36E8627464791CF5A69 /* OpenSans-Bold.ttf */; };
		6015DAF5B95F46A7911B0C17 /* OpenSans-ExtraBold.ttf in Resources */ = {isa = PBXBuildFile; fileRef = 15642793A78E4F3EBA7B83F1 /* OpenSans-ExtraBold.ttf */; };
		71894B37E8444EDD9E59D6BC /* Roboto-LightItalic.ttf in Resources */ = {isa = PBXBuildFile; fileRef = B755A3305E0E4487B478FBB1 /* Roboto-LightItalic.ttf */; };
		73AAD4BB596248C8987CACC8 /* OpenSans-Light.ttf in Resources */ = {isa = PBXBuildFile; fileRef = 7E2D469DD4A046188A19FA18 /* OpenSans-Light.ttf */; };
		77C201B2836942AEA8573E61 /* OpenSans-ExtraBoldItalic.ttf in Resources */ = {isa = PBXBuildFile; fileRef = 88CD72086FC84C0DA262C1DD /* OpenSans-ExtraBoldItalic.ttf */; };
		7C43CAF3D24E445AAC78BDE9 /* AntDesign.ttf in Resources */ = {isa = PBXBuildFile; fileRef = 966180CADCA04EFC995A5290 /* AntDesign.ttf */; };
		836C62D1D47E1A33EF91D945 /* libPods-Pianote2.a in Frameworks */ = {isa = PBXBuildFile; fileRef = 500FBE5186E3D783C0C15DB4 /* libPods-Pianote2.a */; };
		8C29F646773349A98EB3EF9D /* SimpleLineIcons.ttf in Resources */ = {isa = PBXBuildFile; fileRef = AF252675A0184337813F5460 /* SimpleLineIcons.ttf */; };
		91B1794905184E4081E0DDE9 /* Foundation.ttf in Resources */ = {isa = PBXBuildFile; fileRef = 32983DBE2D1E41369CD92FBC /* Foundation.ttf */; };
		94E429F543FC4B19810B3A8B /* OpenSans-SemiBoldItalic.ttf in Resources */ = {isa = PBXBuildFile; fileRef = 8FE39C5E7E594DA18E761DB2 /* OpenSans-SemiBoldItalic.ttf */; };
		9E781A5A7B134C32B2CB677D /* RobotoCondensed-Italic.ttf in Resources */ = {isa = PBXBuildFile; fileRef = EA5278BD075840F98D454B28 /* RobotoCondensed-Italic.ttf */; };
		9F6F64C3A89443FFB13FCC4A /* NanumPen.ttf in Resources */ = {isa = PBXBuildFile; fileRef = CB75B0392366466BBD924D8B /* NanumPen.ttf */; };
		AA562B56A407469192B2E688 /* Roboto-Italic.ttf in Resources */ = {isa = PBXBuildFile; fileRef = 3DF99D40D3DB40D8854D552C /* Roboto-Italic.ttf */; };
		AA71599238834B0FB70FBCD5 /* OpenSans-Italic.ttf in Resources */ = {isa = PBXBuildFile; fileRef = B49284E48CC64224B9AE8428 /* OpenSans-Italic.ttf */; };
		ABAE14E55CA547DA86C36BBD /* Roboto-BlackItalic.ttf in Resources */ = {isa = PBXBuildFile; fileRef = C9D421B4697F4431B2F85867 /* Roboto-BlackItalic.ttf */; };
		AD5537B0AA0D4DFFA6B4C129 /* FontAwesome5_Solid.ttf in Resources */ = {isa = PBXBuildFile; fileRef = 6BCD178414F3461990F7DEB7 /* FontAwesome5_Solid.ttf */; };
		AE4746F856FC4CA7BDE491BD /* FontAwesome5_Brands.ttf in Resources */ = {isa = PBXBuildFile; fileRef = FC03CFF6F1D54B1CAF9F4668 /* FontAwesome5_Brands.ttf */; };
		B2E2D165CB274D8E80A25827 /* Feather.ttf in Resources */ = {isa = PBXBuildFile; fileRef = 970B1736A3664D60A817F545 /* Feather.ttf */; };
		B4B82AA72E654777B46A2BBA /* Roboto-ThinItalic.ttf in Resources */ = {isa = PBXBuildFile; fileRef = 1EFF78CBD81A47F8A1251A95 /* Roboto-ThinItalic.ttf */; };
		B53BCE6BE334418692085604 /* Entypo.ttf in Resources */ = {isa = PBXBuildFile; fileRef = 160F9F78E42D4E11BB4B7A97 /* Entypo.ttf */; };
		B82C237717C44C29AA894DF7 /* Roboto-MediumItalic.ttf in Resources */ = {isa = PBXBuildFile; fileRef = 6BE818F2962742E3A4F03DA0 /* Roboto-MediumItalic.ttf */; };
		BA22FF3E83DB4A60BEB55B2A /* Ionicons.ttf in Resources */ = {isa = PBXBuildFile; fileRef = D71FA9BA3CB244A083A3FBB6 /* Ionicons.ttf */; };
		C32CE4745838473C9EC88A96 /* Roboto-Medium.ttf in Resources */ = {isa = PBXBuildFile; fileRef = 98BED4253F684DD7A45A680D /* Roboto-Medium.ttf */; };
		CC2FB7E2B2E64904B32FCEE2 /* FontAwesome5_Regular.ttf in Resources */ = {isa = PBXBuildFile; fileRef = 70C29040B47F460C88B9ACE1 /* FontAwesome5_Regular.ttf */; };
		DF1A9DA1C9E24B51B92F0499 /* Roboto-Black.ttf in Resources */ = {isa = PBXBuildFile; fileRef = 65CEFF575FC742A6B7E15593 /* Roboto-Black.ttf */; };
		DFB65FD8A63340969E475AD9 /* OpenSans-BoldItalic.ttf in Resources */ = {isa = PBXBuildFile; fileRef = FC0381885A33498C96057A2D /* OpenSans-BoldItalic.ttf */; };
		E6A44475ECF444C9881F72D0 /* RobotoCondensed-Light.ttf in Resources */ = {isa = PBXBuildFile; fileRef = 0608C03BB12A4883A5DAD833 /* RobotoCondensed-Light.ttf */; };
		F725962F5FD74A1D81344CA1 /* RobotoCondensed-Bold.ttf in Resources */ = {isa = PBXBuildFile; fileRef = 20049BC27A7E41F6ACFAB0E4 /* RobotoCondensed-Bold.ttf */; };
		F9F25C3A40784B83B5EA8D77 /* RobotoCondensed-BoldItalic.ttf in Resources */ = {isa = PBXBuildFile; fileRef = 3708C29A8394403D8711BAC5 /* RobotoCondensed-BoldItalic.ttf */; };
/* End PBXBuildFile section */

/* Begin PBXFileReference section */
		00095D5D0B2707A7A4790318 /* Pods-Pianote2.debug.xcconfig */ = {isa = PBXFileReference; includeInIndex = 1; lastKnownFileType = text.xcconfig; name = "Pods-Pianote2.debug.xcconfig"; path = "Target Support Files/Pods-Pianote2/Pods-Pianote2.debug.xcconfig"; sourceTree = "<group>"; };
		0608C03BB12A4883A5DAD833 /* RobotoCondensed-Light.ttf */ = {isa = PBXFileReference; explicitFileType = undefined; fileEncoding = 9; includeInIndex = 0; lastKnownFileType = unknown; name = "RobotoCondensed-Light.ttf"; path = "../assets/fonts/RobotoCondensed-Light.ttf"; sourceTree = "<group>"; };
		0723447D40C06FCD525FDC6E /* Pods-Pianote2.release.xcconfig */ = {isa = PBXFileReference; includeInIndex = 1; lastKnownFileType = text.xcconfig; name = "Pods-Pianote2.release.xcconfig"; path = "Target Support Files/Pods-Pianote2/Pods-Pianote2.release.xcconfig"; sourceTree = "<group>"; };
		13B0543C6F124F2FAEBBFF89 /* Roboto-BoldItalic.ttf */ = {isa = PBXFileReference; explicitFileType = undefined; fileEncoding = 9; includeInIndex = 0; lastKnownFileType = unknown; name = "Roboto-BoldItalic.ttf"; path = "../assets/fonts/Roboto-BoldItalic.ttf"; sourceTree = "<group>"; };
		13B07F961A680F5B00A75B9A /* Pianote.app */ = {isa = PBXFileReference; explicitFileType = wrapper.application; includeInIndex = 0; path = Pianote.app; sourceTree = BUILT_PRODUCTS_DIR; };
		13B07FAF1A68108700A75B9A /* AppDelegate.h */ = {isa = PBXFileReference; fileEncoding = 4; lastKnownFileType = sourcecode.c.h; name = AppDelegate.h; path = Pianote2/AppDelegate.h; sourceTree = "<group>"; };
		13B07FB01A68108700A75B9A /* AppDelegate.m */ = {isa = PBXFileReference; fileEncoding = 4; lastKnownFileType = sourcecode.c.objc; name = AppDelegate.m; path = Pianote2/AppDelegate.m; sourceTree = "<group>"; };
		13B07FB21A68108700A75B9A /* Base */ = {isa = PBXFileReference; lastKnownFileType = file.xib; name = Base; path = Base.lproj/LaunchScreen.xib; sourceTree = "<group>"; };
		13B07FB51A68108700A75B9A /* Images.xcassets */ = {isa = PBXFileReference; lastKnownFileType = folder.assetcatalog; name = Images.xcassets; path = Pianote2/Images.xcassets; sourceTree = "<group>"; };
		13B07FB61A68108700A75B9A /* Info.plist */ = {isa = PBXFileReference; fileEncoding = 4; lastKnownFileType = text.plist.xml; name = Info.plist; path = Pianote2/Info.plist; sourceTree = "<group>"; };
		13B07FB71A68108700A75B9A /* main.m */ = {isa = PBXFileReference; fileEncoding = 4; lastKnownFileType = sourcecode.c.objc; name = main.m; path = Pianote2/main.m; sourceTree = "<group>"; };
		15642793A78E4F3EBA7B83F1 /* OpenSans-ExtraBold.ttf */ = {isa = PBXFileReference; explicitFileType = undefined; fileEncoding = 9; includeInIndex = 0; lastKnownFileType = unknown; name = "OpenSans-ExtraBold.ttf"; path = "../assets/fonts/OpenSans-ExtraBold.ttf"; sourceTree = "<group>"; };
		160F9F78E42D4E11BB4B7A97 /* Entypo.ttf */ = {isa = PBXFileReference; explicitFileType = undefined; fileEncoding = 9; includeInIndex = 0; lastKnownFileType = unknown; name = Entypo.ttf; path = ../assets/fonts/Entypo.ttf; sourceTree = "<group>"; };
		19D7EBD21C524444B103B64A /* MaterialCommunityIcons.ttf */ = {isa = PBXFileReference; explicitFileType = undefined; fileEncoding = 9; includeInIndex = 0; lastKnownFileType = unknown; name = MaterialCommunityIcons.ttf; path = ../assets/fonts/MaterialCommunityIcons.ttf; sourceTree = "<group>"; };
		1DEE2A7E2F2144B89521794D /* Octicons.ttf */ = {isa = PBXFileReference; explicitFileType = undefined; fileEncoding = 9; includeInIndex = 0; lastKnownFileType = unknown; name = Octicons.ttf; path = ../assets/fonts/Octicons.ttf; sourceTree = "<group>"; };
		1EFF78CBD81A47F8A1251A95 /* Roboto-ThinItalic.ttf */ = {isa = PBXFileReference; explicitFileType = undefined; fileEncoding = 9; includeInIndex = 0; lastKnownFileType = unknown; name = "Roboto-ThinItalic.ttf"; path = "../assets/fonts/Roboto-ThinItalic.ttf"; sourceTree = "<group>"; };
		20049BC27A7E41F6ACFAB0E4 /* RobotoCondensed-Bold.ttf */ = {isa = PBXFileReference; explicitFileType = undefined; fileEncoding = 9; includeInIndex = 0; lastKnownFileType = unknown; name = "RobotoCondensed-Bold.ttf"; path = "../assets/fonts/RobotoCondensed-Bold.ttf"; sourceTree = "<group>"; };
		23D66A552A734F16B6D5B83D /* RobotoCondensed-LightItalic.ttf */ = {isa = PBXFileReference; explicitFileType = undefined; fileEncoding = 9; includeInIndex = 0; lastKnownFileType = unknown; name = "RobotoCondensed-LightItalic.ttf"; path = "../assets/fonts/RobotoCondensed-LightItalic.ttf"; sourceTree = "<group>"; };
		30A56064B59A42B6B16F9ECB /* Zocial.ttf */ = {isa = PBXFileReference; explicitFileType = undefined; fileEncoding = 9; includeInIndex = 0; lastKnownFileType = unknown; name = Zocial.ttf; path = ../assets/fonts/Zocial.ttf; sourceTree = "<group>"; };
		32983DBE2D1E41369CD92FBC /* Foundation.ttf */ = {isa = PBXFileReference; explicitFileType = undefined; fileEncoding = 9; includeInIndex = 0; lastKnownFileType = unknown; name = Foundation.ttf; path = ../assets/fonts/Foundation.ttf; sourceTree = "<group>"; };
		3708C29A8394403D8711BAC5 /* RobotoCondensed-BoldItalic.ttf */ = {isa = PBXFileReference; explicitFileType = undefined; fileEncoding = 9; includeInIndex = 0; lastKnownFileType = unknown; name = "RobotoCondensed-BoldItalic.ttf"; path = "../assets/fonts/RobotoCondensed-BoldItalic.ttf"; sourceTree = "<group>"; };
		3DF99D40D3DB40D8854D552C /* Roboto-Italic.ttf */ = {isa = PBXFileReference; explicitFileType = undefined; fileEncoding = 9; includeInIndex = 0; lastKnownFileType = unknown; name = "Roboto-Italic.ttf"; path = "../assets/fonts/Roboto-Italic.ttf"; sourceTree = "<group>"; };
		4350D4AD253475E30076F8C6 /* main.jsbundle */ = {isa = PBXFileReference; fileEncoding = 4; lastKnownFileType = text; path = main.jsbundle; sourceTree = "<group>"; };
		43A49CF62511F2F400AB8390 /* GoogleService-Info.plist */ = {isa = PBXFileReference; fileEncoding = 4; lastKnownFileType = text.plist.xml; path = "GoogleService-Info.plist"; sourceTree = "<group>"; };
		43A49CF825120A3F00AB8390 /* dummy.swift */ = {isa = PBXFileReference; fileEncoding = 4; lastKnownFileType = sourcecode.swift; path = dummy.swift; sourceTree = "<group>"; };
		43A49CF925120A3F00AB8390 /* Pianote2-Bridging-Header.h */ = {isa = PBXFileReference; fileEncoding = 4; lastKnownFileType = sourcecode.c.h; path = "Pianote2-Bridging-Header.h"; sourceTree = "<group>"; };
		4EE2DE0FEA684247886A44AD /* FontAwesome.ttf */ = {isa = PBXFileReference; explicitFileType = undefined; fileEncoding = 9; includeInIndex = 0; lastKnownFileType = unknown; name = FontAwesome.ttf; path = ../assets/fonts/FontAwesome.ttf; sourceTree = "<group>"; };
		4FEE23B2237C7E3900907E72 /* libRNGestureHandler.a */ = {isa = PBXFileReference; explicitFileType = archive.ar; path = libRNGestureHandler.a; sourceTree = BUILT_PRODUCTS_DIR; };
		500FBE5186E3D783C0C15DB4 /* libPods-Pianote2.a */ = {isa = PBXFileReference; explicitFileType = archive.ar; includeInIndex = 0; path = "libPods-Pianote2.a"; sourceTree = BUILT_PRODUCTS_DIR; };
		65CEFF575FC742A6B7E15593 /* Roboto-Black.ttf */ = {isa = PBXFileReference; explicitFileType = undefined; fileEncoding = 9; includeInIndex = 0; lastKnownFileType = unknown; name = "Roboto-Black.ttf"; path = "../assets/fonts/Roboto-Black.ttf"; sourceTree = "<group>"; };
		6642575C11844C038CE15211 /* RobotoCondensed-Regular.ttf */ = {isa = PBXFileReference; explicitFileType = undefined; fileEncoding = 9; includeInIndex = 0; lastKnownFileType = unknown; name = "RobotoCondensed-Regular.ttf"; path = "../assets/fonts/RobotoCondensed-Regular.ttf"; sourceTree = "<group>"; };
		6BCD178414F3461990F7DEB7 /* FontAwesome5_Solid.ttf */ = {isa = PBXFileReference; explicitFileType = undefined; fileEncoding = 9; includeInIndex = 0; lastKnownFileType = unknown; name = FontAwesome5_Solid.ttf; path = ../assets/fonts/FontAwesome5_Solid.ttf; sourceTree = "<group>"; };
		6BE818F2962742E3A4F03DA0 /* Roboto-MediumItalic.ttf */ = {isa = PBXFileReference; explicitFileType = undefined; fileEncoding = 9; includeInIndex = 0; lastKnownFileType = unknown; name = "Roboto-MediumItalic.ttf"; path = "../assets/fonts/Roboto-MediumItalic.ttf"; sourceTree = "<group>"; };
		70C29040B47F460C88B9ACE1 /* FontAwesome5_Regular.ttf */ = {isa = PBXFileReference; explicitFileType = undefined; fileEncoding = 9; includeInIndex = 0; lastKnownFileType = unknown; name = FontAwesome5_Regular.ttf; path = ../assets/fonts/FontAwesome5_Regular.ttf; sourceTree = "<group>"; };
		7E2D469DD4A046188A19FA18 /* OpenSans-Light.ttf */ = {isa = PBXFileReference; explicitFileType = undefined; fileEncoding = 9; includeInIndex = 0; lastKnownFileType = unknown; name = "OpenSans-Light.ttf"; path = "../assets/fonts/OpenSans-Light.ttf"; sourceTree = "<group>"; };
		7ED060B4929642909EE511D8 /* Roboto-Light.ttf */ = {isa = PBXFileReference; explicitFileType = undefined; fileEncoding = 9; includeInIndex = 0; lastKnownFileType = unknown; name = "Roboto-Light.ttf"; path = "../assets/fonts/Roboto-Light.ttf"; sourceTree = "<group>"; };
		88CD72086FC84C0DA262C1DD /* OpenSans-ExtraBoldItalic.ttf */ = {isa = PBXFileReference; explicitFileType = undefined; fileEncoding = 9; includeInIndex = 0; lastKnownFileType = unknown; name = "OpenSans-ExtraBoldItalic.ttf"; path = "../assets/fonts/OpenSans-ExtraBoldItalic.ttf"; sourceTree = "<group>"; };
		8FE39C5E7E594DA18E761DB2 /* OpenSans-SemiBoldItalic.ttf */ = {isa = PBXFileReference; explicitFileType = undefined; fileEncoding = 9; includeInIndex = 0; lastKnownFileType = unknown; name = "OpenSans-SemiBoldItalic.ttf"; path = "../assets/fonts/OpenSans-SemiBoldItalic.ttf"; sourceTree = "<group>"; };
		9111F983D3454AD59820616A /* Fontisto.ttf */ = {isa = PBXFileReference; explicitFileType = undefined; fileEncoding = 9; includeInIndex = 0; lastKnownFileType = unknown; name = Fontisto.ttf; path = ../assets/fonts/Fontisto.ttf; sourceTree = "<group>"; };
		962F12083CBF4690BD47F9C2 /* EvilIcons.ttf */ = {isa = PBXFileReference; explicitFileType = undefined; fileEncoding = 9; includeInIndex = 0; lastKnownFileType = unknown; name = EvilIcons.ttf; path = ../assets/fonts/EvilIcons.ttf; sourceTree = "<group>"; };
		966180CADCA04EFC995A5290 /* AntDesign.ttf */ = {isa = PBXFileReference; explicitFileType = undefined; fileEncoding = 9; includeInIndex = 0; lastKnownFileType = unknown; name = AntDesign.ttf; path = ../assets/fonts/AntDesign.ttf; sourceTree = "<group>"; };
		970B1736A3664D60A817F545 /* Feather.ttf */ = {isa = PBXFileReference; explicitFileType = undefined; fileEncoding = 9; includeInIndex = 0; lastKnownFileType = unknown; name = Feather.ttf; path = ../assets/fonts/Feather.ttf; sourceTree = "<group>"; };
		98BED4253F684DD7A45A680D /* Roboto-Medium.ttf */ = {isa = PBXFileReference; explicitFileType = undefined; fileEncoding = 9; includeInIndex = 0; lastKnownFileType = unknown; name = "Roboto-Medium.ttf"; path = "../assets/fonts/Roboto-Medium.ttf"; sourceTree = "<group>"; };
		A56AA2AA5F2D44CB8FC215BC /* OpenSans-SemiBold.ttf */ = {isa = PBXFileReference; explicitFileType = undefined; fileEncoding = 9; includeInIndex = 0; lastKnownFileType = unknown; name = "OpenSans-SemiBold.ttf"; path = "../assets/fonts/OpenSans-SemiBold.ttf"; sourceTree = "<group>"; };
		A7E73B11B6854C779B85996B /* Roboto-Regular.ttf */ = {isa = PBXFileReference; explicitFileType = undefined; fileEncoding = 9; includeInIndex = 0; lastKnownFileType = unknown; name = "Roboto-Regular.ttf"; path = "../assets/fonts/Roboto-Regular.ttf"; sourceTree = "<group>"; };
		AB8AF8CAC9D342B98353CC23 /* Lora-Regular.ttf */ = {isa = PBXFileReference; explicitFileType = undefined; fileEncoding = 9; includeInIndex = 0; lastKnownFileType = unknown; name = "Lora-Regular.ttf"; path = "../assets/fonts/Lora-Regular.ttf"; sourceTree = "<group>"; };
		ACCDD68A1F2F49D387BC6CFC /* MaterialIcons.ttf */ = {isa = PBXFileReference; explicitFileType = undefined; fileEncoding = 9; includeInIndex = 0; lastKnownFileType = unknown; name = MaterialIcons.ttf; path = ../assets/fonts/MaterialIcons.ttf; sourceTree = "<group>"; };
		ACD1F75C894042009437536C /* Roboto-Thin.ttf */ = {isa = PBXFileReference; explicitFileType = undefined; fileEncoding = 9; includeInIndex = 0; lastKnownFileType = unknown; name = "Roboto-Thin.ttf"; path = "../assets/fonts/Roboto-Thin.ttf"; sourceTree = "<group>"; };
		AF252675A0184337813F5460 /* SimpleLineIcons.ttf */ = {isa = PBXFileReference; explicitFileType = undefined; fileEncoding = 9; includeInIndex = 0; lastKnownFileType = unknown; name = SimpleLineIcons.ttf; path = ../assets/fonts/SimpleLineIcons.ttf; sourceTree = "<group>"; };
		B49284E48CC64224B9AE8428 /* OpenSans-Italic.ttf */ = {isa = PBXFileReference; explicitFileType = undefined; fileEncoding = 9; includeInIndex = 0; lastKnownFileType = unknown; name = "OpenSans-Italic.ttf"; path = "../assets/fonts/OpenSans-Italic.ttf"; sourceTree = "<group>"; };
		B755A3305E0E4487B478FBB1 /* Roboto-LightItalic.ttf */ = {isa = PBXFileReference; explicitFileType = undefined; fileEncoding = 9; includeInIndex = 0; lastKnownFileType = unknown; name = "Roboto-LightItalic.ttf"; path = "../assets/fonts/Roboto-LightItalic.ttf"; sourceTree = "<group>"; };
		C9D421B4697F4431B2F85867 /* Roboto-BlackItalic.ttf */ = {isa = PBXFileReference; explicitFileType = undefined; fileEncoding = 9; includeInIndex = 0; lastKnownFileType = unknown; name = "Roboto-BlackItalic.ttf"; path = "../assets/fonts/Roboto-BlackItalic.ttf"; sourceTree = "<group>"; };
		CB75B0392366466BBD924D8B /* NanumPen.ttf */ = {isa = PBXFileReference; explicitFileType = undefined; fileEncoding = 9; includeInIndex = 0; lastKnownFileType = unknown; name = NanumPen.ttf; path = ../assets/fonts/NanumPen.ttf; sourceTree = "<group>"; };
		D71FA9BA3CB244A083A3FBB6 /* Ionicons.ttf */ = {isa = PBXFileReference; explicitFileType = undefined; fileEncoding = 9; includeInIndex = 0; lastKnownFileType = unknown; name = Ionicons.ttf; path = ../assets/fonts/Ionicons.ttf; sourceTree = "<group>"; };
		E2E5E36E8627464791CF5A69 /* OpenSans-Bold.ttf */ = {isa = PBXFileReference; explicitFileType = undefined; fileEncoding = 9; includeInIndex = 0; lastKnownFileType = unknown; name = "OpenSans-Bold.ttf"; path = "../assets/fonts/OpenSans-Bold.ttf"; sourceTree = "<group>"; };
		E8B024077DA34E8BAF6EA9C9 /* OpenSans.ttf */ = {isa = PBXFileReference; explicitFileType = undefined; fileEncoding = 9; includeInIndex = 0; lastKnownFileType = unknown; name = OpenSans.ttf; path = ../assets/fonts/OpenSans.ttf; sourceTree = "<group>"; };
		EA5278BD075840F98D454B28 /* RobotoCondensed-Italic.ttf */ = {isa = PBXFileReference; explicitFileType = undefined; fileEncoding = 9; includeInIndex = 0; lastKnownFileType = unknown; name = "RobotoCondensed-Italic.ttf"; path = "../assets/fonts/RobotoCondensed-Italic.ttf"; sourceTree = "<group>"; };
		EA8A7EAE44F14049BA6574FC /* OpenSans-LightItalic.ttf */ = {isa = PBXFileReference; explicitFileType = undefined; fileEncoding = 9; includeInIndex = 0; lastKnownFileType = unknown; name = "OpenSans-LightItalic.ttf"; path = "../assets/fonts/OpenSans-LightItalic.ttf"; sourceTree = "<group>"; };
		ED297162215061F000B7C4FE /* JavaScriptCore.framework */ = {isa = PBXFileReference; lastKnownFileType = wrapper.framework; name = JavaScriptCore.framework; path = System/Library/Frameworks/JavaScriptCore.framework; sourceTree = SDKROOT; };
		ED2971642150620600B7C4FE /* JavaScriptCore.framework */ = {isa = PBXFileReference; lastKnownFileType = wrapper.framework; name = JavaScriptCore.framework; path = Platforms/AppleTVOS.platform/Developer/SDKs/AppleTVOS12.0.sdk/System/Library/Frameworks/JavaScriptCore.framework; sourceTree = DEVELOPER_DIR; };
		F1BF526A85E642F58C515E65 /* Roboto-Bold.ttf */ = {isa = PBXFileReference; explicitFileType = undefined; fileEncoding = 9; includeInIndex = 0; lastKnownFileType = unknown; name = "Roboto-Bold.ttf"; path = "../assets/fonts/Roboto-Bold.ttf"; sourceTree = "<group>"; };
		FC0381885A33498C96057A2D /* OpenSans-BoldItalic.ttf */ = {isa = PBXFileReference; explicitFileType = undefined; fileEncoding = 9; includeInIndex = 0; lastKnownFileType = unknown; name = "OpenSans-BoldItalic.ttf"; path = "../assets/fonts/OpenSans-BoldItalic.ttf"; sourceTree = "<group>"; };
		FC03CFF6F1D54B1CAF9F4668 /* FontAwesome5_Brands.ttf */ = {isa = PBXFileReference; explicitFileType = undefined; fileEncoding = 9; includeInIndex = 0; lastKnownFileType = unknown; name = FontAwesome5_Brands.ttf; path = ../assets/fonts/FontAwesome5_Brands.ttf; sourceTree = "<group>"; };
/* End PBXFileReference section */

/* Begin PBXFrameworksBuildPhase section */
		13B07F8C1A680F5B00A75B9A /* Frameworks */ = {
			isa = PBXFrameworksBuildPhase;
			buildActionMask = 2147483647;
			files = (
				4FEE23B3237C7E3900907E72 /* libRNGestureHandler.a in Frameworks */,
				836C62D1D47E1A33EF91D945 /* libPods-Pianote2.a in Frameworks */,
			);
			runOnlyForDeploymentPostprocessing = 0;
		};
/* End PBXFrameworksBuildPhase section */

/* Begin PBXGroup section */
		02B72E92A34ECD634D16FCCD /* Pods */ = {
			isa = PBXGroup;
			children = (
				00095D5D0B2707A7A4790318 /* Pods-Pianote2.debug.xcconfig */,
				0723447D40C06FCD525FDC6E /* Pods-Pianote2.release.xcconfig */,
			);
			path = Pods;
			sourceTree = "<group>";
		};
		13B07FAE1A68108700A75B9A /* Pianote2 */ = {
			isa = PBXGroup;
			children = (
				4350D4AD253475E30076F8C6 /* main.jsbundle */,
				43A49CF825120A3F00AB8390 /* dummy.swift */,
				43A49CF925120A3F00AB8390 /* Pianote2-Bridging-Header.h */,
				13B07FAF1A68108700A75B9A /* AppDelegate.h */,
				13B07FB01A68108700A75B9A /* AppDelegate.m */,
				13B07FB51A68108700A75B9A /* Images.xcassets */,
				13B07FB61A68108700A75B9A /* Info.plist */,
				13B07FB11A68108700A75B9A /* LaunchScreen.xib */,
				13B07FB71A68108700A75B9A /* main.m */,
			);
			name = Pianote2;
			sourceTree = "<group>";
		};
		2D16E6871FA4F8E400B85C8A /* Frameworks */ = {
			isa = PBXGroup;
			children = (
				ED297162215061F000B7C4FE /* JavaScriptCore.framework */,
				4FEE23B2237C7E3900907E72 /* libRNGestureHandler.a */,
				ED2971642150620600B7C4FE /* JavaScriptCore.framework */,
				500FBE5186E3D783C0C15DB4 /* libPods-Pianote2.a */,
			);
			name = Frameworks;
			sourceTree = "<group>";
		};
		6855A6A3EBFA4BC0B89E4A81 /* Resources */ = {
			isa = PBXGroup;
			children = (
				966180CADCA04EFC995A5290 /* AntDesign.ttf */,
				160F9F78E42D4E11BB4B7A97 /* Entypo.ttf */,
				962F12083CBF4690BD47F9C2 /* EvilIcons.ttf */,
				970B1736A3664D60A817F545 /* Feather.ttf */,
				4EE2DE0FEA684247886A44AD /* FontAwesome.ttf */,
				FC03CFF6F1D54B1CAF9F4668 /* FontAwesome5_Brands.ttf */,
				70C29040B47F460C88B9ACE1 /* FontAwesome5_Regular.ttf */,
				6BCD178414F3461990F7DEB7 /* FontAwesome5_Solid.ttf */,
				9111F983D3454AD59820616A /* Fontisto.ttf */,
				32983DBE2D1E41369CD92FBC /* Foundation.ttf */,
				D71FA9BA3CB244A083A3FBB6 /* Ionicons.ttf */,
				AB8AF8CAC9D342B98353CC23 /* Lora-Regular.ttf */,
				19D7EBD21C524444B103B64A /* MaterialCommunityIcons.ttf */,
				ACCDD68A1F2F49D387BC6CFC /* MaterialIcons.ttf */,
				CB75B0392366466BBD924D8B /* NanumPen.ttf */,
				1DEE2A7E2F2144B89521794D /* Octicons.ttf */,
				E2E5E36E8627464791CF5A69 /* OpenSans-Bold.ttf */,
				FC0381885A33498C96057A2D /* OpenSans-BoldItalic.ttf */,
				15642793A78E4F3EBA7B83F1 /* OpenSans-ExtraBold.ttf */,
				88CD72086FC84C0DA262C1DD /* OpenSans-ExtraBoldItalic.ttf */,
				B49284E48CC64224B9AE8428 /* OpenSans-Italic.ttf */,
				7E2D469DD4A046188A19FA18 /* OpenSans-Light.ttf */,
				EA8A7EAE44F14049BA6574FC /* OpenSans-LightItalic.ttf */,
				A56AA2AA5F2D44CB8FC215BC /* OpenSans-SemiBold.ttf */,
				8FE39C5E7E594DA18E761DB2 /* OpenSans-SemiBoldItalic.ttf */,
				E8B024077DA34E8BAF6EA9C9 /* OpenSans.ttf */,
				65CEFF575FC742A6B7E15593 /* Roboto-Black.ttf */,
				C9D421B4697F4431B2F85867 /* Roboto-BlackItalic.ttf */,
				F1BF526A85E642F58C515E65 /* Roboto-Bold.ttf */,
				13B0543C6F124F2FAEBBFF89 /* Roboto-BoldItalic.ttf */,
				3DF99D40D3DB40D8854D552C /* Roboto-Italic.ttf */,
				7ED060B4929642909EE511D8 /* Roboto-Light.ttf */,
				B755A3305E0E4487B478FBB1 /* Roboto-LightItalic.ttf */,
				98BED4253F684DD7A45A680D /* Roboto-Medium.ttf */,
				6BE818F2962742E3A4F03DA0 /* Roboto-MediumItalic.ttf */,
				A7E73B11B6854C779B85996B /* Roboto-Regular.ttf */,
				ACD1F75C894042009437536C /* Roboto-Thin.ttf */,
				1EFF78CBD81A47F8A1251A95 /* Roboto-ThinItalic.ttf */,
				20049BC27A7E41F6ACFAB0E4 /* RobotoCondensed-Bold.ttf */,
				3708C29A8394403D8711BAC5 /* RobotoCondensed-BoldItalic.ttf */,
				EA5278BD075840F98D454B28 /* RobotoCondensed-Italic.ttf */,
				0608C03BB12A4883A5DAD833 /* RobotoCondensed-Light.ttf */,
				23D66A552A734F16B6D5B83D /* RobotoCondensed-LightItalic.ttf */,
				6642575C11844C038CE15211 /* RobotoCondensed-Regular.ttf */,
				AF252675A0184337813F5460 /* SimpleLineIcons.ttf */,
				30A56064B59A42B6B16F9ECB /* Zocial.ttf */,
			);
			name = Resources;
			sourceTree = "<group>";
		};
		832341AE1AAA6A7D00B99B32 /* Libraries */ = {
			isa = PBXGroup;
			children = (
			);
			name = Libraries;
			sourceTree = "<group>";
		};
		83CBB9F61A601CBA00E9B192 = {
			isa = PBXGroup;
			children = (
				43A49CF62511F2F400AB8390 /* GoogleService-Info.plist */,
				13B07FAE1A68108700A75B9A /* Pianote2 */,
				832341AE1AAA6A7D00B99B32 /* Libraries */,
				83CBBA001A601CBA00E9B192 /* Products */,
				2D16E6871FA4F8E400B85C8A /* Frameworks */,
				02B72E92A34ECD634D16FCCD /* Pods */,
				6855A6A3EBFA4BC0B89E4A81 /* Resources */,
			);
			indentWidth = 2;
			sourceTree = "<group>";
			tabWidth = 2;
			usesTabs = 0;
		};
		83CBBA001A601CBA00E9B192 /* Products */ = {
			isa = PBXGroup;
			children = (
				13B07F961A680F5B00A75B9A /* Pianote.app */,
			);
			name = Products;
			sourceTree = "<group>";
		};
/* End PBXGroup section */

/* Begin PBXNativeTarget section */
		13B07F861A680F5B00A75B9A /* Pianote2 */ = {
			isa = PBXNativeTarget;
			buildConfigurationList = 13B07F931A680F5B00A75B9A /* Build configuration list for PBXNativeTarget "Pianote2" */;
			buildPhases = (
				25590D65FB089311A295D2E7 /* [CP] Check Pods Manifest.lock */,
				FD10A7F022414F080027D42C /* Start Packager */,
				13B07F871A680F5B00A75B9A /* Sources */,
				13B07F8C1A680F5B00A75B9A /* Frameworks */,
				13B07F8E1A680F5B00A75B9A /* Resources */,
				00DD1BFF1BD5951E006B06BC /* Bundle React Native code and images */,
				84E3E3A9187B711371F22BC6 /* [CP] Copy Pods Resources */,
			);
			buildRules = (
			);
			dependencies = (
			);
			name = Pianote2;
			productName = Pianote2;
			productReference = 13B07F961A680F5B00A75B9A /* Pianote.app */;
			productType = "com.apple.product-type.application";
		};
/* End PBXNativeTarget section */

/* Begin PBXProject section */
		83CBB9F71A601CBA00E9B192 /* Project object */ = {
			isa = PBXProject;
			attributes = {
				LastUpgradeCheck = 940;
				ORGANIZATIONNAME = Facebook;
				TargetAttributes = {
					13B07F861A680F5B00A75B9A = {
						DevelopmentTeam = 7RM4D35J2P;
						ProvisioningStyle = Automatic;
					};
				};
			};
			buildConfigurationList = 83CBB9FA1A601CBA00E9B192 /* Build configuration list for PBXProject "Pianote2" */;
			compatibilityVersion = "Xcode 3.2";
			developmentRegion = English;
			hasScannedForEncodings = 0;
			knownRegions = (
				English,
				en,
				Base,
			);
			mainGroup = 83CBB9F61A601CBA00E9B192;
			productRefGroup = 83CBBA001A601CBA00E9B192 /* Products */;
			projectDirPath = "";
			projectRoot = "";
			targets = (
				13B07F861A680F5B00A75B9A /* Pianote2 */,
			);
		};
/* End PBXProject section */

/* Begin PBXResourcesBuildPhase section */
		13B07F8E1A680F5B00A75B9A /* Resources */ = {
			isa = PBXResourcesBuildPhase;
			buildActionMask = 2147483647;
			files = (
				13B07FBF1A68108700A75B9A /* Images.xcassets in Resources */,
				13B07FBD1A68108700A75B9A /* LaunchScreen.xib in Resources */,
				43A49CF72511F2F400AB8390 /* GoogleService-Info.plist in Resources */,
				7C43CAF3D24E445AAC78BDE9 /* AntDesign.ttf in Resources */,
				B53BCE6BE334418692085604 /* Entypo.ttf in Resources */,
				328A6B3AB0CB447A9AE5C92F /* EvilIcons.ttf in Resources */,
				B2E2D165CB274D8E80A25827 /* Feather.ttf in Resources */,
				3F27200F02174512805FCA92 /* FontAwesome.ttf in Resources */,
				AE4746F856FC4CA7BDE491BD /* FontAwesome5_Brands.ttf in Resources */,
				CC2FB7E2B2E64904B32FCEE2 /* FontAwesome5_Regular.ttf in Resources */,
				AD5537B0AA0D4DFFA6B4C129 /* FontAwesome5_Solid.ttf in Resources */,
				352070A9F48F499D86DA6F46 /* Fontisto.ttf in Resources */,
				91B1794905184E4081E0DDE9 /* Foundation.ttf in Resources */,
				BA22FF3E83DB4A60BEB55B2A /* Ionicons.ttf in Resources */,
				50981FFFF7E14DD1BC45DA08 /* Lora-Regular.ttf in Resources */,
				436173E3961C4A5B8A42938C /* MaterialCommunityIcons.ttf in Resources */,
				3F1C9608559742AC877B6A00 /* MaterialIcons.ttf in Resources */,
				9F6F64C3A89443FFB13FCC4A /* NanumPen.ttf in Resources */,
				26578E49F3684DD396853A3C /* Octicons.ttf in Resources */,
				5A86B9D14A954EBCA0C52FCB /* OpenSans-Bold.ttf in Resources */,
				DFB65FD8A63340969E475AD9 /* OpenSans-BoldItalic.ttf in Resources */,
				6015DAF5B95F46A7911B0C17 /* OpenSans-ExtraBold.ttf in Resources */,
				77C201B2836942AEA8573E61 /* OpenSans-ExtraBoldItalic.ttf in Resources */,
				AA71599238834B0FB70FBCD5 /* OpenSans-Italic.ttf in Resources */,
				73AAD4BB596248C8987CACC8 /* OpenSans-Light.ttf in Resources */,
				596D6F0FDA0741368FD25D89 /* OpenSans-LightItalic.ttf in Resources */,
				1FB75E8694914B589CF3658B /* OpenSans-SemiBold.ttf in Resources */,
				94E429F543FC4B19810B3A8B /* OpenSans-SemiBoldItalic.ttf in Resources */,
				034FF9FB2AAF409396A9D857 /* OpenSans.ttf in Resources */,
				DF1A9DA1C9E24B51B92F0499 /* Roboto-Black.ttf in Resources */,
				ABAE14E55CA547DA86C36BBD /* Roboto-BlackItalic.ttf in Resources */,
				020BA6868D1447CC90FCA7C1 /* Roboto-Bold.ttf in Resources */,
				4D43D3652CF0441F82D1ABA9 /* Roboto-BoldItalic.ttf in Resources */,
				AA562B56A407469192B2E688 /* Roboto-Italic.ttf in Resources */,
				585F20BEFC37415DBD63F24B /* Roboto-Light.ttf in Resources */,
				71894B37E8444EDD9E59D6BC /* Roboto-LightItalic.ttf in Resources */,
				C32CE4745838473C9EC88A96 /* Roboto-Medium.ttf in Resources */,
				4350D4AE253475E30076F8C6 /* main.jsbundle in Resources */,
				B82C237717C44C29AA894DF7 /* Roboto-MediumItalic.ttf in Resources */,
				0EFC9263F3724E8F87DB3A38 /* Roboto-Regular.ttf in Resources */,
				1F11138CBAE14FCC9777D510 /* Roboto-Thin.ttf in Resources */,
				B4B82AA72E654777B46A2BBA /* Roboto-ThinItalic.ttf in Resources */,
				F725962F5FD74A1D81344CA1 /* RobotoCondensed-Bold.ttf in Resources */,
				F9F25C3A40784B83B5EA8D77 /* RobotoCondensed-BoldItalic.ttf in Resources */,
				9E781A5A7B134C32B2CB677D /* RobotoCondensed-Italic.ttf in Resources */,
				E6A44475ECF444C9881F72D0 /* RobotoCondensed-Light.ttf in Resources */,
				5663D71A72F34B14AAC03D76 /* RobotoCondensed-LightItalic.ttf in Resources */,
				38A1CD8860664674A0B8D3CD /* RobotoCondensed-Regular.ttf in Resources */,
				8C29F646773349A98EB3EF9D /* SimpleLineIcons.ttf in Resources */,
				0D235C13FF89402D9ACC3280 /* Zocial.ttf in Resources */,
			);
			runOnlyForDeploymentPostprocessing = 0;
		};
/* End PBXResourcesBuildPhase section */

/* Begin PBXShellScriptBuildPhase section */
		00DD1BFF1BD5951E006B06BC /* Bundle React Native code and images */ = {
			isa = PBXShellScriptBuildPhase;
			buildActionMask = 2147483647;
			files = (
			);
			inputPaths = (
			);
			name = "Bundle React Native code and images";
			outputPaths = (
			);
			runOnlyForDeploymentPostprocessing = 0;
			shellPath = /bin/sh;
			shellScript = "export NODE_BINARY=node\n../node_modules/react-native/scripts/react-native-xcode.sh";
		};
		25590D65FB089311A295D2E7 /* [CP] Check Pods Manifest.lock */ = {
			isa = PBXShellScriptBuildPhase;
			buildActionMask = 2147483647;
			files = (
			);
			inputFileListPaths = (
			);
			inputPaths = (
				"${PODS_PODFILE_DIR_PATH}/Podfile.lock",
				"${PODS_ROOT}/Manifest.lock",
			);
			name = "[CP] Check Pods Manifest.lock";
			outputFileListPaths = (
			);
			outputPaths = (
				"$(DERIVED_FILE_DIR)/Pods-Pianote2-checkManifestLockResult.txt",
			);
			runOnlyForDeploymentPostprocessing = 0;
			shellPath = /bin/sh;
			shellScript = "diff \"${PODS_PODFILE_DIR_PATH}/Podfile.lock\" \"${PODS_ROOT}/Manifest.lock\" > /dev/null\nif [ $? != 0 ] ; then\n    # print error to STDERR\n    echo \"error: The sandbox is not in sync with the Podfile.lock. Run 'pod install' or update your CocoaPods installation.\" >&2\n    exit 1\nfi\n# This output is used by Xcode 'outputs' to avoid re-running this script phase.\necho \"SUCCESS\" > \"${SCRIPT_OUTPUT_FILE_0}\"\n";
			showEnvVarsInLog = 0;
		};
		84E3E3A9187B711371F22BC6 /* [CP] Copy Pods Resources */ = {
			isa = PBXShellScriptBuildPhase;
			buildActionMask = 2147483647;
			files = (
			);
			inputPaths = (
				"${PODS_ROOT}/Target Support Files/Pods-Pianote2/Pods-Pianote2-resources.sh",
				"${PODS_ROOT}/Intercom/Intercom/Intercom.framework/Versions/A/Resources/Intercom.bundle",
				"${PODS_ROOT}/Intercom/Intercom/Intercom.framework/Versions/A/Resources/IntercomTranslations.bundle",
				"${PODS_ROOT}/google-cast-sdk-no-bluetooth/GoogleCastSDK-ios-4.5.0_static/GoogleCast.framework/GoogleCastCoreResources.bundle",
				"${PODS_ROOT}/google-cast-sdk-no-bluetooth/GoogleCastSDK-ios-4.5.0_static/GoogleCast.framework/GoogleCastUIResources.bundle",
			);
			name = "[CP] Copy Pods Resources";
			outputPaths = (
				"${TARGET_BUILD_DIR}/${UNLOCALIZED_RESOURCES_FOLDER_PATH}/Intercom.bundle",
				"${TARGET_BUILD_DIR}/${UNLOCALIZED_RESOURCES_FOLDER_PATH}/IntercomTranslations.bundle",
				"${TARGET_BUILD_DIR}/${UNLOCALIZED_RESOURCES_FOLDER_PATH}/GoogleCastCoreResources.bundle",
				"${TARGET_BUILD_DIR}/${UNLOCALIZED_RESOURCES_FOLDER_PATH}/GoogleCastUIResources.bundle",
			);
			runOnlyForDeploymentPostprocessing = 0;
			shellPath = /bin/sh;
			shellScript = "\"${PODS_ROOT}/Target Support Files/Pods-Pianote2/Pods-Pianote2-resources.sh\"\n";
			showEnvVarsInLog = 0;
		};
		FD10A7F022414F080027D42C /* Start Packager */ = {
			isa = PBXShellScriptBuildPhase;
			buildActionMask = 2147483647;
			files = (
			);
			inputFileListPaths = (
			);
			inputPaths = (
			);
			name = "Start Packager";
			outputFileListPaths = (
			);
			outputPaths = (
			);
			runOnlyForDeploymentPostprocessing = 0;
			shellPath = /bin/sh;
			shellScript = "export RCT_METRO_PORT=\"${RCT_METRO_PORT:=8081}\"\necho \"export RCT_METRO_PORT=${RCT_METRO_PORT}\" > \"${SRCROOT}/../node_modules/react-native/scripts/.packager.env\"\nif [ -z \"${RCT_NO_LAUNCH_PACKAGER+xxx}\" ] ; then\n  if nc -w 5 -z localhost ${RCT_METRO_PORT} ; then\n    if ! curl -s \"http://localhost:${RCT_METRO_PORT}/status\" | grep -q \"packager-status:running\" ; then\n      echo \"Port ${RCT_METRO_PORT} already in use, packager is either not running or not running correctly\"\n      exit 2\n    fi\n  else\n    open \"$SRCROOT/../node_modules/react-native/scripts/launchPackager.command\" || echo \"Can't start packager automatically\"\n  fi\nfi\n";
			showEnvVarsInLog = 0;
		};
/* End PBXShellScriptBuildPhase section */

/* Begin PBXSourcesBuildPhase section */
		13B07F871A680F5B00A75B9A /* Sources */ = {
			isa = PBXSourcesBuildPhase;
			buildActionMask = 2147483647;
			files = (
				13B07FBC1A68108700A75B9A /* AppDelegate.m in Sources */,
				43A49CFA25120A3F00AB8390 /* dummy.swift in Sources */,
				13B07FC11A68108700A75B9A /* main.m in Sources */,
			);
			runOnlyForDeploymentPostprocessing = 0;
		};
/* End PBXSourcesBuildPhase section */

/* Begin PBXVariantGroup section */
		13B07FB11A68108700A75B9A /* LaunchScreen.xib */ = {
			isa = PBXVariantGroup;
			children = (
				13B07FB21A68108700A75B9A /* Base */,
			);
			name = LaunchScreen.xib;
			path = Pianote2;
			sourceTree = "<group>";
		};
/* End PBXVariantGroup section */

/* Begin XCBuildConfiguration section */
		13B07F941A680F5B00A75B9A /* Debug */ = {
			isa = XCBuildConfiguration;
			baseConfigurationReference = 00095D5D0B2707A7A4790318 /* Pods-Pianote2.debug.xcconfig */;
			buildSettings = {
				ASSETCATALOG_COMPILER_APPICON_NAME = AppIcon;
				ASSETCATALOG_COMPILER_LAUNCHIMAGE_NAME = LaunchImage;
				CODE_SIGN_IDENTITY = "iPhone Developer";
				CODE_SIGN_STYLE = Automatic;
				CURRENT_PROJECT_VERSION = 8;
				DEAD_CODE_STRIPPING = NO;
				DEVELOPMENT_TEAM = 7RM4D35J2P;
				INFOPLIST_FILE = Pianote2/Info.plist;
				LD_RUNPATH_SEARCH_PATHS = "$(inherited) @executable_path/Frameworks";
				MARKETING_VERSION = 1.08;
				OTHER_LDFLAGS = (
					"$(inherited)",
					"-ObjC",
					"-lc++",
				);
				PRODUCT_BUNDLE_IDENTIFIER = com.drumeo.PianoteApp;
				PRODUCT_NAME = Pianote;
				PROVISIONING_PROFILE_SPECIFIER = "";
				SWIFT_OBJC_BRIDGING_HEADER = "Pianote2-Bridging-Header.h";
				SWIFT_OPTIMIZATION_LEVEL = "-Onone";
				SWIFT_VERSION = 5.0;
				TARGETED_DEVICE_FAMILY = "1,2";
				VERSIONING_SYSTEM = "apple-generic";
			};
			name = Debug;
		};
		13B07F951A680F5B00A75B9A /* Release */ = {
			isa = XCBuildConfiguration;
			baseConfigurationReference = 0723447D40C06FCD525FDC6E /* Pods-Pianote2.release.xcconfig */;
			buildSettings = {
				ASSETCATALOG_COMPILER_APPICON_NAME = AppIcon;
				ASSETCATALOG_COMPILER_LAUNCHIMAGE_NAME = LaunchImage;
				CODE_SIGN_IDENTITY = "iPhone Developer";
				CODE_SIGN_STYLE = Automatic;
				CURRENT_PROJECT_VERSION = 8;
				DEVELOPMENT_TEAM = 7RM4D35J2P;
				INFOPLIST_FILE = Pianote2/Info.plist;
				LD_RUNPATH_SEARCH_PATHS = "$(inherited) @executable_path/Frameworks";
				MARKETING_VERSION = 1.08;
				OTHER_LDFLAGS = (
					"$(inherited)",
					"-ObjC",
					"-lc++",
				);
				PRODUCT_BUNDLE_IDENTIFIER = com.drumeo.PianoteApp;
				PRODUCT_NAME = Pianote;
				PROVISIONING_PROFILE_SPECIFIER = "";
				SWIFT_OBJC_BRIDGING_HEADER = "Pianote2-Bridging-Header.h";
				SWIFT_VERSION = 5.0;
				TARGETED_DEVICE_FAMILY = "1,2";
				VERSIONING_SYSTEM = "apple-generic";
			};
			name = Release;
		};
		83CBBA201A601CBA00E9B192 /* Debug */ = {
			isa = XCBuildConfiguration;
			buildSettings = {
				ALWAYS_SEARCH_USER_PATHS = NO;
				CLANG_CXX_LANGUAGE_STANDARD = "gnu++0x";
				CLANG_CXX_LIBRARY = "libc++";
				CLANG_ENABLE_MODULES = YES;
				CLANG_ENABLE_OBJC_ARC = YES;
				CLANG_WARN_BLOCK_CAPTURE_AUTORELEASING = YES;
				CLANG_WARN_BOOL_CONVERSION = YES;
				CLANG_WARN_COMMA = YES;
				CLANG_WARN_CONSTANT_CONVERSION = YES;
				CLANG_WARN_DEPRECATED_OBJC_IMPLEMENTATIONS = YES;
				CLANG_WARN_DIRECT_OBJC_ISA_USAGE = YES_ERROR;
				CLANG_WARN_EMPTY_BODY = YES;
				CLANG_WARN_ENUM_CONVERSION = YES;
				CLANG_WARN_INFINITE_RECURSION = YES;
				CLANG_WARN_INT_CONVERSION = YES;
				CLANG_WARN_NON_LITERAL_NULL_CONVERSION = YES;
				CLANG_WARN_OBJC_IMPLICIT_RETAIN_SELF = YES;
				CLANG_WARN_OBJC_LITERAL_CONVERSION = YES;
				CLANG_WARN_OBJC_ROOT_CLASS = YES_ERROR;
				CLANG_WARN_RANGE_LOOP_ANALYSIS = YES;
				CLANG_WARN_STRICT_PROTOTYPES = YES;
				CLANG_WARN_SUSPICIOUS_MOVE = YES;
				CLANG_WARN_UNREACHABLE_CODE = YES;
				CLANG_WARN__DUPLICATE_METHOD_MATCH = YES;
				"CODE_SIGN_IDENTITY[sdk=iphoneos*]" = "iPhone Developer";
				COPY_PHASE_STRIP = NO;
				ENABLE_STRICT_OBJC_MSGSEND = YES;
				ENABLE_TESTABILITY = YES;
				GCC_C_LANGUAGE_STANDARD = gnu99;
				GCC_DYNAMIC_NO_PIC = NO;
				GCC_NO_COMMON_BLOCKS = YES;
				GCC_OPTIMIZATION_LEVEL = 0;
				GCC_PREPROCESSOR_DEFINITIONS = (
					"DEBUG=1",
					"$(inherited)",
				);
				GCC_SYMBOLS_PRIVATE_EXTERN = NO;
				GCC_WARN_64_TO_32_BIT_CONVERSION = YES;
				GCC_WARN_ABOUT_RETURN_TYPE = YES_ERROR;
				GCC_WARN_UNDECLARED_SELECTOR = YES;
				GCC_WARN_UNINITIALIZED_AUTOS = YES_AGGRESSIVE;
				GCC_WARN_UNUSED_FUNCTION = YES;
				GCC_WARN_UNUSED_VARIABLE = YES;
				IPHONEOS_DEPLOYMENT_TARGET = 10.0;
				MTL_ENABLE_DEBUG_INFO = YES;
				ONLY_ACTIVE_ARCH = YES;
				SDKROOT = iphoneos;
			};
			name = Debug;
		};
		83CBBA211A601CBA00E9B192 /* Release */ = {
			isa = XCBuildConfiguration;
			buildSettings = {
				ALWAYS_SEARCH_USER_PATHS = NO;
				CLANG_CXX_LANGUAGE_STANDARD = "gnu++0x";
				CLANG_CXX_LIBRARY = "libc++";
				CLANG_ENABLE_MODULES = YES;
				CLANG_ENABLE_OBJC_ARC = YES;
				CLANG_WARN_BLOCK_CAPTURE_AUTORELEASING = YES;
				CLANG_WARN_BOOL_CONVERSION = YES;
				CLANG_WARN_COMMA = YES;
				CLANG_WARN_CONSTANT_CONVERSION = YES;
				CLANG_WARN_DEPRECATED_OBJC_IMPLEMENTATIONS = YES;
				CLANG_WARN_DIRECT_OBJC_ISA_USAGE = YES_ERROR;
				CLANG_WARN_EMPTY_BODY = YES;
				CLANG_WARN_ENUM_CONVERSION = YES;
				CLANG_WARN_INFINITE_RECURSION = YES;
				CLANG_WARN_INT_CONVERSION = YES;
				CLANG_WARN_NON_LITERAL_NULL_CONVERSION = YES;
				CLANG_WARN_OBJC_IMPLICIT_RETAIN_SELF = YES;
				CLANG_WARN_OBJC_LITERAL_CONVERSION = YES;
				CLANG_WARN_OBJC_ROOT_CLASS = YES_ERROR;
				CLANG_WARN_RANGE_LOOP_ANALYSIS = YES;
				CLANG_WARN_STRICT_PROTOTYPES = YES;
				CLANG_WARN_SUSPICIOUS_MOVE = YES;
				CLANG_WARN_UNREACHABLE_CODE = YES;
				CLANG_WARN__DUPLICATE_METHOD_MATCH = YES;
				"CODE_SIGN_IDENTITY[sdk=iphoneos*]" = "iPhone Developer";
				COPY_PHASE_STRIP = YES;
				ENABLE_NS_ASSERTIONS = NO;
				ENABLE_STRICT_OBJC_MSGSEND = YES;
				GCC_C_LANGUAGE_STANDARD = gnu99;
				GCC_NO_COMMON_BLOCKS = YES;
				GCC_WARN_64_TO_32_BIT_CONVERSION = YES;
				GCC_WARN_ABOUT_RETURN_TYPE = YES_ERROR;
				GCC_WARN_UNDECLARED_SELECTOR = YES;
				GCC_WARN_UNINITIALIZED_AUTOS = YES_AGGRESSIVE;
				GCC_WARN_UNUSED_FUNCTION = YES;
				GCC_WARN_UNUSED_VARIABLE = YES;
				IPHONEOS_DEPLOYMENT_TARGET = 10.0;
				MTL_ENABLE_DEBUG_INFO = NO;
				SDKROOT = iphoneos;
				VALIDATE_PRODUCT = YES;
			};
			name = Release;
		};
/* End XCBuildConfiguration section */

/* Begin XCConfigurationList section */
		13B07F931A680F5B00A75B9A /* Build configuration list for PBXNativeTarget "Pianote2" */ = {
			isa = XCConfigurationList;
			buildConfigurations = (
				13B07F941A680F5B00A75B9A /* Debug */,
				13B07F951A680F5B00A75B9A /* Release */,
			);
			defaultConfigurationIsVisible = 0;
			defaultConfigurationName = Debug;
		};
		83CBB9FA1A601CBA00E9B192 /* Build configuration list for PBXProject "Pianote2" */ = {
			isa = XCConfigurationList;
			buildConfigurations = (
				83CBBA201A601CBA00E9B192 /* Debug */,
				83CBBA211A601CBA00E9B192 /* Release */,
			);
			defaultConfigurationIsVisible = 0;
			defaultConfigurationName = Debug;
		};
/* End XCConfigurationList section */
	};
	rootObject = 83CBB9F71A601CBA00E9B192 /* Project object */;
}
